
Microsoft Visual Studio Solution File, Format Version 12.00
# Visual Studio 14
VisualStudioVersion = 14.0.25420.1
MinimumVisualStudioVersion = 10.0.40219.1
Project("{FAE04EC0-301F-11D3-BF4B-00C04F79EFBC}") = "AutoDI", "AutoDI\AutoDI.csproj", "{712610E5-F444-4A93-9C40-A478CEFA8EE2}"
EndProject
Project("{FAE04EC0-301F-11D3-BF4B-00C04F79EFBC}") = "AutoDI.Fody", "AutoDI.Fody\AutoDI.Fody.csproj", "{2465F5A0-D4FA-4398-AEDA-36C117290BF4}"
EndProject
Project("{FAE04EC0-301F-11D3-BF4B-00C04F79EFBC}") = "AssemblyToProcess", "AssemblyToProcess\AssemblyToProcess.csproj", "{27FC0110-1F2C-402F-812D-D9A65FF3DFC7}"
	ProjectSection(ProjectDependencies) = postProject
		{2465F5A0-D4FA-4398-AEDA-36C117290BF4} = {2465F5A0-D4FA-4398-AEDA-36C117290BF4}
	EndProjectSection
EndProject
Project("{FAE04EC0-301F-11D3-BF4B-00C04F79EFBC}") = "AutoDI.Tests", "AutoDI.Tests\AutoDI.Tests.csproj", "{47947EDA-C588-4F2A-94DB-0AE713F35AA7}"
	ProjectSection(ProjectDependencies) = postProject
		{2465F5A0-D4FA-4398-AEDA-36C117290BF4} = {2465F5A0-D4FA-4398-AEDA-36C117290BF4}
	EndProjectSection
EndProject
Project("{2150E333-8FDC-42A3-9474-1A3956D46DE8}") = "NuGet", "NuGet", "{F83F8524-0472-4640-87A6-82E4058FC032}"
	ProjectSection(SolutionItems) = preProject
		NuGet\build\AutoDI.Fody.nuspec = NuGet\build\AutoDI.Fody.nuspec
	EndProjectSection
EndProject
Project("{2150E333-8FDC-42A3-9474-1A3956D46DE8}") = "Examples", "Examples", "{27881B07-0FEE-49EB-B580-E12F01B8AD70}"
EndProject
Project("{FAE04EC0-301F-11D3-BF4B-00C04F79EFBC}") = "ExampleClasses", "Examples\ExampleClasses\ExampleClasses.csproj", "{BD145C46-C1F5-4D5C-A775-1BAA772512A4}"
EndProject
Project("{FAE04EC0-301F-11D3-BF4B-00C04F79EFBC}") = "StructureMap.Example", "Examples\StructureMap.Example\StructureMap.Example.csproj", "{73AB70AA-1FA9-4283-8C2C-E5E59B7E4B38}"
EndProject
Project("{FAE04EC0-301F-11D3-BF4B-00C04F79EFBC}") = "Autofac.Example", "Examples\Autofac.Example\Autofac.Example.csproj", "{00BF2F6A-93B0-4742-B054-3D5A8C38C688}"
EndProject
Project("{FAE04EC0-301F-11D3-BF4B-00C04F79EFBC}") = "Ninject.Example", "Examples\Ninject.Example\Ninject.Example.csproj", "{306BBC71-06CB-4E7B-9FB8-EAFBE9092870}"
EndProject
Project("{FAE04EC0-301F-11D3-BF4B-00C04F79EFBC}") = "SprintNet.Example", "Examples\SprintNet.Example\SprintNet.Example.csproj", "{FA6AA697-D478-4126-A385-D55C6D23A4EF}"
EndProject
Project("{FAE04EC0-301F-11D3-BF4B-00C04F79EFBC}") = "Unity.Example", "Examples\Unity.Example\Unity.Example.csproj", "{138C13E3-D24A-49FD-9E91-F9E6E49472B7}"
EndProject
Project("{FAE04EC0-301F-11D3-BF4B-00C04F79EFBC}") = "CastleWindsor.Example", "Examples\CastleWindsor.Example\CastleWindsor.Example.csproj", "{CFA3D232-116C-4118-9825-D1892544EF06}"
EndProject
Global
	GlobalSection(SolutionConfigurationPlatforms) = preSolution
		Debug|Any CPU = Debug|Any CPU
		Release|Any CPU = Release|Any CPU
	EndGlobalSection
	GlobalSection(ProjectConfigurationPlatforms) = postSolution
		{712610E5-F444-4A93-9C40-A478CEFA8EE2}.Debug|Any CPU.ActiveCfg = Debug|Any CPU
		{712610E5-F444-4A93-9C40-A478CEFA8EE2}.Debug|Any CPU.Build.0 = Debug|Any CPU
		{712610E5-F444-4A93-9C40-A478CEFA8EE2}.Release|Any CPU.ActiveCfg = Release|Any CPU
		{712610E5-F444-4A93-9C40-A478CEFA8EE2}.Release|Any CPU.Build.0 = Release|Any CPU
		{2465F5A0-D4FA-4398-AEDA-36C117290BF4}.Debug|Any CPU.ActiveCfg = Debug|Any CPU
		{2465F5A0-D4FA-4398-AEDA-36C117290BF4}.Debug|Any CPU.Build.0 = Debug|Any CPU
		{2465F5A0-D4FA-4398-AEDA-36C117290BF4}.Release|Any CPU.ActiveCfg = Release|Any CPU
		{2465F5A0-D4FA-4398-AEDA-36C117290BF4}.Release|Any CPU.Build.0 = Release|Any CPU
		{27FC0110-1F2C-402F-812D-D9A65FF3DFC7}.Debug|Any CPU.ActiveCfg = Debug|Any CPU
		{27FC0110-1F2C-402F-812D-D9A65FF3DFC7}.Debug|Any CPU.Build.0 = Debug|Any CPU
		{27FC0110-1F2C-402F-812D-D9A65FF3DFC7}.Release|Any CPU.ActiveCfg = Release|Any CPU
		{27FC0110-1F2C-402F-812D-D9A65FF3DFC7}.Release|Any CPU.Build.0 = Release|Any CPU
		{47947EDA-C588-4F2A-94DB-0AE713F35AA7}.Debug|Any CPU.ActiveCfg = Debug|Any CPU
		{47947EDA-C588-4F2A-94DB-0AE713F35AA7}.Debug|Any CPU.Build.0 = Debug|Any CPU
		{47947EDA-C588-4F2A-94DB-0AE713F35AA7}.Release|Any CPU.ActiveCfg = Release|Any CPU
		{47947EDA-C588-4F2A-94DB-0AE713F35AA7}.Release|Any CPU.Build.0 = Release|Any CPU
		{BD145C46-C1F5-4D5C-A775-1BAA772512A4}.Debug|Any CPU.ActiveCfg = Debug|Any CPU
		{BD145C46-C1F5-4D5C-A775-1BAA772512A4}.Debug|Any CPU.Build.0 = Debug|Any CPU
		{BD145C46-C1F5-4D5C-A775-1BAA772512A4}.Release|Any CPU.ActiveCfg = Release|Any CPU
		{BD145C46-C1F5-4D5C-A775-1BAA772512A4}.Release|Any CPU.Build.0 = Release|Any CPU
		{73AB70AA-1FA9-4283-8C2C-E5E59B7E4B38}.Debug|Any CPU.ActiveCfg = Debug|Any CPU
		{73AB70AA-1FA9-4283-8C2C-E5E59B7E4B38}.Debug|Any CPU.Build.0 = Debug|Any CPU
		{73AB70AA-1FA9-4283-8C2C-E5E59B7E4B38}.Release|Any CPU.ActiveCfg = Release|Any CPU
		{73AB70AA-1FA9-4283-8C2C-E5E59B7E4B38}.Release|Any CPU.Build.0 = Release|Any CPU
		{00BF2F6A-93B0-4742-B054-3D5A8C38C688}.Debug|Any CPU.ActiveCfg = Debug|Any CPU
		{00BF2F6A-93B0-4742-B054-3D5A8C38C688}.Debug|Any CPU.Build.0 = Debug|Any CPU
		{00BF2F6A-93B0-4742-B054-3D5A8C38C688}.Release|Any CPU.ActiveCfg = Release|Any CPU
		{00BF2F6A-93B0-4742-B054-3D5A8C38C688}.Release|Any CPU.Build.0 = Release|Any CPU
		{306BBC71-06CB-4E7B-9FB8-EAFBE9092870}.Debug|Any CPU.ActiveCfg = Debug|Any CPU
		{306BBC71-06CB-4E7B-9FB8-EAFBE9092870}.Debug|Any CPU.Build.0 = Debug|Any CPU
		{306BBC71-06CB-4E7B-9FB8-EAFBE9092870}.Release|Any CPU.ActiveCfg = Release|Any CPU
		{306BBC71-06CB-4E7B-9FB8-EAFBE9092870}.Release|Any CPU.Build.0 = Release|Any CPU
		{FA6AA697-D478-4126-A385-D55C6D23A4EF}.Debug|Any CPU.ActiveCfg = Debug|Any CPU
		{FA6AA697-D478-4126-A385-D55C6D23A4EF}.Debug|Any CPU.Build.0 = Debug|Any CPU
		{FA6AA697-D478-4126-A385-D55C6D23A4EF}.Release|Any CPU.ActiveCfg = Release|Any CPU
		{FA6AA697-D478-4126-A385-D55C6D23A4EF}.Release|Any CPU.Build.0 = Release|Any CPU
		{138C13E3-D24A-49FD-9E91-F9E6E49472B7}.Debug|Any CPU.ActiveCfg = Debug|Any CPU
		{138C13E3-D24A-49FD-9E91-F9E6E49472B7}.Debug|Any CPU.Build.0 = Debug|Any CPU
		{138C13E3-D24A-49FD-9E91-F9E6E49472B7}.Release|Any CPU.ActiveCfg = Release|Any CPU
		{138C13E3-D24A-49FD-9E91-F9E6E49472B7}.Release|Any CPU.Build.0 = Release|Any CPU
		{CFA3D232-116C-4118-9825-D1892544EF06}.Debug|Any CPU.ActiveCfg = Debug|Any CPU
		{CFA3D232-116C-4118-9825-D1892544EF06}.Debug|Any CPU.Build.0 = Debug|Any CPU
		{CFA3D232-116C-4118-9825-D1892544EF06}.Release|Any CPU.ActiveCfg = Release|Any CPU
		{CFA3D232-116C-4118-9825-D1892544EF06}.Release|Any CPU.Build.0 = Release|Any CPU
	EndGlobalSection
	GlobalSection(SolutionProperties) = preSolution
		HideSolutionNode = FALSE
	EndGlobalSection
	GlobalSection(NestedProjects) = preSolution
		{BD145C46-C1F5-4D5C-A775-1BAA772512A4} = {27881B07-0FEE-49EB-B580-E12F01B8AD70}
		{73AB70AA-1FA9-4283-8C2C-E5E59B7E4B38} = {27881B07-0FEE-49EB-B580-E12F01B8AD70}
		{00BF2F6A-93B0-4742-B054-3D5A8C38C688} = {27881B07-0FEE-49EB-B580-E12F01B8AD70}
		{306BBC71-06CB-4E7B-9FB8-EAFBE9092870} = {27881B07-0FEE-49EB-B580-E12F01B8AD70}
		{FA6AA697-D478-4126-A385-D55C6D23A4EF} = {27881B07-0FEE-49EB-B580-E12F01B8AD70}
		{138C13E3-D24A-49FD-9E91-F9E6E49472B7} = {27881B07-0FEE-49EB-B580-E12F01B8AD70}
		{CFA3D232-116C-4118-9825-D1892544EF06} = {27881B07-0FEE-49EB-B580-E12F01B8AD70}
	EndGlobalSection
EndGlobal
