
Microsoft Visual Studio Solution File, Format Version 12.00
# Visual Studio Version 17
VisualStudioVersion = 17.0.31612.314
MinimumVisualStudioVersion = 10.0.40219.1
Project("{2150E333-8FDC-42A3-9474-1A3956D46DE8}") = "NuGet", "NuGet", "{F83F8524-0472-4640-87A6-82E4058FC032}"
	ProjectSection(SolutionItems) = preProject
		NuGet\AutoDI.AspNetCore\AutoDI.AspNetCore.nuspec = NuGet\AutoDI.AspNetCore\AutoDI.AspNetCore.nuspec
		NuGet\AutoDI.Build\AutoDI.Build.nuspec = NuGet\AutoDI.Build\AutoDI.Build.nuspec
		NuGet\AutoDI.Generator\AutoDI.Generator.nuspec = NuGet\AutoDI.Generator\AutoDI.Generator.nuspec
		NuGet\AutoDI\AutoDI.nuspec = NuGet\AutoDI\AutoDI.nuspec
	EndProjectSection
EndProject
Project("{2150E333-8FDC-42A3-9474-1A3956D46DE8}") = "Solution Items", "Solution Items", "{D03C8A7D-4EAD-413D-9025-A60D75BF9E3E}"
	ProjectSection(SolutionItems) = preProject
		azure-pipelines.yml = azure-pipelines.yml
		BuildLocalNugets.ps1 = BuildLocalNugets.ps1
		.github\workflows\dotnet.yml = .github\workflows\dotnet.yml
		local.testsettings = local.testsettings
		README.md = README.md
		testing.runsettings = testing.runsettings
		NuGet\UpdateNuspecFiles.ps1 = NuGet\UpdateNuspecFiles.ps1
	EndProjectSection
EndProject
Project("{9A19103F-16F7-4668-BE54-9A1E7A4F7556}") = "AutoDI.AssemblyGenerator", "AutoDI.AssemblyGenerator\AutoDI.AssemblyGenerator.csproj", "{8167477F-2716-49C2-AFB5-357E51DF6F9D}"
EndProject
Project("{9A19103F-16F7-4668-BE54-9A1E7A4F7556}") = "AutoDI", "AutoDI\AutoDI.csproj", "{13E2FD78-569F-479A-8AF4-39412A3A9578}"
EndProject
Project("{2150E333-8FDC-42A3-9474-1A3956D46DE8}") = "Icons", "Icons", "{1A6636EB-C26C-4F4D-9644-EC1BD8A725C0}"
	ProjectSection(SolutionItems) = preProject
		Icons\needle.ico = Icons\needle.ico
		Icons\needle.png = Icons\needle.png
	EndProjectSection
EndProject
Project("{9A19103F-16F7-4668-BE54-9A1E7A4F7556}") = "AutoDI.Build.Tests", "AutoDI.Build.Tests\AutoDI.Build.Tests.csproj", "{BE841CC3-5817-4F04-A776-B1A319E216E1}"
EndProject
Project("{9A19103F-16F7-4668-BE54-9A1E7A4F7556}") = "AutoDI.Tests", "AutoDI.Tests\AutoDI.Tests.csproj", "{5B416AE9-F4F2-4C9F-B941-FF1A5042A21D}"
EndProject
Project("{9A19103F-16F7-4668-BE54-9A1E7A4F7556}") = "AutoDI.AspNetCore", "AutoDI.AspNetCore\AutoDI.AspNetCore.csproj", "{EC8FEB67-0EC6-430E-892B-20EFFC47B423}"
EndProject
Project("{9A19103F-16F7-4668-BE54-9A1E7A4F7556}") = "AutoDI.Generator", "AutoDI.Generator\AutoDI.Generator.csproj", "{931F999C-07DD-4CB7-9DCB-657D795857F8}"
EndProject
Project("{9A19103F-16F7-4668-BE54-9A1E7A4F7556}") = "AutoDI.Build", "AutoDI.Build\AutoDI.Build.csproj", "{BAC90B37-E91D-4E13-BE28-DCB0ACD8FEDE}"
EndProject
Global
	GlobalSection(SolutionConfigurationPlatforms) = preSolution
		Debug|Any CPU = Debug|Any CPU
		Release|Any CPU = Release|Any CPU
	EndGlobalSection
	GlobalSection(ProjectConfigurationPlatforms) = postSolution
		{8167477F-2716-49C2-AFB5-357E51DF6F9D}.Debug|Any CPU.ActiveCfg = Debug|Any CPU
		{8167477F-2716-49C2-AFB5-357E51DF6F9D}.Debug|Any CPU.Build.0 = Debug|Any CPU
		{8167477F-2716-49C2-AFB5-357E51DF6F9D}.Release|Any CPU.ActiveCfg = Release|Any CPU
		{8167477F-2716-49C2-AFB5-357E51DF6F9D}.Release|Any CPU.Build.0 = Release|Any CPU
		{13E2FD78-569F-479A-8AF4-39412A3A9578}.Debug|Any CPU.ActiveCfg = Debug|Any CPU
		{13E2FD78-569F-479A-8AF4-39412A3A9578}.Debug|Any CPU.Build.0 = Debug|Any CPU
		{13E2FD78-569F-479A-8AF4-39412A3A9578}.Release|Any CPU.ActiveCfg = Release|Any CPU
		{13E2FD78-569F-479A-8AF4-39412A3A9578}.Release|Any CPU.Build.0 = Release|Any CPU
		{BE841CC3-5817-4F04-A776-B1A319E216E1}.Debug|Any CPU.ActiveCfg = Debug|Any CPU
		{BE841CC3-5817-4F04-A776-B1A319E216E1}.Debug|Any CPU.Build.0 = Debug|Any CPU
		{BE841CC3-5817-4F04-A776-B1A319E216E1}.Release|Any CPU.ActiveCfg = Release|Any CPU
		{BE841CC3-5817-4F04-A776-B1A319E216E1}.Release|Any CPU.Build.0 = Release|Any CPU
		{5B416AE9-F4F2-4C9F-B941-FF1A5042A21D}.Debug|Any CPU.ActiveCfg = Debug|Any CPU
		{5B416AE9-F4F2-4C9F-B941-FF1A5042A21D}.Debug|Any CPU.Build.0 = Debug|Any CPU
		{5B416AE9-F4F2-4C9F-B941-FF1A5042A21D}.Release|Any CPU.ActiveCfg = Release|Any CPU
		{5B416AE9-F4F2-4C9F-B941-FF1A5042A21D}.Release|Any CPU.Build.0 = Release|Any CPU
		{EC8FEB67-0EC6-430E-892B-20EFFC47B423}.Debug|Any CPU.ActiveCfg = Debug|Any CPU
		{EC8FEB67-0EC6-430E-892B-20EFFC47B423}.Debug|Any CPU.Build.0 = Debug|Any CPU
		{EC8FEB67-0EC6-430E-892B-20EFFC47B423}.Release|Any CPU.ActiveCfg = Release|Any CPU
		{EC8FEB67-0EC6-430E-892B-20EFFC47B423}.Release|Any CPU.Build.0 = Release|Any CPU
		{931F999C-07DD-4CB7-9DCB-657D795857F8}.Debug|Any CPU.ActiveCfg = Debug|Any CPU
		{931F999C-07DD-4CB7-9DCB-657D795857F8}.Debug|Any CPU.Build.0 = Debug|Any CPU
		{931F999C-07DD-4CB7-9DCB-657D795857F8}.Release|Any CPU.ActiveCfg = Release|Any CPU
		{931F999C-07DD-4CB7-9DCB-657D795857F8}.Release|Any CPU.Build.0 = Release|Any CPU
		{BAC90B37-E91D-4E13-BE28-DCB0ACD8FEDE}.Debug|Any CPU.ActiveCfg = Debug|Any CPU
		{BAC90B37-E91D-4E13-BE28-DCB0ACD8FEDE}.Debug|Any CPU.Build.0 = Debug|Any CPU
		{BAC90B37-E91D-4E13-BE28-DCB0ACD8FEDE}.Release|Any CPU.ActiveCfg = Release|Any CPU
		{BAC90B37-E91D-4E13-BE28-DCB0ACD8FEDE}.Release|Any CPU.Build.0 = Release|Any CPU
	EndGlobalSection
	GlobalSection(SolutionProperties) = preSolution
		HideSolutionNode = FALSE
	EndGlobalSection
	GlobalSection(NestedProjects) = preSolution
		{1A6636EB-C26C-4F4D-9644-EC1BD8A725C0} = {D03C8A7D-4EAD-413D-9025-A60D75BF9E3E}
	EndGlobalSection
	GlobalSection(ExtensibilityGlobals) = postSolution
		SolutionGuid = {4E3F596C-3D1B-4F27-9F3F-D9D892CF6DE6}
	EndGlobalSection
EndGlobal
