
Microsoft Visual Studio Solution File, Format Version 12.00
# Visual Studio 15
VisualStudioVersion = 15.0.26730.12
MinimumVisualStudioVersion = 10.0.40219.1
Project("{2150E333-8FDC-42A3-9474-1A3956D46DE8}") = "AutoDI", "AutoDI", "{93505DD5-95F9-44D3-B001-FAB9836FA3B6}"
EndProject
Project("{2150E333-8FDC-42A3-9474-1A3956D46DE8}") = "AutoDI.Container", "AutoDI.Container", "{CB47BA35-93A4-4D85-B733-F848D64445D5}"
EndProject
Project("{FAE04EC0-301F-11D3-BF4B-00C04F79EFBC}") = "Console.Framework", "AutoDI.Container\Console.Framework\Console.Framework.csproj", "{8B6E097C-40D9-4BDC-B40B-9822490E5188}"
EndProject
Project("{FAE04EC0-301F-11D3-BF4B-00C04F79EFBC}") = "ExampleClasses", "AutoDI\ExampleClasses\ExampleClasses.csproj", "{BD145C46-C1F5-4D5C-A775-1BAA772512A4}"
EndProject
Project("{FAE04EC0-301F-11D3-BF4B-00C04F79EFBC}") = "Autofac.Example", "AutoDI\Autofac.Example\Autofac.Example.csproj", "{00BF2F6A-93B0-4742-B054-3D5A8C38C688}"
EndProject
Project("{FAE04EC0-301F-11D3-BF4B-00C04F79EFBC}") = "CastleWindsor.Example", "AutoDI\CastleWindsor.Example\CastleWindsor.Example.csproj", "{CFA3D232-116C-4118-9825-D1892544EF06}"
EndProject
Project("{FAE04EC0-301F-11D3-BF4B-00C04F79EFBC}") = "Ninject.Example", "AutoDI\Ninject.Example\Ninject.Example.csproj", "{306BBC71-06CB-4E7B-9FB8-EAFBE9092870}"
EndProject
Project("{FAE04EC0-301F-11D3-BF4B-00C04F79EFBC}") = "SprintNet.Example", "AutoDI\SprintNet.Example\SprintNet.Example.csproj", "{FA6AA697-D478-4126-A385-D55C6D23A4EF}"
EndProject
Project("{FAE04EC0-301F-11D3-BF4B-00C04F79EFBC}") = "StructureMap.Example", "AutoDI\StructureMap.Example\StructureMap.Example.csproj", "{73AB70AA-1FA9-4283-8C2C-E5E59B7E4B38}"
EndProject
Project("{FAE04EC0-301F-11D3-BF4B-00C04F79EFBC}") = "Unity.Example", "AutoDI\Unity.Example\Unity.Example.csproj", "{138C13E3-D24A-49FD-9E91-F9E6E49472B7}"
EndProject
Project("{FAE04EC0-301F-11D3-BF4B-00C04F79EFBC}") = "WPF", "AutoDI.Container\WPF\WPF.csproj", "{4D1A1D45-1DC5-4A80-B4FF-B5DDD2F975F5}"
EndProject
Project("{9A19103F-16F7-4668-BE54-9A1E7A4F7556}") = "Web.NetCore", "AutoDI.Container\Web.NetCore\Web.NetCore.csproj", "{FCCA2BDC-E2FD-414B-9F6A-F378F40D52F3}"
EndProject
Project("{FAE04EC0-301F-11D3-BF4B-00C04F79EFBC}") = "UWP", "AutoDI.Container\UWP\UWP.csproj", "{D7B618E8-6923-4D3E-AE6B-ADBC25580A1F}"
EndProject
Project("{FAE04EC0-301F-11D3-BF4B-00C04F79EFBC}") = "XamarinForms.Android", "AutoDI.Container\XamarinForms\XamarinForms.Android\XamarinForms.Android.csproj", "{CE136556-8598-4BD5-857E-7F085BC5BEBE}"
EndProject
Project("{FAE04EC0-301F-11D3-BF4B-00C04F79EFBC}") = "XamarinForms", "AutoDI.Container\XamarinForms\XamarinForms\XamarinForms.csproj", "{3E249245-09B8-44CC-91D4-CDF69A32C577}"
EndProject
Project("{FAE04EC0-301F-11D3-BF4B-00C04F79EFBC}") = "XamarinForms.UWP", "AutoDI.Container\XamarinForms\XamarinForms.UWP\XamarinForms.UWP.csproj", "{47AA669C-619F-4CBA-A875-4172C6A91072}"
EndProject
Project("{FAE04EC0-301F-11D3-BF4B-00C04F79EFBC}") = "XamarinForms.iOS", "AutoDI.Container\XamarinForms\XamarinForms.iOS\XamarinForms.iOS.csproj", "{21B59EDF-B01F-4654-9584-B5A411808EA8}"
EndProject
Project("{9A19103F-16F7-4668-BE54-9A1E7A4F7556}") = "Console.NetCore", "AutoDI.Container\Console.NetCore\Console.NetCore.csproj", "{69153F74-7EF0-4226-A9C1-2250B3BFBAA4}"
EndProject
Global
	GlobalSection(SolutionConfigurationPlatforms) = preSolution
		Ad-Hoc|Any CPU = Ad-Hoc|Any CPU
		Ad-Hoc|ARM = Ad-Hoc|ARM
		Ad-Hoc|iPhone = Ad-Hoc|iPhone
		Ad-Hoc|iPhoneSimulator = Ad-Hoc|iPhoneSimulator
		Ad-Hoc|x64 = Ad-Hoc|x64
		Ad-Hoc|x86 = Ad-Hoc|x86
		AppStore|Any CPU = AppStore|Any CPU
		AppStore|ARM = AppStore|ARM
		AppStore|iPhone = AppStore|iPhone
		AppStore|iPhoneSimulator = AppStore|iPhoneSimulator
		AppStore|x64 = AppStore|x64
		AppStore|x86 = AppStore|x86
		Debug|Any CPU = Debug|Any CPU
		Debug|ARM = Debug|ARM
		Debug|iPhone = Debug|iPhone
		Debug|iPhoneSimulator = Debug|iPhoneSimulator
		Debug|x64 = Debug|x64
		Debug|x86 = Debug|x86
		Release|Any CPU = Release|Any CPU
		Release|ARM = Release|ARM
		Release|iPhone = Release|iPhone
		Release|iPhoneSimulator = Release|iPhoneSimulator
		Release|x64 = Release|x64
		Release|x86 = Release|x86
	EndGlobalSection
	GlobalSection(ProjectConfigurationPlatforms) = postSolution
		{8B6E097C-40D9-4BDC-B40B-9822490E5188}.Ad-Hoc|Any CPU.ActiveCfg = Release|Any CPU
		{8B6E097C-40D9-4BDC-B40B-9822490E5188}.Ad-Hoc|Any CPU.Build.0 = Release|Any CPU
		{8B6E097C-40D9-4BDC-B40B-9822490E5188}.Ad-Hoc|ARM.ActiveCfg = Release|Any CPU
		{8B6E097C-40D9-4BDC-B40B-9822490E5188}.Ad-Hoc|ARM.Build.0 = Release|Any CPU
		{8B6E097C-40D9-4BDC-B40B-9822490E5188}.Ad-Hoc|iPhone.ActiveCfg = Release|Any CPU
		{8B6E097C-40D9-4BDC-B40B-9822490E5188}.Ad-Hoc|iPhone.Build.0 = Release|Any CPU
		{8B6E097C-40D9-4BDC-B40B-9822490E5188}.Ad-Hoc|iPhoneSimulator.ActiveCfg = Release|Any CPU
		{8B6E097C-40D9-4BDC-B40B-9822490E5188}.Ad-Hoc|iPhoneSimulator.Build.0 = Release|Any CPU
		{8B6E097C-40D9-4BDC-B40B-9822490E5188}.Ad-Hoc|x64.ActiveCfg = Release|Any CPU
		{8B6E097C-40D9-4BDC-B40B-9822490E5188}.Ad-Hoc|x64.Build.0 = Release|Any CPU
		{8B6E097C-40D9-4BDC-B40B-9822490E5188}.Ad-Hoc|x86.ActiveCfg = Release|Any CPU
		{8B6E097C-40D9-4BDC-B40B-9822490E5188}.Ad-Hoc|x86.Build.0 = Release|Any CPU
		{8B6E097C-40D9-4BDC-B40B-9822490E5188}.AppStore|Any CPU.ActiveCfg = Release|Any CPU
		{8B6E097C-40D9-4BDC-B40B-9822490E5188}.AppStore|Any CPU.Build.0 = Release|Any CPU
		{8B6E097C-40D9-4BDC-B40B-9822490E5188}.AppStore|ARM.ActiveCfg = Release|Any CPU
		{8B6E097C-40D9-4BDC-B40B-9822490E5188}.AppStore|ARM.Build.0 = Release|Any CPU
		{8B6E097C-40D9-4BDC-B40B-9822490E5188}.AppStore|iPhone.ActiveCfg = Release|Any CPU
		{8B6E097C-40D9-4BDC-B40B-9822490E5188}.AppStore|iPhone.Build.0 = Release|Any CPU
		{8B6E097C-40D9-4BDC-B40B-9822490E5188}.AppStore|iPhoneSimulator.ActiveCfg = Release|Any CPU
		{8B6E097C-40D9-4BDC-B40B-9822490E5188}.AppStore|iPhoneSimulator.Build.0 = Release|Any CPU
		{8B6E097C-40D9-4BDC-B40B-9822490E5188}.AppStore|x64.ActiveCfg = Release|Any CPU
		{8B6E097C-40D9-4BDC-B40B-9822490E5188}.AppStore|x64.Build.0 = Release|Any CPU
		{8B6E097C-40D9-4BDC-B40B-9822490E5188}.AppStore|x86.ActiveCfg = Release|Any CPU
		{8B6E097C-40D9-4BDC-B40B-9822490E5188}.AppStore|x86.Build.0 = Release|Any CPU
		{8B6E097C-40D9-4BDC-B40B-9822490E5188}.Debug|Any CPU.ActiveCfg = Debug|Any CPU
		{8B6E097C-40D9-4BDC-B40B-9822490E5188}.Debug|Any CPU.Build.0 = Debug|Any CPU
		{8B6E097C-40D9-4BDC-B40B-9822490E5188}.Debug|ARM.ActiveCfg = Debug|Any CPU
		{8B6E097C-40D9-4BDC-B40B-9822490E5188}.Debug|ARM.Build.0 = Debug|Any CPU
		{8B6E097C-40D9-4BDC-B40B-9822490E5188}.Debug|iPhone.ActiveCfg = Debug|Any CPU
		{8B6E097C-40D9-4BDC-B40B-9822490E5188}.Debug|iPhone.Build.0 = Debug|Any CPU
		{8B6E097C-40D9-4BDC-B40B-9822490E5188}.Debug|iPhoneSimulator.ActiveCfg = Debug|Any CPU
		{8B6E097C-40D9-4BDC-B40B-9822490E5188}.Debug|iPhoneSimulator.Build.0 = Debug|Any CPU
		{8B6E097C-40D9-4BDC-B40B-9822490E5188}.Debug|x64.ActiveCfg = Debug|Any CPU
		{8B6E097C-40D9-4BDC-B40B-9822490E5188}.Debug|x64.Build.0 = Debug|Any CPU
		{8B6E097C-40D9-4BDC-B40B-9822490E5188}.Debug|x86.ActiveCfg = Debug|Any CPU
		{8B6E097C-40D9-4BDC-B40B-9822490E5188}.Debug|x86.Build.0 = Debug|Any CPU
		{8B6E097C-40D9-4BDC-B40B-9822490E5188}.Release|Any CPU.ActiveCfg = Release|Any CPU
		{8B6E097C-40D9-4BDC-B40B-9822490E5188}.Release|Any CPU.Build.0 = Release|Any CPU
		{8B6E097C-40D9-4BDC-B40B-9822490E5188}.Release|ARM.ActiveCfg = Release|Any CPU
		{8B6E097C-40D9-4BDC-B40B-9822490E5188}.Release|ARM.Build.0 = Release|Any CPU
		{8B6E097C-40D9-4BDC-B40B-9822490E5188}.Release|iPhone.ActiveCfg = Release|Any CPU
		{8B6E097C-40D9-4BDC-B40B-9822490E5188}.Release|iPhone.Build.0 = Release|Any CPU
		{8B6E097C-40D9-4BDC-B40B-9822490E5188}.Release|iPhoneSimulator.ActiveCfg = Release|Any CPU
		{8B6E097C-40D9-4BDC-B40B-9822490E5188}.Release|iPhoneSimulator.Build.0 = Release|Any CPU
		{8B6E097C-40D9-4BDC-B40B-9822490E5188}.Release|x64.ActiveCfg = Release|Any CPU
		{8B6E097C-40D9-4BDC-B40B-9822490E5188}.Release|x64.Build.0 = Release|Any CPU
		{8B6E097C-40D9-4BDC-B40B-9822490E5188}.Release|x86.ActiveCfg = Release|Any CPU
		{8B6E097C-40D9-4BDC-B40B-9822490E5188}.Release|x86.Build.0 = Release|Any CPU
		{BD145C46-C1F5-4D5C-A775-1BAA772512A4}.Ad-Hoc|Any CPU.ActiveCfg = Release|Any CPU
		{BD145C46-C1F5-4D5C-A775-1BAA772512A4}.Ad-Hoc|ARM.ActiveCfg = Release|Any CPU
		{BD145C46-C1F5-4D5C-A775-1BAA772512A4}.Ad-Hoc|iPhone.ActiveCfg = Release|Any CPU
		{BD145C46-C1F5-4D5C-A775-1BAA772512A4}.Ad-Hoc|iPhoneSimulator.ActiveCfg = Release|Any CPU
		{BD145C46-C1F5-4D5C-A775-1BAA772512A4}.Ad-Hoc|x64.ActiveCfg = Release|Any CPU
		{BD145C46-C1F5-4D5C-A775-1BAA772512A4}.Ad-Hoc|x86.ActiveCfg = Release|Any CPU
		{BD145C46-C1F5-4D5C-A775-1BAA772512A4}.AppStore|Any CPU.ActiveCfg = Release|Any CPU
		{BD145C46-C1F5-4D5C-A775-1BAA772512A4}.AppStore|ARM.ActiveCfg = Release|Any CPU
		{BD145C46-C1F5-4D5C-A775-1BAA772512A4}.AppStore|iPhone.ActiveCfg = Release|Any CPU
		{BD145C46-C1F5-4D5C-A775-1BAA772512A4}.AppStore|iPhoneSimulator.ActiveCfg = Release|Any CPU
		{BD145C46-C1F5-4D5C-A775-1BAA772512A4}.AppStore|x64.ActiveCfg = Release|Any CPU
		{BD145C46-C1F5-4D5C-A775-1BAA772512A4}.AppStore|x86.ActiveCfg = Release|Any CPU
		{BD145C46-C1F5-4D5C-A775-1BAA772512A4}.Debug|Any CPU.ActiveCfg = Debug|Any CPU
		{BD145C46-C1F5-4D5C-A775-1BAA772512A4}.Debug|Any CPU.Build.0 = Debug|Any CPU
		{BD145C46-C1F5-4D5C-A775-1BAA772512A4}.Debug|ARM.ActiveCfg = Debug|Any CPU
		{BD145C46-C1F5-4D5C-A775-1BAA772512A4}.Debug|iPhone.ActiveCfg = Debug|Any CPU
		{BD145C46-C1F5-4D5C-A775-1BAA772512A4}.Debug|iPhoneSimulator.ActiveCfg = Debug|Any CPU
		{BD145C46-C1F5-4D5C-A775-1BAA772512A4}.Debug|x64.ActiveCfg = Debug|Any CPU
		{BD145C46-C1F5-4D5C-A775-1BAA772512A4}.Debug|x86.ActiveCfg = Debug|Any CPU
		{BD145C46-C1F5-4D5C-A775-1BAA772512A4}.Release|Any CPU.ActiveCfg = Release|Any CPU
		{BD145C46-C1F5-4D5C-A775-1BAA772512A4}.Release|Any CPU.Build.0 = Release|Any CPU
		{BD145C46-C1F5-4D5C-A775-1BAA772512A4}.Release|ARM.ActiveCfg = Release|Any CPU
		{BD145C46-C1F5-4D5C-A775-1BAA772512A4}.Release|iPhone.ActiveCfg = Release|Any CPU
		{BD145C46-C1F5-4D5C-A775-1BAA772512A4}.Release|iPhoneSimulator.ActiveCfg = Release|Any CPU
		{BD145C46-C1F5-4D5C-A775-1BAA772512A4}.Release|x64.ActiveCfg = Release|Any CPU
		{BD145C46-C1F5-4D5C-A775-1BAA772512A4}.Release|x86.ActiveCfg = Release|Any CPU
		{00BF2F6A-93B0-4742-B054-3D5A8C38C688}.Ad-Hoc|Any CPU.ActiveCfg = Release|Any CPU
		{00BF2F6A-93B0-4742-B054-3D5A8C38C688}.Ad-Hoc|ARM.ActiveCfg = Release|Any CPU
		{00BF2F6A-93B0-4742-B054-3D5A8C38C688}.Ad-Hoc|iPhone.ActiveCfg = Release|Any CPU
		{00BF2F6A-93B0-4742-B054-3D5A8C38C688}.Ad-Hoc|iPhoneSimulator.ActiveCfg = Release|Any CPU
		{00BF2F6A-93B0-4742-B054-3D5A8C38C688}.Ad-Hoc|x64.ActiveCfg = Release|Any CPU
		{00BF2F6A-93B0-4742-B054-3D5A8C38C688}.Ad-Hoc|x86.ActiveCfg = Release|Any CPU
		{00BF2F6A-93B0-4742-B054-3D5A8C38C688}.AppStore|Any CPU.ActiveCfg = Release|Any CPU
		{00BF2F6A-93B0-4742-B054-3D5A8C38C688}.AppStore|ARM.ActiveCfg = Release|Any CPU
		{00BF2F6A-93B0-4742-B054-3D5A8C38C688}.AppStore|iPhone.ActiveCfg = Release|Any CPU
		{00BF2F6A-93B0-4742-B054-3D5A8C38C688}.AppStore|iPhoneSimulator.ActiveCfg = Release|Any CPU
		{00BF2F6A-93B0-4742-B054-3D5A8C38C688}.AppStore|x64.ActiveCfg = Release|Any CPU
		{00BF2F6A-93B0-4742-B054-3D5A8C38C688}.AppStore|x86.ActiveCfg = Release|Any CPU
		{00BF2F6A-93B0-4742-B054-3D5A8C38C688}.Debug|Any CPU.ActiveCfg = Debug|Any CPU
		{00BF2F6A-93B0-4742-B054-3D5A8C38C688}.Debug|Any CPU.Build.0 = Debug|Any CPU
		{00BF2F6A-93B0-4742-B054-3D5A8C38C688}.Debug|ARM.ActiveCfg = Debug|Any CPU
		{00BF2F6A-93B0-4742-B054-3D5A8C38C688}.Debug|iPhone.ActiveCfg = Debug|Any CPU
		{00BF2F6A-93B0-4742-B054-3D5A8C38C688}.Debug|iPhoneSimulator.ActiveCfg = Debug|Any CPU
		{00BF2F6A-93B0-4742-B054-3D5A8C38C688}.Debug|x64.ActiveCfg = Debug|Any CPU
		{00BF2F6A-93B0-4742-B054-3D5A8C38C688}.Debug|x86.ActiveCfg = Debug|Any CPU
		{00BF2F6A-93B0-4742-B054-3D5A8C38C688}.Release|Any CPU.ActiveCfg = Release|Any CPU
		{00BF2F6A-93B0-4742-B054-3D5A8C38C688}.Release|Any CPU.Build.0 = Release|Any CPU
		{00BF2F6A-93B0-4742-B054-3D5A8C38C688}.Release|ARM.ActiveCfg = Release|Any CPU
		{00BF2F6A-93B0-4742-B054-3D5A8C38C688}.Release|iPhone.ActiveCfg = Release|Any CPU
		{00BF2F6A-93B0-4742-B054-3D5A8C38C688}.Release|iPhoneSimulator.ActiveCfg = Release|Any CPU
		{00BF2F6A-93B0-4742-B054-3D5A8C38C688}.Release|x64.ActiveCfg = Release|Any CPU
		{00BF2F6A-93B0-4742-B054-3D5A8C38C688}.Release|x86.ActiveCfg = Release|Any CPU
		{CFA3D232-116C-4118-9825-D1892544EF06}.Ad-Hoc|Any CPU.ActiveCfg = Release|Any CPU
		{CFA3D232-116C-4118-9825-D1892544EF06}.Ad-Hoc|ARM.ActiveCfg = Release|Any CPU
		{CFA3D232-116C-4118-9825-D1892544EF06}.Ad-Hoc|iPhone.ActiveCfg = Release|Any CPU
		{CFA3D232-116C-4118-9825-D1892544EF06}.Ad-Hoc|iPhoneSimulator.ActiveCfg = Release|Any CPU
		{CFA3D232-116C-4118-9825-D1892544EF06}.Ad-Hoc|x64.ActiveCfg = Release|Any CPU
		{CFA3D232-116C-4118-9825-D1892544EF06}.Ad-Hoc|x86.ActiveCfg = Release|Any CPU
		{CFA3D232-116C-4118-9825-D1892544EF06}.AppStore|Any CPU.ActiveCfg = Release|Any CPU
		{CFA3D232-116C-4118-9825-D1892544EF06}.AppStore|ARM.ActiveCfg = Release|Any CPU
		{CFA3D232-116C-4118-9825-D1892544EF06}.AppStore|iPhone.ActiveCfg = Release|Any CPU
		{CFA3D232-116C-4118-9825-D1892544EF06}.AppStore|iPhoneSimulator.ActiveCfg = Release|Any CPU
		{CFA3D232-116C-4118-9825-D1892544EF06}.AppStore|x64.ActiveCfg = Release|Any CPU
		{CFA3D232-116C-4118-9825-D1892544EF06}.AppStore|x86.ActiveCfg = Release|Any CPU
		{CFA3D232-116C-4118-9825-D1892544EF06}.Debug|Any CPU.ActiveCfg = Debug|Any CPU
		{CFA3D232-116C-4118-9825-D1892544EF06}.Debug|Any CPU.Build.0 = Debug|Any CPU
		{CFA3D232-116C-4118-9825-D1892544EF06}.Debug|ARM.ActiveCfg = Debug|Any CPU
		{CFA3D232-116C-4118-9825-D1892544EF06}.Debug|iPhone.ActiveCfg = Debug|Any CPU
		{CFA3D232-116C-4118-9825-D1892544EF06}.Debug|iPhoneSimulator.ActiveCfg = Debug|Any CPU
		{CFA3D232-116C-4118-9825-D1892544EF06}.Debug|x64.ActiveCfg = Debug|Any CPU
		{CFA3D232-116C-4118-9825-D1892544EF06}.Debug|x86.ActiveCfg = Debug|Any CPU
		{CFA3D232-116C-4118-9825-D1892544EF06}.Release|Any CPU.ActiveCfg = Release|Any CPU
		{CFA3D232-116C-4118-9825-D1892544EF06}.Release|Any CPU.Build.0 = Release|Any CPU
		{CFA3D232-116C-4118-9825-D1892544EF06}.Release|ARM.ActiveCfg = Release|Any CPU
		{CFA3D232-116C-4118-9825-D1892544EF06}.Release|iPhone.ActiveCfg = Release|Any CPU
		{CFA3D232-116C-4118-9825-D1892544EF06}.Release|iPhoneSimulator.ActiveCfg = Release|Any CPU
		{CFA3D232-116C-4118-9825-D1892544EF06}.Release|x64.ActiveCfg = Release|Any CPU
		{CFA3D232-116C-4118-9825-D1892544EF06}.Release|x86.ActiveCfg = Release|Any CPU
		{306BBC71-06CB-4E7B-9FB8-EAFBE9092870}.Ad-Hoc|Any CPU.ActiveCfg = Release|Any CPU
		{306BBC71-06CB-4E7B-9FB8-EAFBE9092870}.Ad-Hoc|ARM.ActiveCfg = Release|Any CPU
		{306BBC71-06CB-4E7B-9FB8-EAFBE9092870}.Ad-Hoc|iPhone.ActiveCfg = Release|Any CPU
		{306BBC71-06CB-4E7B-9FB8-EAFBE9092870}.Ad-Hoc|iPhoneSimulator.ActiveCfg = Release|Any CPU
		{306BBC71-06CB-4E7B-9FB8-EAFBE9092870}.Ad-Hoc|x64.ActiveCfg = Release|Any CPU
		{306BBC71-06CB-4E7B-9FB8-EAFBE9092870}.Ad-Hoc|x86.ActiveCfg = Release|Any CPU
		{306BBC71-06CB-4E7B-9FB8-EAFBE9092870}.AppStore|Any CPU.ActiveCfg = Release|Any CPU
		{306BBC71-06CB-4E7B-9FB8-EAFBE9092870}.AppStore|ARM.ActiveCfg = Release|Any CPU
		{306BBC71-06CB-4E7B-9FB8-EAFBE9092870}.AppStore|iPhone.ActiveCfg = Release|Any CPU
		{306BBC71-06CB-4E7B-9FB8-EAFBE9092870}.AppStore|iPhoneSimulator.ActiveCfg = Release|Any CPU
		{306BBC71-06CB-4E7B-9FB8-EAFBE9092870}.AppStore|x64.ActiveCfg = Release|Any CPU
		{306BBC71-06CB-4E7B-9FB8-EAFBE9092870}.AppStore|x86.ActiveCfg = Release|Any CPU
		{306BBC71-06CB-4E7B-9FB8-EAFBE9092870}.Debug|Any CPU.ActiveCfg = Debug|Any CPU
		{306BBC71-06CB-4E7B-9FB8-EAFBE9092870}.Debug|Any CPU.Build.0 = Debug|Any CPU
		{306BBC71-06CB-4E7B-9FB8-EAFBE9092870}.Debug|ARM.ActiveCfg = Debug|Any CPU
		{306BBC71-06CB-4E7B-9FB8-EAFBE9092870}.Debug|iPhone.ActiveCfg = Debug|Any CPU
		{306BBC71-06CB-4E7B-9FB8-EAFBE9092870}.Debug|iPhoneSimulator.ActiveCfg = Debug|Any CPU
		{306BBC71-06CB-4E7B-9FB8-EAFBE9092870}.Debug|x64.ActiveCfg = Debug|Any CPU
		{306BBC71-06CB-4E7B-9FB8-EAFBE9092870}.Debug|x86.ActiveCfg = Debug|Any CPU
		{306BBC71-06CB-4E7B-9FB8-EAFBE9092870}.Release|Any CPU.ActiveCfg = Release|Any CPU
		{306BBC71-06CB-4E7B-9FB8-EAFBE9092870}.Release|Any CPU.Build.0 = Release|Any CPU
		{306BBC71-06CB-4E7B-9FB8-EAFBE9092870}.Release|ARM.ActiveCfg = Release|Any CPU
		{306BBC71-06CB-4E7B-9FB8-EAFBE9092870}.Release|iPhone.ActiveCfg = Release|Any CPU
		{306BBC71-06CB-4E7B-9FB8-EAFBE9092870}.Release|iPhoneSimulator.ActiveCfg = Release|Any CPU
		{306BBC71-06CB-4E7B-9FB8-EAFBE9092870}.Release|x64.ActiveCfg = Release|Any CPU
		{306BBC71-06CB-4E7B-9FB8-EAFBE9092870}.Release|x86.ActiveCfg = Release|Any CPU
		{FA6AA697-D478-4126-A385-D55C6D23A4EF}.Ad-Hoc|Any CPU.ActiveCfg = Release|Any CPU
		{FA6AA697-D478-4126-A385-D55C6D23A4EF}.Ad-Hoc|ARM.ActiveCfg = Release|Any CPU
		{FA6AA697-D478-4126-A385-D55C6D23A4EF}.Ad-Hoc|iPhone.ActiveCfg = Release|Any CPU
		{FA6AA697-D478-4126-A385-D55C6D23A4EF}.Ad-Hoc|iPhoneSimulator.ActiveCfg = Release|Any CPU
		{FA6AA697-D478-4126-A385-D55C6D23A4EF}.Ad-Hoc|x64.ActiveCfg = Release|Any CPU
		{FA6AA697-D478-4126-A385-D55C6D23A4EF}.Ad-Hoc|x86.ActiveCfg = Release|Any CPU
		{FA6AA697-D478-4126-A385-D55C6D23A4EF}.AppStore|Any CPU.ActiveCfg = Release|Any CPU
		{FA6AA697-D478-4126-A385-D55C6D23A4EF}.AppStore|ARM.ActiveCfg = Release|Any CPU
		{FA6AA697-D478-4126-A385-D55C6D23A4EF}.AppStore|iPhone.ActiveCfg = Release|Any CPU
		{FA6AA697-D478-4126-A385-D55C6D23A4EF}.AppStore|iPhoneSimulator.ActiveCfg = Release|Any CPU
		{FA6AA697-D478-4126-A385-D55C6D23A4EF}.AppStore|x64.ActiveCfg = Release|Any CPU
		{FA6AA697-D478-4126-A385-D55C6D23A4EF}.AppStore|x86.ActiveCfg = Release|Any CPU
		{FA6AA697-D478-4126-A385-D55C6D23A4EF}.Debug|Any CPU.ActiveCfg = Debug|Any CPU
		{FA6AA697-D478-4126-A385-D55C6D23A4EF}.Debug|Any CPU.Build.0 = Debug|Any CPU
		{FA6AA697-D478-4126-A385-D55C6D23A4EF}.Debug|ARM.ActiveCfg = Debug|Any CPU
		{FA6AA697-D478-4126-A385-D55C6D23A4EF}.Debug|iPhone.ActiveCfg = Debug|Any CPU
		{FA6AA697-D478-4126-A385-D55C6D23A4EF}.Debug|iPhoneSimulator.ActiveCfg = Debug|Any CPU
		{FA6AA697-D478-4126-A385-D55C6D23A4EF}.Debug|x64.ActiveCfg = Debug|Any CPU
		{FA6AA697-D478-4126-A385-D55C6D23A4EF}.Debug|x86.ActiveCfg = Debug|Any CPU
		{FA6AA697-D478-4126-A385-D55C6D23A4EF}.Release|Any CPU.ActiveCfg = Release|Any CPU
		{FA6AA697-D478-4126-A385-D55C6D23A4EF}.Release|Any CPU.Build.0 = Release|Any CPU
		{FA6AA697-D478-4126-A385-D55C6D23A4EF}.Release|ARM.ActiveCfg = Release|Any CPU
		{FA6AA697-D478-4126-A385-D55C6D23A4EF}.Release|iPhone.ActiveCfg = Release|Any CPU
		{FA6AA697-D478-4126-A385-D55C6D23A4EF}.Release|iPhoneSimulator.ActiveCfg = Release|Any CPU
		{FA6AA697-D478-4126-A385-D55C6D23A4EF}.Release|x64.ActiveCfg = Release|Any CPU
		{FA6AA697-D478-4126-A385-D55C6D23A4EF}.Release|x86.ActiveCfg = Release|Any CPU
		{73AB70AA-1FA9-4283-8C2C-E5E59B7E4B38}.Ad-Hoc|Any CPU.ActiveCfg = Release|Any CPU
		{73AB70AA-1FA9-4283-8C2C-E5E59B7E4B38}.Ad-Hoc|ARM.ActiveCfg = Release|Any CPU
		{73AB70AA-1FA9-4283-8C2C-E5E59B7E4B38}.Ad-Hoc|iPhone.ActiveCfg = Release|Any CPU
		{73AB70AA-1FA9-4283-8C2C-E5E59B7E4B38}.Ad-Hoc|iPhoneSimulator.ActiveCfg = Release|Any CPU
		{73AB70AA-1FA9-4283-8C2C-E5E59B7E4B38}.Ad-Hoc|x64.ActiveCfg = Release|Any CPU
		{73AB70AA-1FA9-4283-8C2C-E5E59B7E4B38}.Ad-Hoc|x86.ActiveCfg = Release|Any CPU
		{73AB70AA-1FA9-4283-8C2C-E5E59B7E4B38}.AppStore|Any CPU.ActiveCfg = Release|Any CPU
		{73AB70AA-1FA9-4283-8C2C-E5E59B7E4B38}.AppStore|ARM.ActiveCfg = Release|Any CPU
		{73AB70AA-1FA9-4283-8C2C-E5E59B7E4B38}.AppStore|iPhone.ActiveCfg = Release|Any CPU
		{73AB70AA-1FA9-4283-8C2C-E5E59B7E4B38}.AppStore|iPhoneSimulator.ActiveCfg = Release|Any CPU
		{73AB70AA-1FA9-4283-8C2C-E5E59B7E4B38}.AppStore|x64.ActiveCfg = Release|Any CPU
		{73AB70AA-1FA9-4283-8C2C-E5E59B7E4B38}.AppStore|x86.ActiveCfg = Release|Any CPU
		{73AB70AA-1FA9-4283-8C2C-E5E59B7E4B38}.Debug|Any CPU.ActiveCfg = Debug|Any CPU
		{73AB70AA-1FA9-4283-8C2C-E5E59B7E4B38}.Debug|Any CPU.Build.0 = Debug|Any CPU
		{73AB70AA-1FA9-4283-8C2C-E5E59B7E4B38}.Debug|ARM.ActiveCfg = Debug|Any CPU
		{73AB70AA-1FA9-4283-8C2C-E5E59B7E4B38}.Debug|iPhone.ActiveCfg = Debug|Any CPU
		{73AB70AA-1FA9-4283-8C2C-E5E59B7E4B38}.Debug|iPhoneSimulator.ActiveCfg = Debug|Any CPU
		{73AB70AA-1FA9-4283-8C2C-E5E59B7E4B38}.Debug|x64.ActiveCfg = Debug|Any CPU
		{73AB70AA-1FA9-4283-8C2C-E5E59B7E4B38}.Debug|x86.ActiveCfg = Debug|Any CPU
		{73AB70AA-1FA9-4283-8C2C-E5E59B7E4B38}.Release|Any CPU.ActiveCfg = Release|Any CPU
		{73AB70AA-1FA9-4283-8C2C-E5E59B7E4B38}.Release|Any CPU.Build.0 = Release|Any CPU
		{73AB70AA-1FA9-4283-8C2C-E5E59B7E4B38}.Release|ARM.ActiveCfg = Release|Any CPU
		{73AB70AA-1FA9-4283-8C2C-E5E59B7E4B38}.Release|iPhone.ActiveCfg = Release|Any CPU
		{73AB70AA-1FA9-4283-8C2C-E5E59B7E4B38}.Release|iPhoneSimulator.ActiveCfg = Release|Any CPU
		{73AB70AA-1FA9-4283-8C2C-E5E59B7E4B38}.Release|x64.ActiveCfg = Release|Any CPU
		{73AB70AA-1FA9-4283-8C2C-E5E59B7E4B38}.Release|x86.ActiveCfg = Release|Any CPU
		{138C13E3-D24A-49FD-9E91-F9E6E49472B7}.Ad-Hoc|Any CPU.ActiveCfg = Release|Any CPU
		{138C13E3-D24A-49FD-9E91-F9E6E49472B7}.Ad-Hoc|ARM.ActiveCfg = Release|Any CPU
		{138C13E3-D24A-49FD-9E91-F9E6E49472B7}.Ad-Hoc|iPhone.ActiveCfg = Release|Any CPU
		{138C13E3-D24A-49FD-9E91-F9E6E49472B7}.Ad-Hoc|iPhoneSimulator.ActiveCfg = Release|Any CPU
		{138C13E3-D24A-49FD-9E91-F9E6E49472B7}.Ad-Hoc|x64.ActiveCfg = Release|Any CPU
		{138C13E3-D24A-49FD-9E91-F9E6E49472B7}.Ad-Hoc|x86.ActiveCfg = Release|Any CPU
		{138C13E3-D24A-49FD-9E91-F9E6E49472B7}.AppStore|Any CPU.ActiveCfg = Release|Any CPU
		{138C13E3-D24A-49FD-9E91-F9E6E49472B7}.AppStore|ARM.ActiveCfg = Release|Any CPU
		{138C13E3-D24A-49FD-9E91-F9E6E49472B7}.AppStore|iPhone.ActiveCfg = Release|Any CPU
		{138C13E3-D24A-49FD-9E91-F9E6E49472B7}.AppStore|iPhoneSimulator.ActiveCfg = Release|Any CPU
		{138C13E3-D24A-49FD-9E91-F9E6E49472B7}.AppStore|x64.ActiveCfg = Release|Any CPU
		{138C13E3-D24A-49FD-9E91-F9E6E49472B7}.AppStore|x86.ActiveCfg = Release|Any CPU
		{138C13E3-D24A-49FD-9E91-F9E6E49472B7}.Debug|Any CPU.ActiveCfg = Debug|Any CPU
		{138C13E3-D24A-49FD-9E91-F9E6E49472B7}.Debug|Any CPU.Build.0 = Debug|Any CPU
		{138C13E3-D24A-49FD-9E91-F9E6E49472B7}.Debug|ARM.ActiveCfg = Debug|Any CPU
		{138C13E3-D24A-49FD-9E91-F9E6E49472B7}.Debug|iPhone.ActiveCfg = Debug|Any CPU
		{138C13E3-D24A-49FD-9E91-F9E6E49472B7}.Debug|iPhoneSimulator.ActiveCfg = Debug|Any CPU
		{138C13E3-D24A-49FD-9E91-F9E6E49472B7}.Debug|x64.ActiveCfg = Debug|Any CPU
		{138C13E3-D24A-49FD-9E91-F9E6E49472B7}.Debug|x86.ActiveCfg = Debug|Any CPU
		{138C13E3-D24A-49FD-9E91-F9E6E49472B7}.Release|Any CPU.ActiveCfg = Release|Any CPU
		{138C13E3-D24A-49FD-9E91-F9E6E49472B7}.Release|Any CPU.Build.0 = Release|Any CPU
		{138C13E3-D24A-49FD-9E91-F9E6E49472B7}.Release|ARM.ActiveCfg = Release|Any CPU
		{138C13E3-D24A-49FD-9E91-F9E6E49472B7}.Release|iPhone.ActiveCfg = Release|Any CPU
		{138C13E3-D24A-49FD-9E91-F9E6E49472B7}.Release|iPhoneSimulator.ActiveCfg = Release|Any CPU
		{138C13E3-D24A-49FD-9E91-F9E6E49472B7}.Release|x64.ActiveCfg = Release|Any CPU
		{138C13E3-D24A-49FD-9E91-F9E6E49472B7}.Release|x86.ActiveCfg = Release|Any CPU
		{4D1A1D45-1DC5-4A80-B4FF-B5DDD2F975F5}.Ad-Hoc|Any CPU.ActiveCfg = Release|Any CPU
		{4D1A1D45-1DC5-4A80-B4FF-B5DDD2F975F5}.Ad-Hoc|Any CPU.Build.0 = Release|Any CPU
		{4D1A1D45-1DC5-4A80-B4FF-B5DDD2F975F5}.Ad-Hoc|ARM.ActiveCfg = Release|Any CPU
		{4D1A1D45-1DC5-4A80-B4FF-B5DDD2F975F5}.Ad-Hoc|ARM.Build.0 = Release|Any CPU
		{4D1A1D45-1DC5-4A80-B4FF-B5DDD2F975F5}.Ad-Hoc|iPhone.ActiveCfg = Release|Any CPU
		{4D1A1D45-1DC5-4A80-B4FF-B5DDD2F975F5}.Ad-Hoc|iPhone.Build.0 = Release|Any CPU
		{4D1A1D45-1DC5-4A80-B4FF-B5DDD2F975F5}.Ad-Hoc|iPhoneSimulator.ActiveCfg = Release|Any CPU
		{4D1A1D45-1DC5-4A80-B4FF-B5DDD2F975F5}.Ad-Hoc|iPhoneSimulator.Build.0 = Release|Any CPU
		{4D1A1D45-1DC5-4A80-B4FF-B5DDD2F975F5}.Ad-Hoc|x64.ActiveCfg = Release|Any CPU
		{4D1A1D45-1DC5-4A80-B4FF-B5DDD2F975F5}.Ad-Hoc|x64.Build.0 = Release|Any CPU
		{4D1A1D45-1DC5-4A80-B4FF-B5DDD2F975F5}.Ad-Hoc|x86.ActiveCfg = Release|Any CPU
		{4D1A1D45-1DC5-4A80-B4FF-B5DDD2F975F5}.Ad-Hoc|x86.Build.0 = Release|Any CPU
		{4D1A1D45-1DC5-4A80-B4FF-B5DDD2F975F5}.AppStore|Any CPU.ActiveCfg = Release|Any CPU
		{4D1A1D45-1DC5-4A80-B4FF-B5DDD2F975F5}.AppStore|Any CPU.Build.0 = Release|Any CPU
		{4D1A1D45-1DC5-4A80-B4FF-B5DDD2F975F5}.AppStore|ARM.ActiveCfg = Release|Any CPU
		{4D1A1D45-1DC5-4A80-B4FF-B5DDD2F975F5}.AppStore|ARM.Build.0 = Release|Any CPU
		{4D1A1D45-1DC5-4A80-B4FF-B5DDD2F975F5}.AppStore|iPhone.ActiveCfg = Release|Any CPU
		{4D1A1D45-1DC5-4A80-B4FF-B5DDD2F975F5}.AppStore|iPhone.Build.0 = Release|Any CPU
		{4D1A1D45-1DC5-4A80-B4FF-B5DDD2F975F5}.AppStore|iPhoneSimulator.ActiveCfg = Release|Any CPU
		{4D1A1D45-1DC5-4A80-B4FF-B5DDD2F975F5}.AppStore|iPhoneSimulator.Build.0 = Release|Any CPU
		{4D1A1D45-1DC5-4A80-B4FF-B5DDD2F975F5}.AppStore|x64.ActiveCfg = Release|Any CPU
		{4D1A1D45-1DC5-4A80-B4FF-B5DDD2F975F5}.AppStore|x64.Build.0 = Release|Any CPU
		{4D1A1D45-1DC5-4A80-B4FF-B5DDD2F975F5}.AppStore|x86.ActiveCfg = Release|Any CPU
		{4D1A1D45-1DC5-4A80-B4FF-B5DDD2F975F5}.AppStore|x86.Build.0 = Release|Any CPU
		{4D1A1D45-1DC5-4A80-B4FF-B5DDD2F975F5}.Debug|Any CPU.ActiveCfg = Debug|Any CPU
		{4D1A1D45-1DC5-4A80-B4FF-B5DDD2F975F5}.Debug|Any CPU.Build.0 = Debug|Any CPU
		{4D1A1D45-1DC5-4A80-B4FF-B5DDD2F975F5}.Debug|ARM.ActiveCfg = Debug|Any CPU
		{4D1A1D45-1DC5-4A80-B4FF-B5DDD2F975F5}.Debug|ARM.Build.0 = Debug|Any CPU
		{4D1A1D45-1DC5-4A80-B4FF-B5DDD2F975F5}.Debug|iPhone.ActiveCfg = Debug|Any CPU
		{4D1A1D45-1DC5-4A80-B4FF-B5DDD2F975F5}.Debug|iPhone.Build.0 = Debug|Any CPU
		{4D1A1D45-1DC5-4A80-B4FF-B5DDD2F975F5}.Debug|iPhoneSimulator.ActiveCfg = Debug|Any CPU
		{4D1A1D45-1DC5-4A80-B4FF-B5DDD2F975F5}.Debug|iPhoneSimulator.Build.0 = Debug|Any CPU
		{4D1A1D45-1DC5-4A80-B4FF-B5DDD2F975F5}.Debug|x64.ActiveCfg = Debug|Any CPU
		{4D1A1D45-1DC5-4A80-B4FF-B5DDD2F975F5}.Debug|x64.Build.0 = Debug|Any CPU
		{4D1A1D45-1DC5-4A80-B4FF-B5DDD2F975F5}.Debug|x86.ActiveCfg = Debug|Any CPU
		{4D1A1D45-1DC5-4A80-B4FF-B5DDD2F975F5}.Debug|x86.Build.0 = Debug|Any CPU
		{4D1A1D45-1DC5-4A80-B4FF-B5DDD2F975F5}.Release|Any CPU.ActiveCfg = Release|Any CPU
		{4D1A1D45-1DC5-4A80-B4FF-B5DDD2F975F5}.Release|Any CPU.Build.0 = Release|Any CPU
		{4D1A1D45-1DC5-4A80-B4FF-B5DDD2F975F5}.Release|ARM.ActiveCfg = Release|Any CPU
		{4D1A1D45-1DC5-4A80-B4FF-B5DDD2F975F5}.Release|ARM.Build.0 = Release|Any CPU
		{4D1A1D45-1DC5-4A80-B4FF-B5DDD2F975F5}.Release|iPhone.ActiveCfg = Release|Any CPU
		{4D1A1D45-1DC5-4A80-B4FF-B5DDD2F975F5}.Release|iPhone.Build.0 = Release|Any CPU
		{4D1A1D45-1DC5-4A80-B4FF-B5DDD2F975F5}.Release|iPhoneSimulator.ActiveCfg = Release|Any CPU
		{4D1A1D45-1DC5-4A80-B4FF-B5DDD2F975F5}.Release|iPhoneSimulator.Build.0 = Release|Any CPU
		{4D1A1D45-1DC5-4A80-B4FF-B5DDD2F975F5}.Release|x64.ActiveCfg = Release|Any CPU
		{4D1A1D45-1DC5-4A80-B4FF-B5DDD2F975F5}.Release|x64.Build.0 = Release|Any CPU
		{4D1A1D45-1DC5-4A80-B4FF-B5DDD2F975F5}.Release|x86.ActiveCfg = Release|Any CPU
		{4D1A1D45-1DC5-4A80-B4FF-B5DDD2F975F5}.Release|x86.Build.0 = Release|Any CPU
		{FCCA2BDC-E2FD-414B-9F6A-F378F40D52F3}.Ad-Hoc|Any CPU.ActiveCfg = Release|Any CPU
		{FCCA2BDC-E2FD-414B-9F6A-F378F40D52F3}.Ad-Hoc|Any CPU.Build.0 = Release|Any CPU
		{FCCA2BDC-E2FD-414B-9F6A-F378F40D52F3}.Ad-Hoc|ARM.ActiveCfg = Release|Any CPU
		{FCCA2BDC-E2FD-414B-9F6A-F378F40D52F3}.Ad-Hoc|ARM.Build.0 = Release|Any CPU
		{FCCA2BDC-E2FD-414B-9F6A-F378F40D52F3}.Ad-Hoc|iPhone.ActiveCfg = Release|Any CPU
		{FCCA2BDC-E2FD-414B-9F6A-F378F40D52F3}.Ad-Hoc|iPhone.Build.0 = Release|Any CPU
		{FCCA2BDC-E2FD-414B-9F6A-F378F40D52F3}.Ad-Hoc|iPhoneSimulator.ActiveCfg = Release|Any CPU
		{FCCA2BDC-E2FD-414B-9F6A-F378F40D52F3}.Ad-Hoc|iPhoneSimulator.Build.0 = Release|Any CPU
		{FCCA2BDC-E2FD-414B-9F6A-F378F40D52F3}.Ad-Hoc|x64.ActiveCfg = Release|Any CPU
		{FCCA2BDC-E2FD-414B-9F6A-F378F40D52F3}.Ad-Hoc|x64.Build.0 = Release|Any CPU
		{FCCA2BDC-E2FD-414B-9F6A-F378F40D52F3}.Ad-Hoc|x86.ActiveCfg = Release|Any CPU
		{FCCA2BDC-E2FD-414B-9F6A-F378F40D52F3}.Ad-Hoc|x86.Build.0 = Release|Any CPU
		{FCCA2BDC-E2FD-414B-9F6A-F378F40D52F3}.AppStore|Any CPU.ActiveCfg = Release|Any CPU
		{FCCA2BDC-E2FD-414B-9F6A-F378F40D52F3}.AppStore|Any CPU.Build.0 = Release|Any CPU
		{FCCA2BDC-E2FD-414B-9F6A-F378F40D52F3}.AppStore|ARM.ActiveCfg = Release|Any CPU
		{FCCA2BDC-E2FD-414B-9F6A-F378F40D52F3}.AppStore|ARM.Build.0 = Release|Any CPU
		{FCCA2BDC-E2FD-414B-9F6A-F378F40D52F3}.AppStore|iPhone.ActiveCfg = Release|Any CPU
		{FCCA2BDC-E2FD-414B-9F6A-F378F40D52F3}.AppStore|iPhone.Build.0 = Release|Any CPU
		{FCCA2BDC-E2FD-414B-9F6A-F378F40D52F3}.AppStore|iPhoneSimulator.ActiveCfg = Release|Any CPU
		{FCCA2BDC-E2FD-414B-9F6A-F378F40D52F3}.AppStore|iPhoneSimulator.Build.0 = Release|Any CPU
		{FCCA2BDC-E2FD-414B-9F6A-F378F40D52F3}.AppStore|x64.ActiveCfg = Release|Any CPU
		{FCCA2BDC-E2FD-414B-9F6A-F378F40D52F3}.AppStore|x64.Build.0 = Release|Any CPU
		{FCCA2BDC-E2FD-414B-9F6A-F378F40D52F3}.AppStore|x86.ActiveCfg = Release|Any CPU
		{FCCA2BDC-E2FD-414B-9F6A-F378F40D52F3}.AppStore|x86.Build.0 = Release|Any CPU
		{FCCA2BDC-E2FD-414B-9F6A-F378F40D52F3}.Debug|Any CPU.ActiveCfg = Debug|Any CPU
		{FCCA2BDC-E2FD-414B-9F6A-F378F40D52F3}.Debug|Any CPU.Build.0 = Debug|Any CPU
		{FCCA2BDC-E2FD-414B-9F6A-F378F40D52F3}.Debug|ARM.ActiveCfg = Debug|Any CPU
		{FCCA2BDC-E2FD-414B-9F6A-F378F40D52F3}.Debug|ARM.Build.0 = Debug|Any CPU
		{FCCA2BDC-E2FD-414B-9F6A-F378F40D52F3}.Debug|iPhone.ActiveCfg = Debug|Any CPU
		{FCCA2BDC-E2FD-414B-9F6A-F378F40D52F3}.Debug|iPhone.Build.0 = Debug|Any CPU
		{FCCA2BDC-E2FD-414B-9F6A-F378F40D52F3}.Debug|iPhoneSimulator.ActiveCfg = Debug|Any CPU
		{FCCA2BDC-E2FD-414B-9F6A-F378F40D52F3}.Debug|iPhoneSimulator.Build.0 = Debug|Any CPU
		{FCCA2BDC-E2FD-414B-9F6A-F378F40D52F3}.Debug|x64.ActiveCfg = Debug|Any CPU
		{FCCA2BDC-E2FD-414B-9F6A-F378F40D52F3}.Debug|x64.Build.0 = Debug|Any CPU
		{FCCA2BDC-E2FD-414B-9F6A-F378F40D52F3}.Debug|x86.ActiveCfg = Debug|Any CPU
		{FCCA2BDC-E2FD-414B-9F6A-F378F40D52F3}.Debug|x86.Build.0 = Debug|Any CPU
		{FCCA2BDC-E2FD-414B-9F6A-F378F40D52F3}.Release|Any CPU.ActiveCfg = Release|Any CPU
		{FCCA2BDC-E2FD-414B-9F6A-F378F40D52F3}.Release|Any CPU.Build.0 = Release|Any CPU
		{FCCA2BDC-E2FD-414B-9F6A-F378F40D52F3}.Release|ARM.ActiveCfg = Release|Any CPU
		{FCCA2BDC-E2FD-414B-9F6A-F378F40D52F3}.Release|ARM.Build.0 = Release|Any CPU
		{FCCA2BDC-E2FD-414B-9F6A-F378F40D52F3}.Release|iPhone.ActiveCfg = Release|Any CPU
		{FCCA2BDC-E2FD-414B-9F6A-F378F40D52F3}.Release|iPhone.Build.0 = Release|Any CPU
		{FCCA2BDC-E2FD-414B-9F6A-F378F40D52F3}.Release|iPhoneSimulator.ActiveCfg = Release|Any CPU
		{FCCA2BDC-E2FD-414B-9F6A-F378F40D52F3}.Release|iPhoneSimulator.Build.0 = Release|Any CPU
		{FCCA2BDC-E2FD-414B-9F6A-F378F40D52F3}.Release|x64.ActiveCfg = Release|Any CPU
		{FCCA2BDC-E2FD-414B-9F6A-F378F40D52F3}.Release|x64.Build.0 = Release|Any CPU
		{FCCA2BDC-E2FD-414B-9F6A-F378F40D52F3}.Release|x86.ActiveCfg = Release|Any CPU
		{FCCA2BDC-E2FD-414B-9F6A-F378F40D52F3}.Release|x86.Build.0 = Release|Any CPU
		{D7B618E8-6923-4D3E-AE6B-ADBC25580A1F}.Ad-Hoc|Any CPU.ActiveCfg = Release|x64
		{D7B618E8-6923-4D3E-AE6B-ADBC25580A1F}.Ad-Hoc|Any CPU.Build.0 = Release|x64
		{D7B618E8-6923-4D3E-AE6B-ADBC25580A1F}.Ad-Hoc|Any CPU.Deploy.0 = Release|x64
		{D7B618E8-6923-4D3E-AE6B-ADBC25580A1F}.Ad-Hoc|ARM.ActiveCfg = Release|ARM
		{D7B618E8-6923-4D3E-AE6B-ADBC25580A1F}.Ad-Hoc|ARM.Build.0 = Release|ARM
		{D7B618E8-6923-4D3E-AE6B-ADBC25580A1F}.Ad-Hoc|ARM.Deploy.0 = Release|ARM
		{D7B618E8-6923-4D3E-AE6B-ADBC25580A1F}.Ad-Hoc|iPhone.ActiveCfg = Release|x64
		{D7B618E8-6923-4D3E-AE6B-ADBC25580A1F}.Ad-Hoc|iPhone.Build.0 = Release|x64
		{D7B618E8-6923-4D3E-AE6B-ADBC25580A1F}.Ad-Hoc|iPhone.Deploy.0 = Release|x64
		{D7B618E8-6923-4D3E-AE6B-ADBC25580A1F}.Ad-Hoc|iPhoneSimulator.ActiveCfg = Release|x64
		{D7B618E8-6923-4D3E-AE6B-ADBC25580A1F}.Ad-Hoc|iPhoneSimulator.Build.0 = Release|x64
		{D7B618E8-6923-4D3E-AE6B-ADBC25580A1F}.Ad-Hoc|iPhoneSimulator.Deploy.0 = Release|x64
		{D7B618E8-6923-4D3E-AE6B-ADBC25580A1F}.Ad-Hoc|x64.ActiveCfg = Release|x64
		{D7B618E8-6923-4D3E-AE6B-ADBC25580A1F}.Ad-Hoc|x64.Build.0 = Release|x64
		{D7B618E8-6923-4D3E-AE6B-ADBC25580A1F}.Ad-Hoc|x64.Deploy.0 = Release|x64
		{D7B618E8-6923-4D3E-AE6B-ADBC25580A1F}.Ad-Hoc|x86.ActiveCfg = Release|x86
		{D7B618E8-6923-4D3E-AE6B-ADBC25580A1F}.Ad-Hoc|x86.Build.0 = Release|x86
		{D7B618E8-6923-4D3E-AE6B-ADBC25580A1F}.Ad-Hoc|x86.Deploy.0 = Release|x86
		{D7B618E8-6923-4D3E-AE6B-ADBC25580A1F}.AppStore|Any CPU.ActiveCfg = Release|x64
		{D7B618E8-6923-4D3E-AE6B-ADBC25580A1F}.AppStore|Any CPU.Build.0 = Release|x64
		{D7B618E8-6923-4D3E-AE6B-ADBC25580A1F}.AppStore|Any CPU.Deploy.0 = Release|x64
		{D7B618E8-6923-4D3E-AE6B-ADBC25580A1F}.AppStore|ARM.ActiveCfg = Release|ARM
		{D7B618E8-6923-4D3E-AE6B-ADBC25580A1F}.AppStore|ARM.Build.0 = Release|ARM
		{D7B618E8-6923-4D3E-AE6B-ADBC25580A1F}.AppStore|ARM.Deploy.0 = Release|ARM
		{D7B618E8-6923-4D3E-AE6B-ADBC25580A1F}.AppStore|iPhone.ActiveCfg = Release|x64
		{D7B618E8-6923-4D3E-AE6B-ADBC25580A1F}.AppStore|iPhone.Build.0 = Release|x64
		{D7B618E8-6923-4D3E-AE6B-ADBC25580A1F}.AppStore|iPhone.Deploy.0 = Release|x64
		{D7B618E8-6923-4D3E-AE6B-ADBC25580A1F}.AppStore|iPhoneSimulator.ActiveCfg = Release|x64
		{D7B618E8-6923-4D3E-AE6B-ADBC25580A1F}.AppStore|iPhoneSimulator.Build.0 = Release|x64
		{D7B618E8-6923-4D3E-AE6B-ADBC25580A1F}.AppStore|iPhoneSimulator.Deploy.0 = Release|x64
		{D7B618E8-6923-4D3E-AE6B-ADBC25580A1F}.AppStore|x64.ActiveCfg = Release|x64
		{D7B618E8-6923-4D3E-AE6B-ADBC25580A1F}.AppStore|x64.Build.0 = Release|x64
		{D7B618E8-6923-4D3E-AE6B-ADBC25580A1F}.AppStore|x64.Deploy.0 = Release|x64
		{D7B618E8-6923-4D3E-AE6B-ADBC25580A1F}.AppStore|x86.ActiveCfg = Release|x86
		{D7B618E8-6923-4D3E-AE6B-ADBC25580A1F}.AppStore|x86.Build.0 = Release|x86
		{D7B618E8-6923-4D3E-AE6B-ADBC25580A1F}.AppStore|x86.Deploy.0 = Release|x86
		{D7B618E8-6923-4D3E-AE6B-ADBC25580A1F}.Debug|Any CPU.ActiveCfg = Debug|x86
		{D7B618E8-6923-4D3E-AE6B-ADBC25580A1F}.Debug|Any CPU.Build.0 = Debug|x86
		{D7B618E8-6923-4D3E-AE6B-ADBC25580A1F}.Debug|Any CPU.Deploy.0 = Debug|x86
		{D7B618E8-6923-4D3E-AE6B-ADBC25580A1F}.Debug|ARM.ActiveCfg = Debug|ARM
		{D7B618E8-6923-4D3E-AE6B-ADBC25580A1F}.Debug|ARM.Build.0 = Debug|ARM
		{D7B618E8-6923-4D3E-AE6B-ADBC25580A1F}.Debug|ARM.Deploy.0 = Debug|ARM
		{D7B618E8-6923-4D3E-AE6B-ADBC25580A1F}.Debug|iPhone.ActiveCfg = Debug|x86
		{D7B618E8-6923-4D3E-AE6B-ADBC25580A1F}.Debug|iPhoneSimulator.ActiveCfg = Debug|x86
		{D7B618E8-6923-4D3E-AE6B-ADBC25580A1F}.Debug|x64.ActiveCfg = Debug|x64
		{D7B618E8-6923-4D3E-AE6B-ADBC25580A1F}.Debug|x64.Build.0 = Debug|x64
		{D7B618E8-6923-4D3E-AE6B-ADBC25580A1F}.Debug|x64.Deploy.0 = Debug|x64
		{D7B618E8-6923-4D3E-AE6B-ADBC25580A1F}.Debug|x86.ActiveCfg = Debug|x86
		{D7B618E8-6923-4D3E-AE6B-ADBC25580A1F}.Debug|x86.Build.0 = Debug|x86
		{D7B618E8-6923-4D3E-AE6B-ADBC25580A1F}.Debug|x86.Deploy.0 = Debug|x86
		{D7B618E8-6923-4D3E-AE6B-ADBC25580A1F}.Release|Any CPU.ActiveCfg = Release|x86
		{D7B618E8-6923-4D3E-AE6B-ADBC25580A1F}.Release|ARM.ActiveCfg = Release|ARM
		{D7B618E8-6923-4D3E-AE6B-ADBC25580A1F}.Release|ARM.Build.0 = Release|ARM
		{D7B618E8-6923-4D3E-AE6B-ADBC25580A1F}.Release|ARM.Deploy.0 = Release|ARM
		{D7B618E8-6923-4D3E-AE6B-ADBC25580A1F}.Release|iPhone.ActiveCfg = Release|x86
		{D7B618E8-6923-4D3E-AE6B-ADBC25580A1F}.Release|iPhoneSimulator.ActiveCfg = Release|x86
		{D7B618E8-6923-4D3E-AE6B-ADBC25580A1F}.Release|x64.ActiveCfg = Release|x64
		{D7B618E8-6923-4D3E-AE6B-ADBC25580A1F}.Release|x64.Build.0 = Release|x64
		{D7B618E8-6923-4D3E-AE6B-ADBC25580A1F}.Release|x64.Deploy.0 = Release|x64
		{D7B618E8-6923-4D3E-AE6B-ADBC25580A1F}.Release|x86.ActiveCfg = Release|x86
		{D7B618E8-6923-4D3E-AE6B-ADBC25580A1F}.Release|x86.Build.0 = Release|x86
		{D7B618E8-6923-4D3E-AE6B-ADBC25580A1F}.Release|x86.Deploy.0 = Release|x86
		{CE136556-8598-4BD5-857E-7F085BC5BEBE}.Ad-Hoc|Any CPU.ActiveCfg = Release|Any CPU
		{CE136556-8598-4BD5-857E-7F085BC5BEBE}.Ad-Hoc|Any CPU.Build.0 = Release|Any CPU
		{CE136556-8598-4BD5-857E-7F085BC5BEBE}.Ad-Hoc|Any CPU.Deploy.0 = Release|Any CPU
		{CE136556-8598-4BD5-857E-7F085BC5BEBE}.Ad-Hoc|ARM.ActiveCfg = Release|Any CPU
		{CE136556-8598-4BD5-857E-7F085BC5BEBE}.Ad-Hoc|ARM.Build.0 = Release|Any CPU
		{CE136556-8598-4BD5-857E-7F085BC5BEBE}.Ad-Hoc|ARM.Deploy.0 = Release|Any CPU
		{CE136556-8598-4BD5-857E-7F085BC5BEBE}.Ad-Hoc|iPhone.ActiveCfg = Release|Any CPU
		{CE136556-8598-4BD5-857E-7F085BC5BEBE}.Ad-Hoc|iPhone.Build.0 = Release|Any CPU
		{CE136556-8598-4BD5-857E-7F085BC5BEBE}.Ad-Hoc|iPhone.Deploy.0 = Release|Any CPU
		{CE136556-8598-4BD5-857E-7F085BC5BEBE}.Ad-Hoc|iPhoneSimulator.ActiveCfg = Release|Any CPU
		{CE136556-8598-4BD5-857E-7F085BC5BEBE}.Ad-Hoc|iPhoneSimulator.Build.0 = Release|Any CPU
		{CE136556-8598-4BD5-857E-7F085BC5BEBE}.Ad-Hoc|iPhoneSimulator.Deploy.0 = Release|Any CPU
		{CE136556-8598-4BD5-857E-7F085BC5BEBE}.Ad-Hoc|x64.ActiveCfg = Release|Any CPU
		{CE136556-8598-4BD5-857E-7F085BC5BEBE}.Ad-Hoc|x64.Build.0 = Release|Any CPU
		{CE136556-8598-4BD5-857E-7F085BC5BEBE}.Ad-Hoc|x64.Deploy.0 = Release|Any CPU
		{CE136556-8598-4BD5-857E-7F085BC5BEBE}.Ad-Hoc|x86.ActiveCfg = Release|Any CPU
		{CE136556-8598-4BD5-857E-7F085BC5BEBE}.Ad-Hoc|x86.Build.0 = Release|Any CPU
		{CE136556-8598-4BD5-857E-7F085BC5BEBE}.Ad-Hoc|x86.Deploy.0 = Release|Any CPU
		{CE136556-8598-4BD5-857E-7F085BC5BEBE}.AppStore|Any CPU.ActiveCfg = Release|Any CPU
		{CE136556-8598-4BD5-857E-7F085BC5BEBE}.AppStore|Any CPU.Build.0 = Release|Any CPU
		{CE136556-8598-4BD5-857E-7F085BC5BEBE}.AppStore|Any CPU.Deploy.0 = Release|Any CPU
		{CE136556-8598-4BD5-857E-7F085BC5BEBE}.AppStore|ARM.ActiveCfg = Release|Any CPU
		{CE136556-8598-4BD5-857E-7F085BC5BEBE}.AppStore|ARM.Build.0 = Release|Any CPU
		{CE136556-8598-4BD5-857E-7F085BC5BEBE}.AppStore|ARM.Deploy.0 = Release|Any CPU
		{CE136556-8598-4BD5-857E-7F085BC5BEBE}.AppStore|iPhone.ActiveCfg = Release|Any CPU
		{CE136556-8598-4BD5-857E-7F085BC5BEBE}.AppStore|iPhone.Build.0 = Release|Any CPU
		{CE136556-8598-4BD5-857E-7F085BC5BEBE}.AppStore|iPhone.Deploy.0 = Release|Any CPU
		{CE136556-8598-4BD5-857E-7F085BC5BEBE}.AppStore|iPhoneSimulator.ActiveCfg = Release|Any CPU
		{CE136556-8598-4BD5-857E-7F085BC5BEBE}.AppStore|iPhoneSimulator.Build.0 = Release|Any CPU
		{CE136556-8598-4BD5-857E-7F085BC5BEBE}.AppStore|iPhoneSimulator.Deploy.0 = Release|Any CPU
		{CE136556-8598-4BD5-857E-7F085BC5BEBE}.AppStore|x64.ActiveCfg = Release|Any CPU
		{CE136556-8598-4BD5-857E-7F085BC5BEBE}.AppStore|x64.Build.0 = Release|Any CPU
		{CE136556-8598-4BD5-857E-7F085BC5BEBE}.AppStore|x64.Deploy.0 = Release|Any CPU
		{CE136556-8598-4BD5-857E-7F085BC5BEBE}.AppStore|x86.ActiveCfg = Release|Any CPU
		{CE136556-8598-4BD5-857E-7F085BC5BEBE}.AppStore|x86.Build.0 = Release|Any CPU
		{CE136556-8598-4BD5-857E-7F085BC5BEBE}.AppStore|x86.Deploy.0 = Release|Any CPU
		{CE136556-8598-4BD5-857E-7F085BC5BEBE}.Debug|Any CPU.ActiveCfg = Debug|Any CPU
		{CE136556-8598-4BD5-857E-7F085BC5BEBE}.Debug|Any CPU.Build.0 = Debug|Any CPU
		{CE136556-8598-4BD5-857E-7F085BC5BEBE}.Debug|Any CPU.Deploy.0 = Debug|Any CPU
		{CE136556-8598-4BD5-857E-7F085BC5BEBE}.Debug|ARM.ActiveCfg = Debug|Any CPU
		{CE136556-8598-4BD5-857E-7F085BC5BEBE}.Debug|ARM.Build.0 = Debug|Any CPU
		{CE136556-8598-4BD5-857E-7F085BC5BEBE}.Debug|ARM.Deploy.0 = Debug|Any CPU
		{CE136556-8598-4BD5-857E-7F085BC5BEBE}.Debug|iPhone.ActiveCfg = Debug|Any CPU
		{CE136556-8598-4BD5-857E-7F085BC5BEBE}.Debug|iPhone.Build.0 = Debug|Any CPU
		{CE136556-8598-4BD5-857E-7F085BC5BEBE}.Debug|iPhone.Deploy.0 = Debug|Any CPU
		{CE136556-8598-4BD5-857E-7F085BC5BEBE}.Debug|iPhoneSimulator.ActiveCfg = Debug|Any CPU
		{CE136556-8598-4BD5-857E-7F085BC5BEBE}.Debug|iPhoneSimulator.Build.0 = Debug|Any CPU
		{CE136556-8598-4BD5-857E-7F085BC5BEBE}.Debug|iPhoneSimulator.Deploy.0 = Debug|Any CPU
		{CE136556-8598-4BD5-857E-7F085BC5BEBE}.Debug|x64.ActiveCfg = Debug|Any CPU
		{CE136556-8598-4BD5-857E-7F085BC5BEBE}.Debug|x64.Build.0 = Debug|Any CPU
		{CE136556-8598-4BD5-857E-7F085BC5BEBE}.Debug|x64.Deploy.0 = Debug|Any CPU
		{CE136556-8598-4BD5-857E-7F085BC5BEBE}.Debug|x86.ActiveCfg = Debug|Any CPU
		{CE136556-8598-4BD5-857E-7F085BC5BEBE}.Debug|x86.Build.0 = Debug|Any CPU
		{CE136556-8598-4BD5-857E-7F085BC5BEBE}.Debug|x86.Deploy.0 = Debug|Any CPU
		{CE136556-8598-4BD5-857E-7F085BC5BEBE}.Release|Any CPU.ActiveCfg = Release|Any CPU
		{CE136556-8598-4BD5-857E-7F085BC5BEBE}.Release|Any CPU.Build.0 = Release|Any CPU
		{CE136556-8598-4BD5-857E-7F085BC5BEBE}.Release|Any CPU.Deploy.0 = Release|Any CPU
		{CE136556-8598-4BD5-857E-7F085BC5BEBE}.Release|ARM.ActiveCfg = Release|Any CPU
		{CE136556-8598-4BD5-857E-7F085BC5BEBE}.Release|ARM.Build.0 = Release|Any CPU
		{CE136556-8598-4BD5-857E-7F085BC5BEBE}.Release|ARM.Deploy.0 = Release|Any CPU
		{CE136556-8598-4BD5-857E-7F085BC5BEBE}.Release|iPhone.ActiveCfg = Release|Any CPU
		{CE136556-8598-4BD5-857E-7F085BC5BEBE}.Release|iPhone.Build.0 = Release|Any CPU
		{CE136556-8598-4BD5-857E-7F085BC5BEBE}.Release|iPhone.Deploy.0 = Release|Any CPU
		{CE136556-8598-4BD5-857E-7F085BC5BEBE}.Release|iPhoneSimulator.ActiveCfg = Release|Any CPU
		{CE136556-8598-4BD5-857E-7F085BC5BEBE}.Release|iPhoneSimulator.Build.0 = Release|Any CPU
		{CE136556-8598-4BD5-857E-7F085BC5BEBE}.Release|iPhoneSimulator.Deploy.0 = Release|Any CPU
		{CE136556-8598-4BD5-857E-7F085BC5BEBE}.Release|x64.ActiveCfg = Release|Any CPU
		{CE136556-8598-4BD5-857E-7F085BC5BEBE}.Release|x64.Build.0 = Release|Any CPU
		{CE136556-8598-4BD5-857E-7F085BC5BEBE}.Release|x64.Deploy.0 = Release|Any CPU
		{CE136556-8598-4BD5-857E-7F085BC5BEBE}.Release|x86.ActiveCfg = Release|Any CPU
		{CE136556-8598-4BD5-857E-7F085BC5BEBE}.Release|x86.Build.0 = Release|Any CPU
		{CE136556-8598-4BD5-857E-7F085BC5BEBE}.Release|x86.Deploy.0 = Release|Any CPU
		{3E249245-09B8-44CC-91D4-CDF69A32C577}.Ad-Hoc|Any CPU.ActiveCfg = Release|Any CPU
		{3E249245-09B8-44CC-91D4-CDF69A32C577}.Ad-Hoc|Any CPU.Build.0 = Release|Any CPU
		{3E249245-09B8-44CC-91D4-CDF69A32C577}.Ad-Hoc|ARM.ActiveCfg = Release|Any CPU
		{3E249245-09B8-44CC-91D4-CDF69A32C577}.Ad-Hoc|ARM.Build.0 = Release|Any CPU
		{3E249245-09B8-44CC-91D4-CDF69A32C577}.Ad-Hoc|iPhone.ActiveCfg = Release|Any CPU
		{3E249245-09B8-44CC-91D4-CDF69A32C577}.Ad-Hoc|iPhone.Build.0 = Release|Any CPU
		{3E249245-09B8-44CC-91D4-CDF69A32C577}.Ad-Hoc|iPhoneSimulator.ActiveCfg = Release|Any CPU
		{3E249245-09B8-44CC-91D4-CDF69A32C577}.Ad-Hoc|iPhoneSimulator.Build.0 = Release|Any CPU
		{3E249245-09B8-44CC-91D4-CDF69A32C577}.Ad-Hoc|x64.ActiveCfg = Release|Any CPU
		{3E249245-09B8-44CC-91D4-CDF69A32C577}.Ad-Hoc|x64.Build.0 = Release|Any CPU
		{3E249245-09B8-44CC-91D4-CDF69A32C577}.Ad-Hoc|x86.ActiveCfg = Release|Any CPU
		{3E249245-09B8-44CC-91D4-CDF69A32C577}.Ad-Hoc|x86.Build.0 = Release|Any CPU
		{3E249245-09B8-44CC-91D4-CDF69A32C577}.AppStore|Any CPU.ActiveCfg = Release|Any CPU
		{3E249245-09B8-44CC-91D4-CDF69A32C577}.AppStore|Any CPU.Build.0 = Release|Any CPU
		{3E249245-09B8-44CC-91D4-CDF69A32C577}.AppStore|ARM.ActiveCfg = Release|Any CPU
		{3E249245-09B8-44CC-91D4-CDF69A32C577}.AppStore|ARM.Build.0 = Release|Any CPU
		{3E249245-09B8-44CC-91D4-CDF69A32C577}.AppStore|iPhone.ActiveCfg = Release|Any CPU
		{3E249245-09B8-44CC-91D4-CDF69A32C577}.AppStore|iPhone.Build.0 = Release|Any CPU
		{3E249245-09B8-44CC-91D4-CDF69A32C577}.AppStore|iPhoneSimulator.ActiveCfg = Release|Any CPU
		{3E249245-09B8-44CC-91D4-CDF69A32C577}.AppStore|iPhoneSimulator.Build.0 = Release|Any CPU
		{3E249245-09B8-44CC-91D4-CDF69A32C577}.AppStore|x64.ActiveCfg = Release|Any CPU
		{3E249245-09B8-44CC-91D4-CDF69A32C577}.AppStore|x64.Build.0 = Release|Any CPU
		{3E249245-09B8-44CC-91D4-CDF69A32C577}.AppStore|x86.ActiveCfg = Release|Any CPU
		{3E249245-09B8-44CC-91D4-CDF69A32C577}.AppStore|x86.Build.0 = Release|Any CPU
		{3E249245-09B8-44CC-91D4-CDF69A32C577}.Debug|Any CPU.ActiveCfg = Debug|Any CPU
		{3E249245-09B8-44CC-91D4-CDF69A32C577}.Debug|Any CPU.Build.0 = Debug|Any CPU
		{3E249245-09B8-44CC-91D4-CDF69A32C577}.Debug|ARM.ActiveCfg = Debug|Any CPU
		{3E249245-09B8-44CC-91D4-CDF69A32C577}.Debug|ARM.Build.0 = Debug|Any CPU
		{3E249245-09B8-44CC-91D4-CDF69A32C577}.Debug|iPhone.ActiveCfg = Debug|Any CPU
		{3E249245-09B8-44CC-91D4-CDF69A32C577}.Debug|iPhone.Build.0 = Debug|Any CPU
		{3E249245-09B8-44CC-91D4-CDF69A32C577}.Debug|iPhoneSimulator.ActiveCfg = Debug|Any CPU
		{3E249245-09B8-44CC-91D4-CDF69A32C577}.Debug|iPhoneSimulator.Build.0 = Debug|Any CPU
		{3E249245-09B8-44CC-91D4-CDF69A32C577}.Debug|x64.ActiveCfg = Debug|Any CPU
		{3E249245-09B8-44CC-91D4-CDF69A32C577}.Debug|x64.Build.0 = Debug|Any CPU
		{3E249245-09B8-44CC-91D4-CDF69A32C577}.Debug|x86.ActiveCfg = Debug|Any CPU
		{3E249245-09B8-44CC-91D4-CDF69A32C577}.Debug|x86.Build.0 = Debug|Any CPU
		{3E249245-09B8-44CC-91D4-CDF69A32C577}.Release|Any CPU.ActiveCfg = Release|Any CPU
		{3E249245-09B8-44CC-91D4-CDF69A32C577}.Release|Any CPU.Build.0 = Release|Any CPU
		{3E249245-09B8-44CC-91D4-CDF69A32C577}.Release|ARM.ActiveCfg = Release|Any CPU
		{3E249245-09B8-44CC-91D4-CDF69A32C577}.Release|ARM.Build.0 = Release|Any CPU
		{3E249245-09B8-44CC-91D4-CDF69A32C577}.Release|iPhone.ActiveCfg = Release|Any CPU
		{3E249245-09B8-44CC-91D4-CDF69A32C577}.Release|iPhone.Build.0 = Release|Any CPU
		{3E249245-09B8-44CC-91D4-CDF69A32C577}.Release|iPhoneSimulator.ActiveCfg = Release|Any CPU
		{3E249245-09B8-44CC-91D4-CDF69A32C577}.Release|iPhoneSimulator.Build.0 = Release|Any CPU
		{3E249245-09B8-44CC-91D4-CDF69A32C577}.Release|x64.ActiveCfg = Release|Any CPU
		{3E249245-09B8-44CC-91D4-CDF69A32C577}.Release|x64.Build.0 = Release|Any CPU
		{3E249245-09B8-44CC-91D4-CDF69A32C577}.Release|x86.ActiveCfg = Release|Any CPU
		{3E249245-09B8-44CC-91D4-CDF69A32C577}.Release|x86.Build.0 = Release|Any CPU
		{47AA669C-619F-4CBA-A875-4172C6A91072}.Ad-Hoc|Any CPU.ActiveCfg = Release|x86
		{47AA669C-619F-4CBA-A875-4172C6A91072}.Ad-Hoc|Any CPU.Build.0 = Release|x86
		{47AA669C-619F-4CBA-A875-4172C6A91072}.Ad-Hoc|Any CPU.Deploy.0 = Release|x86
		{47AA669C-619F-4CBA-A875-4172C6A91072}.Ad-Hoc|ARM.ActiveCfg = Release|ARM
		{47AA669C-619F-4CBA-A875-4172C6A91072}.Ad-Hoc|ARM.Build.0 = Release|ARM
		{47AA669C-619F-4CBA-A875-4172C6A91072}.Ad-Hoc|ARM.Deploy.0 = Release|ARM
		{47AA669C-619F-4CBA-A875-4172C6A91072}.Ad-Hoc|iPhone.ActiveCfg = Release|x86
		{47AA669C-619F-4CBA-A875-4172C6A91072}.Ad-Hoc|iPhone.Build.0 = Release|x86
		{47AA669C-619F-4CBA-A875-4172C6A91072}.Ad-Hoc|iPhone.Deploy.0 = Release|x86
		{47AA669C-619F-4CBA-A875-4172C6A91072}.Ad-Hoc|iPhoneSimulator.ActiveCfg = Release|x86
		{47AA669C-619F-4CBA-A875-4172C6A91072}.Ad-Hoc|iPhoneSimulator.Build.0 = Release|x86
		{47AA669C-619F-4CBA-A875-4172C6A91072}.Ad-Hoc|iPhoneSimulator.Deploy.0 = Release|x86
		{47AA669C-619F-4CBA-A875-4172C6A91072}.Ad-Hoc|x64.ActiveCfg = Release|x64
		{47AA669C-619F-4CBA-A875-4172C6A91072}.Ad-Hoc|x64.Build.0 = Release|x64
		{47AA669C-619F-4CBA-A875-4172C6A91072}.Ad-Hoc|x64.Deploy.0 = Release|x64
		{47AA669C-619F-4CBA-A875-4172C6A91072}.Ad-Hoc|x86.ActiveCfg = Release|x86
		{47AA669C-619F-4CBA-A875-4172C6A91072}.Ad-Hoc|x86.Build.0 = Release|x86
		{47AA669C-619F-4CBA-A875-4172C6A91072}.Ad-Hoc|x86.Deploy.0 = Release|x86
		{47AA669C-619F-4CBA-A875-4172C6A91072}.AppStore|Any CPU.ActiveCfg = Release|x86
		{47AA669C-619F-4CBA-A875-4172C6A91072}.AppStore|Any CPU.Build.0 = Release|x86
		{47AA669C-619F-4CBA-A875-4172C6A91072}.AppStore|Any CPU.Deploy.0 = Release|x86
		{47AA669C-619F-4CBA-A875-4172C6A91072}.AppStore|ARM.ActiveCfg = Release|ARM
		{47AA669C-619F-4CBA-A875-4172C6A91072}.AppStore|ARM.Build.0 = Release|ARM
		{47AA669C-619F-4CBA-A875-4172C6A91072}.AppStore|ARM.Deploy.0 = Release|ARM
		{47AA669C-619F-4CBA-A875-4172C6A91072}.AppStore|iPhone.ActiveCfg = Release|x86
		{47AA669C-619F-4CBA-A875-4172C6A91072}.AppStore|iPhone.Build.0 = Release|x86
		{47AA669C-619F-4CBA-A875-4172C6A91072}.AppStore|iPhone.Deploy.0 = Release|x86
		{47AA669C-619F-4CBA-A875-4172C6A91072}.AppStore|iPhoneSimulator.ActiveCfg = Release|x86
		{47AA669C-619F-4CBA-A875-4172C6A91072}.AppStore|iPhoneSimulator.Build.0 = Release|x86
		{47AA669C-619F-4CBA-A875-4172C6A91072}.AppStore|iPhoneSimulator.Deploy.0 = Release|x86
		{47AA669C-619F-4CBA-A875-4172C6A91072}.AppStore|x64.ActiveCfg = Release|x64
		{47AA669C-619F-4CBA-A875-4172C6A91072}.AppStore|x64.Build.0 = Release|x64
		{47AA669C-619F-4CBA-A875-4172C6A91072}.AppStore|x64.Deploy.0 = Release|x64
		{47AA669C-619F-4CBA-A875-4172C6A91072}.AppStore|x86.ActiveCfg = Release|x86
		{47AA669C-619F-4CBA-A875-4172C6A91072}.AppStore|x86.Build.0 = Release|x86
		{47AA669C-619F-4CBA-A875-4172C6A91072}.AppStore|x86.Deploy.0 = Release|x86
		{47AA669C-619F-4CBA-A875-4172C6A91072}.Debug|Any CPU.ActiveCfg = Debug|x86
		{47AA669C-619F-4CBA-A875-4172C6A91072}.Debug|Any CPU.Build.0 = Debug|x86
		{47AA669C-619F-4CBA-A875-4172C6A91072}.Debug|Any CPU.Deploy.0 = Debug|x86
		{47AA669C-619F-4CBA-A875-4172C6A91072}.Debug|ARM.ActiveCfg = Debug|ARM
		{47AA669C-619F-4CBA-A875-4172C6A91072}.Debug|ARM.Build.0 = Debug|ARM
		{47AA669C-619F-4CBA-A875-4172C6A91072}.Debug|ARM.Deploy.0 = Debug|ARM
		{47AA669C-619F-4CBA-A875-4172C6A91072}.Debug|iPhone.ActiveCfg = Debug|x86
		{47AA669C-619F-4CBA-A875-4172C6A91072}.Debug|iPhoneSimulator.ActiveCfg = Debug|x86
		{47AA669C-619F-4CBA-A875-4172C6A91072}.Debug|x64.ActiveCfg = Debug|x64
		{47AA669C-619F-4CBA-A875-4172C6A91072}.Debug|x64.Build.0 = Debug|x64
		{47AA669C-619F-4CBA-A875-4172C6A91072}.Debug|x64.Deploy.0 = Debug|x64
		{47AA669C-619F-4CBA-A875-4172C6A91072}.Debug|x86.ActiveCfg = Debug|x86
		{47AA669C-619F-4CBA-A875-4172C6A91072}.Debug|x86.Build.0 = Debug|x86
		{47AA669C-619F-4CBA-A875-4172C6A91072}.Debug|x86.Deploy.0 = Debug|x86
		{47AA669C-619F-4CBA-A875-4172C6A91072}.Release|Any CPU.ActiveCfg = Release|x86
		{47AA669C-619F-4CBA-A875-4172C6A91072}.Release|ARM.ActiveCfg = Release|ARM
		{47AA669C-619F-4CBA-A875-4172C6A91072}.Release|ARM.Build.0 = Release|ARM
		{47AA669C-619F-4CBA-A875-4172C6A91072}.Release|ARM.Deploy.0 = Release|ARM
		{47AA669C-619F-4CBA-A875-4172C6A91072}.Release|iPhone.ActiveCfg = Release|x86
		{47AA669C-619F-4CBA-A875-4172C6A91072}.Release|iPhoneSimulator.ActiveCfg = Release|x86
		{47AA669C-619F-4CBA-A875-4172C6A91072}.Release|x64.ActiveCfg = Release|x64
		{47AA669C-619F-4CBA-A875-4172C6A91072}.Release|x64.Build.0 = Release|x64
		{47AA669C-619F-4CBA-A875-4172C6A91072}.Release|x64.Deploy.0 = Release|x64
		{47AA669C-619F-4CBA-A875-4172C6A91072}.Release|x86.ActiveCfg = Release|x86
		{47AA669C-619F-4CBA-A875-4172C6A91072}.Release|x86.Build.0 = Release|x86
		{47AA669C-619F-4CBA-A875-4172C6A91072}.Release|x86.Deploy.0 = Release|x86
		{21B59EDF-B01F-4654-9584-B5A411808EA8}.Ad-Hoc|Any CPU.ActiveCfg = Ad-Hoc|iPhone
		{21B59EDF-B01F-4654-9584-B5A411808EA8}.Ad-Hoc|ARM.ActiveCfg = Ad-Hoc|iPhone
		{21B59EDF-B01F-4654-9584-B5A411808EA8}.Ad-Hoc|iPhone.ActiveCfg = Ad-Hoc|iPhone
		{21B59EDF-B01F-4654-9584-B5A411808EA8}.Ad-Hoc|iPhone.Build.0 = Ad-Hoc|iPhone
		{21B59EDF-B01F-4654-9584-B5A411808EA8}.Ad-Hoc|iPhoneSimulator.ActiveCfg = Ad-Hoc|iPhoneSimulator
		{21B59EDF-B01F-4654-9584-B5A411808EA8}.Ad-Hoc|iPhoneSimulator.Build.0 = Ad-Hoc|iPhoneSimulator
		{21B59EDF-B01F-4654-9584-B5A411808EA8}.Ad-Hoc|x64.ActiveCfg = Ad-Hoc|iPhone
		{21B59EDF-B01F-4654-9584-B5A411808EA8}.Ad-Hoc|x86.ActiveCfg = Ad-Hoc|iPhone
		{21B59EDF-B01F-4654-9584-B5A411808EA8}.AppStore|Any CPU.ActiveCfg = AppStore|iPhone
		{21B59EDF-B01F-4654-9584-B5A411808EA8}.AppStore|ARM.ActiveCfg = AppStore|iPhone
		{21B59EDF-B01F-4654-9584-B5A411808EA8}.AppStore|iPhone.ActiveCfg = AppStore|iPhone
		{21B59EDF-B01F-4654-9584-B5A411808EA8}.AppStore|iPhone.Build.0 = AppStore|iPhone
		{21B59EDF-B01F-4654-9584-B5A411808EA8}.AppStore|iPhoneSimulator.ActiveCfg = AppStore|iPhoneSimulator
		{21B59EDF-B01F-4654-9584-B5A411808EA8}.AppStore|iPhoneSimulator.Build.0 = AppStore|iPhoneSimulator
		{21B59EDF-B01F-4654-9584-B5A411808EA8}.AppStore|x64.ActiveCfg = AppStore|iPhone
		{21B59EDF-B01F-4654-9584-B5A411808EA8}.AppStore|x86.ActiveCfg = AppStore|iPhone
		{21B59EDF-B01F-4654-9584-B5A411808EA8}.Debug|Any CPU.ActiveCfg = Debug|iPhoneSimulator
		{21B59EDF-B01F-4654-9584-B5A411808EA8}.Debug|Any CPU.Build.0 = Debug|iPhoneSimulator
		{21B59EDF-B01F-4654-9584-B5A411808EA8}.Debug|ARM.ActiveCfg = Debug|iPhone
		{21B59EDF-B01F-4654-9584-B5A411808EA8}.Debug|iPhone.ActiveCfg = Debug|iPhone
		{21B59EDF-B01F-4654-9584-B5A411808EA8}.Debug|iPhone.Build.0 = Debug|iPhone
		{21B59EDF-B01F-4654-9584-B5A411808EA8}.Debug|iPhoneSimulator.ActiveCfg = Debug|iPhoneSimulator
		{21B59EDF-B01F-4654-9584-B5A411808EA8}.Debug|iPhoneSimulator.Build.0 = Debug|iPhoneSimulator
		{21B59EDF-B01F-4654-9584-B5A411808EA8}.Debug|x64.ActiveCfg = Debug|iPhone
		{21B59EDF-B01F-4654-9584-B5A411808EA8}.Debug|x86.ActiveCfg = Debug|iPhone
		{21B59EDF-B01F-4654-9584-B5A411808EA8}.Release|Any CPU.ActiveCfg = Release|iPhone
		{21B59EDF-B01F-4654-9584-B5A411808EA8}.Release|ARM.ActiveCfg = Release|iPhone
		{21B59EDF-B01F-4654-9584-B5A411808EA8}.Release|iPhone.ActiveCfg = Release|iPhone
		{21B59EDF-B01F-4654-9584-B5A411808EA8}.Release|iPhone.Build.0 = Release|iPhone
		{21B59EDF-B01F-4654-9584-B5A411808EA8}.Release|iPhoneSimulator.ActiveCfg = Release|iPhoneSimulator
		{21B59EDF-B01F-4654-9584-B5A411808EA8}.Release|iPhoneSimulator.Build.0 = Release|iPhoneSimulator
		{21B59EDF-B01F-4654-9584-B5A411808EA8}.Release|x64.ActiveCfg = Release|iPhone
		{21B59EDF-B01F-4654-9584-B5A411808EA8}.Release|x86.ActiveCfg = Release|iPhone
		{69153F74-7EF0-4226-A9C1-2250B3BFBAA4}.Ad-Hoc|Any CPU.ActiveCfg = Debug|Any CPU
		{69153F74-7EF0-4226-A9C1-2250B3BFBAA4}.Ad-Hoc|Any CPU.Build.0 = Debug|Any CPU
		{69153F74-7EF0-4226-A9C1-2250B3BFBAA4}.Ad-Hoc|ARM.ActiveCfg = Debug|Any CPU
		{69153F74-7EF0-4226-A9C1-2250B3BFBAA4}.Ad-Hoc|ARM.Build.0 = Debug|Any CPU
		{69153F74-7EF0-4226-A9C1-2250B3BFBAA4}.Ad-Hoc|iPhone.ActiveCfg = Debug|Any CPU
		{69153F74-7EF0-4226-A9C1-2250B3BFBAA4}.Ad-Hoc|iPhone.Build.0 = Debug|Any CPU
		{69153F74-7EF0-4226-A9C1-2250B3BFBAA4}.Ad-Hoc|iPhoneSimulator.ActiveCfg = Debug|Any CPU
		{69153F74-7EF0-4226-A9C1-2250B3BFBAA4}.Ad-Hoc|iPhoneSimulator.Build.0 = Debug|Any CPU
		{69153F74-7EF0-4226-A9C1-2250B3BFBAA4}.Ad-Hoc|x64.ActiveCfg = Debug|Any CPU
		{69153F74-7EF0-4226-A9C1-2250B3BFBAA4}.Ad-Hoc|x64.Build.0 = Debug|Any CPU
		{69153F74-7EF0-4226-A9C1-2250B3BFBAA4}.Ad-Hoc|x86.ActiveCfg = Debug|Any CPU
		{69153F74-7EF0-4226-A9C1-2250B3BFBAA4}.Ad-Hoc|x86.Build.0 = Debug|Any CPU
		{69153F74-7EF0-4226-A9C1-2250B3BFBAA4}.AppStore|Any CPU.ActiveCfg = Debug|Any CPU
		{69153F74-7EF0-4226-A9C1-2250B3BFBAA4}.AppStore|Any CPU.Build.0 = Debug|Any CPU
		{69153F74-7EF0-4226-A9C1-2250B3BFBAA4}.AppStore|ARM.ActiveCfg = Debug|Any CPU
		{69153F74-7EF0-4226-A9C1-2250B3BFBAA4}.AppStore|ARM.Build.0 = Debug|Any CPU
		{69153F74-7EF0-4226-A9C1-2250B3BFBAA4}.AppStore|iPhone.ActiveCfg = Debug|Any CPU
		{69153F74-7EF0-4226-A9C1-2250B3BFBAA4}.AppStore|iPhone.Build.0 = Debug|Any CPU
		{69153F74-7EF0-4226-A9C1-2250B3BFBAA4}.AppStore|iPhoneSimulator.ActiveCfg = Debug|Any CPU
		{69153F74-7EF0-4226-A9C1-2250B3BFBAA4}.AppStore|iPhoneSimulator.Build.0 = Debug|Any CPU
		{69153F74-7EF0-4226-A9C1-2250B3BFBAA4}.AppStore|x64.ActiveCfg = Debug|Any CPU
		{69153F74-7EF0-4226-A9C1-2250B3BFBAA4}.AppStore|x64.Build.0 = Debug|Any CPU
		{69153F74-7EF0-4226-A9C1-2250B3BFBAA4}.AppStore|x86.ActiveCfg = Debug|Any CPU
		{69153F74-7EF0-4226-A9C1-2250B3BFBAA4}.AppStore|x86.Build.0 = Debug|Any CPU
		{69153F74-7EF0-4226-A9C1-2250B3BFBAA4}.Debug|Any CPU.ActiveCfg = Debug|Any CPU
		{69153F74-7EF0-4226-A9C1-2250B3BFBAA4}.Debug|Any CPU.Build.0 = Debug|Any CPU
		{69153F74-7EF0-4226-A9C1-2250B3BFBAA4}.Debug|ARM.ActiveCfg = Debug|Any CPU
		{69153F74-7EF0-4226-A9C1-2250B3BFBAA4}.Debug|ARM.Build.0 = Debug|Any CPU
		{69153F74-7EF0-4226-A9C1-2250B3BFBAA4}.Debug|iPhone.ActiveCfg = Debug|Any CPU
		{69153F74-7EF0-4226-A9C1-2250B3BFBAA4}.Debug|iPhone.Build.0 = Debug|Any CPU
		{69153F74-7EF0-4226-A9C1-2250B3BFBAA4}.Debug|iPhoneSimulator.ActiveCfg = Debug|Any CPU
		{69153F74-7EF0-4226-A9C1-2250B3BFBAA4}.Debug|iPhoneSimulator.Build.0 = Debug|Any CPU
		{69153F74-7EF0-4226-A9C1-2250B3BFBAA4}.Debug|x64.ActiveCfg = Debug|Any CPU
		{69153F74-7EF0-4226-A9C1-2250B3BFBAA4}.Debug|x64.Build.0 = Debug|Any CPU
		{69153F74-7EF0-4226-A9C1-2250B3BFBAA4}.Debug|x86.ActiveCfg = Debug|Any CPU
		{69153F74-7EF0-4226-A9C1-2250B3BFBAA4}.Debug|x86.Build.0 = Debug|Any CPU
		{69153F74-7EF0-4226-A9C1-2250B3BFBAA4}.Release|Any CPU.ActiveCfg = Release|Any CPU
		{69153F74-7EF0-4226-A9C1-2250B3BFBAA4}.Release|Any CPU.Build.0 = Release|Any CPU
		{69153F74-7EF0-4226-A9C1-2250B3BFBAA4}.Release|ARM.ActiveCfg = Release|Any CPU
		{69153F74-7EF0-4226-A9C1-2250B3BFBAA4}.Release|ARM.Build.0 = Release|Any CPU
		{69153F74-7EF0-4226-A9C1-2250B3BFBAA4}.Release|iPhone.ActiveCfg = Release|Any CPU
		{69153F74-7EF0-4226-A9C1-2250B3BFBAA4}.Release|iPhone.Build.0 = Release|Any CPU
		{69153F74-7EF0-4226-A9C1-2250B3BFBAA4}.Release|iPhoneSimulator.ActiveCfg = Release|Any CPU
		{69153F74-7EF0-4226-A9C1-2250B3BFBAA4}.Release|iPhoneSimulator.Build.0 = Release|Any CPU
		{69153F74-7EF0-4226-A9C1-2250B3BFBAA4}.Release|x64.ActiveCfg = Release|Any CPU
		{69153F74-7EF0-4226-A9C1-2250B3BFBAA4}.Release|x64.Build.0 = Release|Any CPU
		{69153F74-7EF0-4226-A9C1-2250B3BFBAA4}.Release|x86.ActiveCfg = Release|Any CPU
		{69153F74-7EF0-4226-A9C1-2250B3BFBAA4}.Release|x86.Build.0 = Release|Any CPU
	EndGlobalSection
	GlobalSection(SolutionProperties) = preSolution
		HideSolutionNode = FALSE
	EndGlobalSection
	GlobalSection(NestedProjects) = preSolution
		{8B6E097C-40D9-4BDC-B40B-9822490E5188} = {CB47BA35-93A4-4D85-B733-F848D64445D5}
		{BD145C46-C1F5-4D5C-A775-1BAA772512A4} = {93505DD5-95F9-44D3-B001-FAB9836FA3B6}
		{00BF2F6A-93B0-4742-B054-3D5A8C38C688} = {93505DD5-95F9-44D3-B001-FAB9836FA3B6}
		{CFA3D232-116C-4118-9825-D1892544EF06} = {93505DD5-95F9-44D3-B001-FAB9836FA3B6}
		{306BBC71-06CB-4E7B-9FB8-EAFBE9092870} = {93505DD5-95F9-44D3-B001-FAB9836FA3B6}
		{FA6AA697-D478-4126-A385-D55C6D23A4EF} = {93505DD5-95F9-44D3-B001-FAB9836FA3B6}
		{73AB70AA-1FA9-4283-8C2C-E5E59B7E4B38} = {93505DD5-95F9-44D3-B001-FAB9836FA3B6}
		{138C13E3-D24A-49FD-9E91-F9E6E49472B7} = {93505DD5-95F9-44D3-B001-FAB9836FA3B6}
		{4D1A1D45-1DC5-4A80-B4FF-B5DDD2F975F5} = {CB47BA35-93A4-4D85-B733-F848D64445D5}
		{FCCA2BDC-E2FD-414B-9F6A-F378F40D52F3} = {CB47BA35-93A4-4D85-B733-F848D64445D5}
		{D7B618E8-6923-4D3E-AE6B-ADBC25580A1F} = {CB47BA35-93A4-4D85-B733-F848D64445D5}
		{CE136556-8598-4BD5-857E-7F085BC5BEBE} = {CB47BA35-93A4-4D85-B733-F848D64445D5}
		{3E249245-09B8-44CC-91D4-CDF69A32C577} = {CB47BA35-93A4-4D85-B733-F848D64445D5}
		{47AA669C-619F-4CBA-A875-4172C6A91072} = {CB47BA35-93A4-4D85-B733-F848D64445D5}
		{21B59EDF-B01F-4654-9584-B5A411808EA8} = {CB47BA35-93A4-4D85-B733-F848D64445D5}
		{69153F74-7EF0-4226-A9C1-2250B3BFBAA4} = {CB47BA35-93A4-4D85-B733-F848D64445D5}
	EndGlobalSection
	GlobalSection(ExtensibilityGlobals) = postSolution
		SolutionGuid = {F8BF3ED7-C33E-4BFB-A247-7EB53F0CCED6}
	EndGlobalSection
EndGlobal
