
Microsoft Visual Studio Solution File, Format Version 12.00
# Visual Studio 15
VisualStudioVersion = 15.0.26730.15
MinimumVisualStudioVersion = 10.0.40219.1
Project("{2150E333-8FDC-42A3-9474-1A3956D46DE8}") = "ThirdParty", "ThirdParty", "{93505DD5-95F9-44D3-B001-FAB9836FA3B6}"
EndProject
Project("{2150E333-8FDC-42A3-9474-1A3956D46DE8}") = "Platforms", "Platforms", "{CB47BA35-93A4-4D85-B733-F848D64445D5}"
EndProject
Project("{FAE04EC0-301F-11D3-BF4B-00C04F79EFBC}") = "Console.Framework", "Platforms\Console.Framework\Console.Framework.csproj", "{8B6E097C-40D9-4BDC-B40B-9822490E5188}"
EndProject
Project("{FAE04EC0-301F-11D3-BF4B-00C04F79EFBC}") = "WPF", "Platforms\WPF\WPF.csproj", "{4D1A1D45-1DC5-4A80-B4FF-B5DDD2F975F5}"
EndProject
Project("{9A19103F-16F7-4668-BE54-9A1E7A4F7556}") = "Web.NetCore", "Platforms\Web.NetCore\Web.NetCore.csproj", "{FCCA2BDC-E2FD-414B-9F6A-F378F40D52F3}"
EndProject
Project("{FAE04EC0-301F-11D3-BF4B-00C04F79EFBC}") = "UWP", "Platforms\UWP\UWP.csproj", "{D7B618E8-6923-4D3E-AE6B-ADBC25580A1F}"
EndProject
Project("{FAE04EC0-301F-11D3-BF4B-00C04F79EFBC}") = "XamarinForms.Android", "Platforms\XamarinForms\XamarinForms.Android\XamarinForms.Android.csproj", "{CE136556-8598-4BD5-857E-7F085BC5BEBE}"
EndProject
Project("{FAE04EC0-301F-11D3-BF4B-00C04F79EFBC}") = "XamarinForms", "Platforms\XamarinForms\XamarinForms\XamarinForms.csproj", "{3E249245-09B8-44CC-91D4-CDF69A32C577}"
EndProject
Project("{FAE04EC0-301F-11D3-BF4B-00C04F79EFBC}") = "XamarinForms.UWP", "Platforms\XamarinForms\XamarinForms.UWP\XamarinForms.UWP.csproj", "{47AA669C-619F-4CBA-A875-4172C6A91072}"
EndProject
Project("{FAE04EC0-301F-11D3-BF4B-00C04F79EFBC}") = "XamarinForms.iOS", "Platforms\XamarinForms\XamarinForms.iOS\XamarinForms.iOS.csproj", "{21B59EDF-B01F-4654-9584-B5A411808EA8}"
EndProject
Project("{9A19103F-16F7-4668-BE54-9A1E7A4F7556}") = "Console.NetCore", "Platforms\Console.NetCore\Console.NetCore.csproj", "{69153F74-7EF0-4226-A9C1-2250B3BFBAA4}"
EndProject
Project("{9A19103F-16F7-4668-BE54-9A1E7A4F7556}") = "StructureMap.Console.Core", "ThirdParty\StructureMap.Console.Core\StructureMap.Console.Core.csproj", "{465ED70E-69BF-4BB3-B81C-97239B0C8727}"
EndProject
Project("{2150E333-8FDC-42A3-9474-1A3956D46DE8}") = "StructureMap", "StructureMap", "{8E92B0C8-2A35-426E-8A79-A09BBE95418E}"
EndProject
Project("{9A19103F-16F7-4668-BE54-9A1E7A4F7556}") = "StructureMap.AutoDI", "..\ThirdParty\StructureMap\StructureMap.AutoDI\StructureMap.AutoDI.csproj", "{D151BF4E-BBAD-4970-8427-6717E98FB688}"
EndProject
Project("{9A19103F-16F7-4668-BE54-9A1E7A4F7556}") = "StructureMap.Microsoft.DependencyInjection", "..\ThirdParty\StructureMap\StructureMap.Microsoft.DependencyInjection\src\StructureMap.Microsoft.DependencyInjection\StructureMap.Microsoft.DependencyInjection.csproj", "{D925DC64-FB8F-4AB8-A4F8-58398C2AFC10}"
EndProject
Project("{2150E333-8FDC-42A3-9474-1A3956D46DE8}") = "Microsoft", "Microsoft", "{7DB65F61-5EB4-464D-BDFD-8B5CC4AC2B08}"
EndProject
Project("{9A19103F-16F7-4668-BE54-9A1E7A4F7556}") = "Microsoft.DependencyInjection.AutoDI", "..\ThirdParty\Microsoft\Microsoft.DependencyInjection.AutoDI\Microsoft.DependencyInjection.AutoDI.csproj", "{4ECC11CE-DB94-4724-9C51-86D4ECE99858}"
EndProject
Project("{9A19103F-16F7-4668-BE54-9A1E7A4F7556}") = "ExampleLib", "ThirdParty\ExampleLib\ExampleLib.csproj", "{7B1E8E63-0979-4FBA-AC29-90D2EB2E2279}"
EndProject
Project("{9A19103F-16F7-4668-BE54-9A1E7A4F7556}") = "Microsoft.Console.Core", "ThirdParty\Microsoft.Console.Core\Microsoft.Console.Core.csproj", "{D48EF432-3258-4F6D-AF7A-247D0F7568C9}"
EndProject
Global
	GlobalSection(SolutionConfigurationPlatforms) = preSolution
		Ad-Hoc|Any CPU = Ad-Hoc|Any CPU
		Ad-Hoc|ARM = Ad-Hoc|ARM
		Ad-Hoc|iPhone = Ad-Hoc|iPhone
		Ad-Hoc|iPhoneSimulator = Ad-Hoc|iPhoneSimulator
		Ad-Hoc|x64 = Ad-Hoc|x64
		Ad-Hoc|x86 = Ad-Hoc|x86
		AppStore|Any CPU = AppStore|Any CPU
		AppStore|ARM = AppStore|ARM
		AppStore|iPhone = AppStore|iPhone
		AppStore|iPhoneSimulator = AppStore|iPhoneSimulator
		AppStore|x64 = AppStore|x64
		AppStore|x86 = AppStore|x86
		Debug|Any CPU = Debug|Any CPU
		Debug|ARM = Debug|ARM
		Debug|iPhone = Debug|iPhone
		Debug|iPhoneSimulator = Debug|iPhoneSimulator
		Debug|x64 = Debug|x64
		Debug|x86 = Debug|x86
		Release|Any CPU = Release|Any CPU
		Release|ARM = Release|ARM
		Release|iPhone = Release|iPhone
		Release|iPhoneSimulator = Release|iPhoneSimulator
		Release|x64 = Release|x64
		Release|x86 = Release|x86
	EndGlobalSection
	GlobalSection(ProjectConfigurationPlatforms) = postSolution
		{8B6E097C-40D9-4BDC-B40B-9822490E5188}.Ad-Hoc|Any CPU.ActiveCfg = Release|Any CPU
		{8B6E097C-40D9-4BDC-B40B-9822490E5188}.Ad-Hoc|Any CPU.Build.0 = Release|Any CPU
		{8B6E097C-40D9-4BDC-B40B-9822490E5188}.Ad-Hoc|ARM.ActiveCfg = Release|Any CPU
		{8B6E097C-40D9-4BDC-B40B-9822490E5188}.Ad-Hoc|ARM.Build.0 = Release|Any CPU
		{8B6E097C-40D9-4BDC-B40B-9822490E5188}.Ad-Hoc|iPhone.ActiveCfg = Release|Any CPU
		{8B6E097C-40D9-4BDC-B40B-9822490E5188}.Ad-Hoc|iPhone.Build.0 = Release|Any CPU
		{8B6E097C-40D9-4BDC-B40B-9822490E5188}.Ad-Hoc|iPhoneSimulator.ActiveCfg = Release|Any CPU
		{8B6E097C-40D9-4BDC-B40B-9822490E5188}.Ad-Hoc|iPhoneSimulator.Build.0 = Release|Any CPU
		{8B6E097C-40D9-4BDC-B40B-9822490E5188}.Ad-Hoc|x64.ActiveCfg = Release|Any CPU
		{8B6E097C-40D9-4BDC-B40B-9822490E5188}.Ad-Hoc|x64.Build.0 = Release|Any CPU
		{8B6E097C-40D9-4BDC-B40B-9822490E5188}.Ad-Hoc|x86.ActiveCfg = Release|Any CPU
		{8B6E097C-40D9-4BDC-B40B-9822490E5188}.Ad-Hoc|x86.Build.0 = Release|Any CPU
		{8B6E097C-40D9-4BDC-B40B-9822490E5188}.AppStore|Any CPU.ActiveCfg = Release|Any CPU
		{8B6E097C-40D9-4BDC-B40B-9822490E5188}.AppStore|Any CPU.Build.0 = Release|Any CPU
		{8B6E097C-40D9-4BDC-B40B-9822490E5188}.AppStore|ARM.ActiveCfg = Release|Any CPU
		{8B6E097C-40D9-4BDC-B40B-9822490E5188}.AppStore|ARM.Build.0 = Release|Any CPU
		{8B6E097C-40D9-4BDC-B40B-9822490E5188}.AppStore|iPhone.ActiveCfg = Release|Any CPU
		{8B6E097C-40D9-4BDC-B40B-9822490E5188}.AppStore|iPhone.Build.0 = Release|Any CPU
		{8B6E097C-40D9-4BDC-B40B-9822490E5188}.AppStore|iPhoneSimulator.ActiveCfg = Release|Any CPU
		{8B6E097C-40D9-4BDC-B40B-9822490E5188}.AppStore|iPhoneSimulator.Build.0 = Release|Any CPU
		{8B6E097C-40D9-4BDC-B40B-9822490E5188}.AppStore|x64.ActiveCfg = Release|Any CPU
		{8B6E097C-40D9-4BDC-B40B-9822490E5188}.AppStore|x64.Build.0 = Release|Any CPU
		{8B6E097C-40D9-4BDC-B40B-9822490E5188}.AppStore|x86.ActiveCfg = Release|Any CPU
		{8B6E097C-40D9-4BDC-B40B-9822490E5188}.AppStore|x86.Build.0 = Release|Any CPU
		{8B6E097C-40D9-4BDC-B40B-9822490E5188}.Debug|Any CPU.ActiveCfg = Debug|Any CPU
		{8B6E097C-40D9-4BDC-B40B-9822490E5188}.Debug|Any CPU.Build.0 = Debug|Any CPU
		{8B6E097C-40D9-4BDC-B40B-9822490E5188}.Debug|ARM.ActiveCfg = Debug|Any CPU
		{8B6E097C-40D9-4BDC-B40B-9822490E5188}.Debug|ARM.Build.0 = Debug|Any CPU
		{8B6E097C-40D9-4BDC-B40B-9822490E5188}.Debug|iPhone.ActiveCfg = Debug|Any CPU
		{8B6E097C-40D9-4BDC-B40B-9822490E5188}.Debug|iPhone.Build.0 = Debug|Any CPU
		{8B6E097C-40D9-4BDC-B40B-9822490E5188}.Debug|iPhoneSimulator.ActiveCfg = Debug|Any CPU
		{8B6E097C-40D9-4BDC-B40B-9822490E5188}.Debug|iPhoneSimulator.Build.0 = Debug|Any CPU
		{8B6E097C-40D9-4BDC-B40B-9822490E5188}.Debug|x64.ActiveCfg = Debug|Any CPU
		{8B6E097C-40D9-4BDC-B40B-9822490E5188}.Debug|x64.Build.0 = Debug|Any CPU
		{8B6E097C-40D9-4BDC-B40B-9822490E5188}.Debug|x86.ActiveCfg = Debug|Any CPU
		{8B6E097C-40D9-4BDC-B40B-9822490E5188}.Debug|x86.Build.0 = Debug|Any CPU
		{8B6E097C-40D9-4BDC-B40B-9822490E5188}.Release|Any CPU.ActiveCfg = Release|Any CPU
		{8B6E097C-40D9-4BDC-B40B-9822490E5188}.Release|Any CPU.Build.0 = Release|Any CPU
		{8B6E097C-40D9-4BDC-B40B-9822490E5188}.Release|ARM.ActiveCfg = Release|Any CPU
		{8B6E097C-40D9-4BDC-B40B-9822490E5188}.Release|ARM.Build.0 = Release|Any CPU
		{8B6E097C-40D9-4BDC-B40B-9822490E5188}.Release|iPhone.ActiveCfg = Release|Any CPU
		{8B6E097C-40D9-4BDC-B40B-9822490E5188}.Release|iPhone.Build.0 = Release|Any CPU
		{8B6E097C-40D9-4BDC-B40B-9822490E5188}.Release|iPhoneSimulator.ActiveCfg = Release|Any CPU
		{8B6E097C-40D9-4BDC-B40B-9822490E5188}.Release|iPhoneSimulator.Build.0 = Release|Any CPU
		{8B6E097C-40D9-4BDC-B40B-9822490E5188}.Release|x64.ActiveCfg = Release|Any CPU
		{8B6E097C-40D9-4BDC-B40B-9822490E5188}.Release|x64.Build.0 = Release|Any CPU
		{8B6E097C-40D9-4BDC-B40B-9822490E5188}.Release|x86.ActiveCfg = Release|Any CPU
		{8B6E097C-40D9-4BDC-B40B-9822490E5188}.Release|x86.Build.0 = Release|Any CPU
		{4D1A1D45-1DC5-4A80-B4FF-B5DDD2F975F5}.Ad-Hoc|Any CPU.ActiveCfg = Release|Any CPU
		{4D1A1D45-1DC5-4A80-B4FF-B5DDD2F975F5}.Ad-Hoc|Any CPU.Build.0 = Release|Any CPU
		{4D1A1D45-1DC5-4A80-B4FF-B5DDD2F975F5}.Ad-Hoc|ARM.ActiveCfg = Release|Any CPU
		{4D1A1D45-1DC5-4A80-B4FF-B5DDD2F975F5}.Ad-Hoc|ARM.Build.0 = Release|Any CPU
		{4D1A1D45-1DC5-4A80-B4FF-B5DDD2F975F5}.Ad-Hoc|iPhone.ActiveCfg = Release|Any CPU
		{4D1A1D45-1DC5-4A80-B4FF-B5DDD2F975F5}.Ad-Hoc|iPhone.Build.0 = Release|Any CPU
		{4D1A1D45-1DC5-4A80-B4FF-B5DDD2F975F5}.Ad-Hoc|iPhoneSimulator.ActiveCfg = Release|Any CPU
		{4D1A1D45-1DC5-4A80-B4FF-B5DDD2F975F5}.Ad-Hoc|iPhoneSimulator.Build.0 = Release|Any CPU
		{4D1A1D45-1DC5-4A80-B4FF-B5DDD2F975F5}.Ad-Hoc|x64.ActiveCfg = Release|Any CPU
		{4D1A1D45-1DC5-4A80-B4FF-B5DDD2F975F5}.Ad-Hoc|x64.Build.0 = Release|Any CPU
		{4D1A1D45-1DC5-4A80-B4FF-B5DDD2F975F5}.Ad-Hoc|x86.ActiveCfg = Release|Any CPU
		{4D1A1D45-1DC5-4A80-B4FF-B5DDD2F975F5}.Ad-Hoc|x86.Build.0 = Release|Any CPU
		{4D1A1D45-1DC5-4A80-B4FF-B5DDD2F975F5}.AppStore|Any CPU.ActiveCfg = Release|Any CPU
		{4D1A1D45-1DC5-4A80-B4FF-B5DDD2F975F5}.AppStore|Any CPU.Build.0 = Release|Any CPU
		{4D1A1D45-1DC5-4A80-B4FF-B5DDD2F975F5}.AppStore|ARM.ActiveCfg = Release|Any CPU
		{4D1A1D45-1DC5-4A80-B4FF-B5DDD2F975F5}.AppStore|ARM.Build.0 = Release|Any CPU
		{4D1A1D45-1DC5-4A80-B4FF-B5DDD2F975F5}.AppStore|iPhone.ActiveCfg = Release|Any CPU
		{4D1A1D45-1DC5-4A80-B4FF-B5DDD2F975F5}.AppStore|iPhone.Build.0 = Release|Any CPU
		{4D1A1D45-1DC5-4A80-B4FF-B5DDD2F975F5}.AppStore|iPhoneSimulator.ActiveCfg = Release|Any CPU
		{4D1A1D45-1DC5-4A80-B4FF-B5DDD2F975F5}.AppStore|iPhoneSimulator.Build.0 = Release|Any CPU
		{4D1A1D45-1DC5-4A80-B4FF-B5DDD2F975F5}.AppStore|x64.ActiveCfg = Release|Any CPU
		{4D1A1D45-1DC5-4A80-B4FF-B5DDD2F975F5}.AppStore|x64.Build.0 = Release|Any CPU
		{4D1A1D45-1DC5-4A80-B4FF-B5DDD2F975F5}.AppStore|x86.ActiveCfg = Release|Any CPU
		{4D1A1D45-1DC5-4A80-B4FF-B5DDD2F975F5}.AppStore|x86.Build.0 = Release|Any CPU
		{4D1A1D45-1DC5-4A80-B4FF-B5DDD2F975F5}.Debug|Any CPU.ActiveCfg = Debug|Any CPU
		{4D1A1D45-1DC5-4A80-B4FF-B5DDD2F975F5}.Debug|Any CPU.Build.0 = Debug|Any CPU
		{4D1A1D45-1DC5-4A80-B4FF-B5DDD2F975F5}.Debug|ARM.ActiveCfg = Debug|Any CPU
		{4D1A1D45-1DC5-4A80-B4FF-B5DDD2F975F5}.Debug|ARM.Build.0 = Debug|Any CPU
		{4D1A1D45-1DC5-4A80-B4FF-B5DDD2F975F5}.Debug|iPhone.ActiveCfg = Debug|Any CPU
		{4D1A1D45-1DC5-4A80-B4FF-B5DDD2F975F5}.Debug|iPhone.Build.0 = Debug|Any CPU
		{4D1A1D45-1DC5-4A80-B4FF-B5DDD2F975F5}.Debug|iPhoneSimulator.ActiveCfg = Debug|Any CPU
		{4D1A1D45-1DC5-4A80-B4FF-B5DDD2F975F5}.Debug|iPhoneSimulator.Build.0 = Debug|Any CPU
		{4D1A1D45-1DC5-4A80-B4FF-B5DDD2F975F5}.Debug|x64.ActiveCfg = Debug|Any CPU
		{4D1A1D45-1DC5-4A80-B4FF-B5DDD2F975F5}.Debug|x64.Build.0 = Debug|Any CPU
		{4D1A1D45-1DC5-4A80-B4FF-B5DDD2F975F5}.Debug|x86.ActiveCfg = Debug|Any CPU
		{4D1A1D45-1DC5-4A80-B4FF-B5DDD2F975F5}.Debug|x86.Build.0 = Debug|Any CPU
		{4D1A1D45-1DC5-4A80-B4FF-B5DDD2F975F5}.Release|Any CPU.ActiveCfg = Release|Any CPU
		{4D1A1D45-1DC5-4A80-B4FF-B5DDD2F975F5}.Release|Any CPU.Build.0 = Release|Any CPU
		{4D1A1D45-1DC5-4A80-B4FF-B5DDD2F975F5}.Release|ARM.ActiveCfg = Release|Any CPU
		{4D1A1D45-1DC5-4A80-B4FF-B5DDD2F975F5}.Release|ARM.Build.0 = Release|Any CPU
		{4D1A1D45-1DC5-4A80-B4FF-B5DDD2F975F5}.Release|iPhone.ActiveCfg = Release|Any CPU
		{4D1A1D45-1DC5-4A80-B4FF-B5DDD2F975F5}.Release|iPhone.Build.0 = Release|Any CPU
		{4D1A1D45-1DC5-4A80-B4FF-B5DDD2F975F5}.Release|iPhoneSimulator.ActiveCfg = Release|Any CPU
		{4D1A1D45-1DC5-4A80-B4FF-B5DDD2F975F5}.Release|iPhoneSimulator.Build.0 = Release|Any CPU
		{4D1A1D45-1DC5-4A80-B4FF-B5DDD2F975F5}.Release|x64.ActiveCfg = Release|Any CPU
		{4D1A1D45-1DC5-4A80-B4FF-B5DDD2F975F5}.Release|x64.Build.0 = Release|Any CPU
		{4D1A1D45-1DC5-4A80-B4FF-B5DDD2F975F5}.Release|x86.ActiveCfg = Release|Any CPU
		{4D1A1D45-1DC5-4A80-B4FF-B5DDD2F975F5}.Release|x86.Build.0 = Release|Any CPU
		{FCCA2BDC-E2FD-414B-9F6A-F378F40D52F3}.Ad-Hoc|Any CPU.ActiveCfg = Release|Any CPU
		{FCCA2BDC-E2FD-414B-9F6A-F378F40D52F3}.Ad-Hoc|Any CPU.Build.0 = Release|Any CPU
		{FCCA2BDC-E2FD-414B-9F6A-F378F40D52F3}.Ad-Hoc|ARM.ActiveCfg = Release|Any CPU
		{FCCA2BDC-E2FD-414B-9F6A-F378F40D52F3}.Ad-Hoc|ARM.Build.0 = Release|Any CPU
		{FCCA2BDC-E2FD-414B-9F6A-F378F40D52F3}.Ad-Hoc|iPhone.ActiveCfg = Release|Any CPU
		{FCCA2BDC-E2FD-414B-9F6A-F378F40D52F3}.Ad-Hoc|iPhone.Build.0 = Release|Any CPU
		{FCCA2BDC-E2FD-414B-9F6A-F378F40D52F3}.Ad-Hoc|iPhoneSimulator.ActiveCfg = Release|Any CPU
		{FCCA2BDC-E2FD-414B-9F6A-F378F40D52F3}.Ad-Hoc|iPhoneSimulator.Build.0 = Release|Any CPU
		{FCCA2BDC-E2FD-414B-9F6A-F378F40D52F3}.Ad-Hoc|x64.ActiveCfg = Release|Any CPU
		{FCCA2BDC-E2FD-414B-9F6A-F378F40D52F3}.Ad-Hoc|x64.Build.0 = Release|Any CPU
		{FCCA2BDC-E2FD-414B-9F6A-F378F40D52F3}.Ad-Hoc|x86.ActiveCfg = Release|Any CPU
		{FCCA2BDC-E2FD-414B-9F6A-F378F40D52F3}.Ad-Hoc|x86.Build.0 = Release|Any CPU
		{FCCA2BDC-E2FD-414B-9F6A-F378F40D52F3}.AppStore|Any CPU.ActiveCfg = Release|Any CPU
		{FCCA2BDC-E2FD-414B-9F6A-F378F40D52F3}.AppStore|Any CPU.Build.0 = Release|Any CPU
		{FCCA2BDC-E2FD-414B-9F6A-F378F40D52F3}.AppStore|ARM.ActiveCfg = Release|Any CPU
		{FCCA2BDC-E2FD-414B-9F6A-F378F40D52F3}.AppStore|ARM.Build.0 = Release|Any CPU
		{FCCA2BDC-E2FD-414B-9F6A-F378F40D52F3}.AppStore|iPhone.ActiveCfg = Release|Any CPU
		{FCCA2BDC-E2FD-414B-9F6A-F378F40D52F3}.AppStore|iPhone.Build.0 = Release|Any CPU
		{FCCA2BDC-E2FD-414B-9F6A-F378F40D52F3}.AppStore|iPhoneSimulator.ActiveCfg = Release|Any CPU
		{FCCA2BDC-E2FD-414B-9F6A-F378F40D52F3}.AppStore|iPhoneSimulator.Build.0 = Release|Any CPU
		{FCCA2BDC-E2FD-414B-9F6A-F378F40D52F3}.AppStore|x64.ActiveCfg = Release|Any CPU
		{FCCA2BDC-E2FD-414B-9F6A-F378F40D52F3}.AppStore|x64.Build.0 = Release|Any CPU
		{FCCA2BDC-E2FD-414B-9F6A-F378F40D52F3}.AppStore|x86.ActiveCfg = Release|Any CPU
		{FCCA2BDC-E2FD-414B-9F6A-F378F40D52F3}.AppStore|x86.Build.0 = Release|Any CPU
		{FCCA2BDC-E2FD-414B-9F6A-F378F40D52F3}.Debug|Any CPU.ActiveCfg = Debug|Any CPU
		{FCCA2BDC-E2FD-414B-9F6A-F378F40D52F3}.Debug|Any CPU.Build.0 = Debug|Any CPU
		{FCCA2BDC-E2FD-414B-9F6A-F378F40D52F3}.Debug|ARM.ActiveCfg = Debug|Any CPU
		{FCCA2BDC-E2FD-414B-9F6A-F378F40D52F3}.Debug|ARM.Build.0 = Debug|Any CPU
		{FCCA2BDC-E2FD-414B-9F6A-F378F40D52F3}.Debug|iPhone.ActiveCfg = Debug|Any CPU
		{FCCA2BDC-E2FD-414B-9F6A-F378F40D52F3}.Debug|iPhone.Build.0 = Debug|Any CPU
		{FCCA2BDC-E2FD-414B-9F6A-F378F40D52F3}.Debug|iPhoneSimulator.ActiveCfg = Debug|Any CPU
		{FCCA2BDC-E2FD-414B-9F6A-F378F40D52F3}.Debug|iPhoneSimulator.Build.0 = Debug|Any CPU
		{FCCA2BDC-E2FD-414B-9F6A-F378F40D52F3}.Debug|x64.ActiveCfg = Debug|Any CPU
		{FCCA2BDC-E2FD-414B-9F6A-F378F40D52F3}.Debug|x64.Build.0 = Debug|Any CPU
		{FCCA2BDC-E2FD-414B-9F6A-F378F40D52F3}.Debug|x86.ActiveCfg = Debug|Any CPU
		{FCCA2BDC-E2FD-414B-9F6A-F378F40D52F3}.Debug|x86.Build.0 = Debug|Any CPU
		{FCCA2BDC-E2FD-414B-9F6A-F378F40D52F3}.Release|Any CPU.ActiveCfg = Release|Any CPU
		{FCCA2BDC-E2FD-414B-9F6A-F378F40D52F3}.Release|Any CPU.Build.0 = Release|Any CPU
		{FCCA2BDC-E2FD-414B-9F6A-F378F40D52F3}.Release|ARM.ActiveCfg = Release|Any CPU
		{FCCA2BDC-E2FD-414B-9F6A-F378F40D52F3}.Release|ARM.Build.0 = Release|Any CPU
		{FCCA2BDC-E2FD-414B-9F6A-F378F40D52F3}.Release|iPhone.ActiveCfg = Release|Any CPU
		{FCCA2BDC-E2FD-414B-9F6A-F378F40D52F3}.Release|iPhone.Build.0 = Release|Any CPU
		{FCCA2BDC-E2FD-414B-9F6A-F378F40D52F3}.Release|iPhoneSimulator.ActiveCfg = Release|Any CPU
		{FCCA2BDC-E2FD-414B-9F6A-F378F40D52F3}.Release|iPhoneSimulator.Build.0 = Release|Any CPU
		{FCCA2BDC-E2FD-414B-9F6A-F378F40D52F3}.Release|x64.ActiveCfg = Release|Any CPU
		{FCCA2BDC-E2FD-414B-9F6A-F378F40D52F3}.Release|x64.Build.0 = Release|Any CPU
		{FCCA2BDC-E2FD-414B-9F6A-F378F40D52F3}.Release|x86.ActiveCfg = Release|Any CPU
		{FCCA2BDC-E2FD-414B-9F6A-F378F40D52F3}.Release|x86.Build.0 = Release|Any CPU
		{D7B618E8-6923-4D3E-AE6B-ADBC25580A1F}.Ad-Hoc|Any CPU.ActiveCfg = Release|x64
		{D7B618E8-6923-4D3E-AE6B-ADBC25580A1F}.Ad-Hoc|Any CPU.Build.0 = Release|x64
		{D7B618E8-6923-4D3E-AE6B-ADBC25580A1F}.Ad-Hoc|Any CPU.Deploy.0 = Release|x64
		{D7B618E8-6923-4D3E-AE6B-ADBC25580A1F}.Ad-Hoc|ARM.ActiveCfg = Release|ARM
		{D7B618E8-6923-4D3E-AE6B-ADBC25580A1F}.Ad-Hoc|ARM.Build.0 = Release|ARM
		{D7B618E8-6923-4D3E-AE6B-ADBC25580A1F}.Ad-Hoc|ARM.Deploy.0 = Release|ARM
		{D7B618E8-6923-4D3E-AE6B-ADBC25580A1F}.Ad-Hoc|iPhone.ActiveCfg = Release|x64
		{D7B618E8-6923-4D3E-AE6B-ADBC25580A1F}.Ad-Hoc|iPhone.Build.0 = Release|x64
		{D7B618E8-6923-4D3E-AE6B-ADBC25580A1F}.Ad-Hoc|iPhone.Deploy.0 = Release|x64
		{D7B618E8-6923-4D3E-AE6B-ADBC25580A1F}.Ad-Hoc|iPhoneSimulator.ActiveCfg = Release|x64
		{D7B618E8-6923-4D3E-AE6B-ADBC25580A1F}.Ad-Hoc|iPhoneSimulator.Build.0 = Release|x64
		{D7B618E8-6923-4D3E-AE6B-ADBC25580A1F}.Ad-Hoc|iPhoneSimulator.Deploy.0 = Release|x64
		{D7B618E8-6923-4D3E-AE6B-ADBC25580A1F}.Ad-Hoc|x64.ActiveCfg = Release|x64
		{D7B618E8-6923-4D3E-AE6B-ADBC25580A1F}.Ad-Hoc|x64.Build.0 = Release|x64
		{D7B618E8-6923-4D3E-AE6B-ADBC25580A1F}.Ad-Hoc|x64.Deploy.0 = Release|x64
		{D7B618E8-6923-4D3E-AE6B-ADBC25580A1F}.Ad-Hoc|x86.ActiveCfg = Release|x86
		{D7B618E8-6923-4D3E-AE6B-ADBC25580A1F}.Ad-Hoc|x86.Build.0 = Release|x86
		{D7B618E8-6923-4D3E-AE6B-ADBC25580A1F}.Ad-Hoc|x86.Deploy.0 = Release|x86
		{D7B618E8-6923-4D3E-AE6B-ADBC25580A1F}.AppStore|Any CPU.ActiveCfg = Release|x64
		{D7B618E8-6923-4D3E-AE6B-ADBC25580A1F}.AppStore|Any CPU.Build.0 = Release|x64
		{D7B618E8-6923-4D3E-AE6B-ADBC25580A1F}.AppStore|Any CPU.Deploy.0 = Release|x64
		{D7B618E8-6923-4D3E-AE6B-ADBC25580A1F}.AppStore|ARM.ActiveCfg = Release|ARM
		{D7B618E8-6923-4D3E-AE6B-ADBC25580A1F}.AppStore|ARM.Build.0 = Release|ARM
		{D7B618E8-6923-4D3E-AE6B-ADBC25580A1F}.AppStore|ARM.Deploy.0 = Release|ARM
		{D7B618E8-6923-4D3E-AE6B-ADBC25580A1F}.AppStore|iPhone.ActiveCfg = Release|x64
		{D7B618E8-6923-4D3E-AE6B-ADBC25580A1F}.AppStore|iPhone.Build.0 = Release|x64
		{D7B618E8-6923-4D3E-AE6B-ADBC25580A1F}.AppStore|iPhone.Deploy.0 = Release|x64
		{D7B618E8-6923-4D3E-AE6B-ADBC25580A1F}.AppStore|iPhoneSimulator.ActiveCfg = Release|x64
		{D7B618E8-6923-4D3E-AE6B-ADBC25580A1F}.AppStore|iPhoneSimulator.Build.0 = Release|x64
		{D7B618E8-6923-4D3E-AE6B-ADBC25580A1F}.AppStore|iPhoneSimulator.Deploy.0 = Release|x64
		{D7B618E8-6923-4D3E-AE6B-ADBC25580A1F}.AppStore|x64.ActiveCfg = Release|x64
		{D7B618E8-6923-4D3E-AE6B-ADBC25580A1F}.AppStore|x64.Build.0 = Release|x64
		{D7B618E8-6923-4D3E-AE6B-ADBC25580A1F}.AppStore|x64.Deploy.0 = Release|x64
		{D7B618E8-6923-4D3E-AE6B-ADBC25580A1F}.AppStore|x86.ActiveCfg = Release|x86
		{D7B618E8-6923-4D3E-AE6B-ADBC25580A1F}.AppStore|x86.Build.0 = Release|x86
		{D7B618E8-6923-4D3E-AE6B-ADBC25580A1F}.AppStore|x86.Deploy.0 = Release|x86
		{D7B618E8-6923-4D3E-AE6B-ADBC25580A1F}.Debug|Any CPU.ActiveCfg = Debug|x86
		{D7B618E8-6923-4D3E-AE6B-ADBC25580A1F}.Debug|Any CPU.Build.0 = Debug|x86
		{D7B618E8-6923-4D3E-AE6B-ADBC25580A1F}.Debug|Any CPU.Deploy.0 = Debug|x86
		{D7B618E8-6923-4D3E-AE6B-ADBC25580A1F}.Debug|ARM.ActiveCfg = Debug|ARM
		{D7B618E8-6923-4D3E-AE6B-ADBC25580A1F}.Debug|ARM.Build.0 = Debug|ARM
		{D7B618E8-6923-4D3E-AE6B-ADBC25580A1F}.Debug|ARM.Deploy.0 = Debug|ARM
		{D7B618E8-6923-4D3E-AE6B-ADBC25580A1F}.Debug|iPhone.ActiveCfg = Debug|x86
		{D7B618E8-6923-4D3E-AE6B-ADBC25580A1F}.Debug|iPhoneSimulator.ActiveCfg = Debug|x86
		{D7B618E8-6923-4D3E-AE6B-ADBC25580A1F}.Debug|x64.ActiveCfg = Debug|x64
		{D7B618E8-6923-4D3E-AE6B-ADBC25580A1F}.Debug|x64.Build.0 = Debug|x64
		{D7B618E8-6923-4D3E-AE6B-ADBC25580A1F}.Debug|x64.Deploy.0 = Debug|x64
		{D7B618E8-6923-4D3E-AE6B-ADBC25580A1F}.Debug|x86.ActiveCfg = Debug|x86
		{D7B618E8-6923-4D3E-AE6B-ADBC25580A1F}.Debug|x86.Build.0 = Debug|x86
		{D7B618E8-6923-4D3E-AE6B-ADBC25580A1F}.Debug|x86.Deploy.0 = Debug|x86
		{D7B618E8-6923-4D3E-AE6B-ADBC25580A1F}.Release|Any CPU.ActiveCfg = Release|x86
		{D7B618E8-6923-4D3E-AE6B-ADBC25580A1F}.Release|ARM.ActiveCfg = Release|ARM
		{D7B618E8-6923-4D3E-AE6B-ADBC25580A1F}.Release|ARM.Build.0 = Release|ARM
		{D7B618E8-6923-4D3E-AE6B-ADBC25580A1F}.Release|ARM.Deploy.0 = Release|ARM
		{D7B618E8-6923-4D3E-AE6B-ADBC25580A1F}.Release|iPhone.ActiveCfg = Release|x86
		{D7B618E8-6923-4D3E-AE6B-ADBC25580A1F}.Release|iPhoneSimulator.ActiveCfg = Release|x86
		{D7B618E8-6923-4D3E-AE6B-ADBC25580A1F}.Release|x64.ActiveCfg = Release|x64
		{D7B618E8-6923-4D3E-AE6B-ADBC25580A1F}.Release|x64.Build.0 = Release|x64
		{D7B618E8-6923-4D3E-AE6B-ADBC25580A1F}.Release|x64.Deploy.0 = Release|x64
		{D7B618E8-6923-4D3E-AE6B-ADBC25580A1F}.Release|x86.ActiveCfg = Release|x86
		{D7B618E8-6923-4D3E-AE6B-ADBC25580A1F}.Release|x86.Build.0 = Release|x86
		{D7B618E8-6923-4D3E-AE6B-ADBC25580A1F}.Release|x86.Deploy.0 = Release|x86
		{CE136556-8598-4BD5-857E-7F085BC5BEBE}.Ad-Hoc|Any CPU.ActiveCfg = Release|Any CPU
		{CE136556-8598-4BD5-857E-7F085BC5BEBE}.Ad-Hoc|Any CPU.Build.0 = Release|Any CPU
		{CE136556-8598-4BD5-857E-7F085BC5BEBE}.Ad-Hoc|Any CPU.Deploy.0 = Release|Any CPU
		{CE136556-8598-4BD5-857E-7F085BC5BEBE}.Ad-Hoc|ARM.ActiveCfg = Release|Any CPU
		{CE136556-8598-4BD5-857E-7F085BC5BEBE}.Ad-Hoc|ARM.Build.0 = Release|Any CPU
		{CE136556-8598-4BD5-857E-7F085BC5BEBE}.Ad-Hoc|ARM.Deploy.0 = Release|Any CPU
		{CE136556-8598-4BD5-857E-7F085BC5BEBE}.Ad-Hoc|iPhone.ActiveCfg = Release|Any CPU
		{CE136556-8598-4BD5-857E-7F085BC5BEBE}.Ad-Hoc|iPhone.Build.0 = Release|Any CPU
		{CE136556-8598-4BD5-857E-7F085BC5BEBE}.Ad-Hoc|iPhone.Deploy.0 = Release|Any CPU
		{CE136556-8598-4BD5-857E-7F085BC5BEBE}.Ad-Hoc|iPhoneSimulator.ActiveCfg = Release|Any CPU
		{CE136556-8598-4BD5-857E-7F085BC5BEBE}.Ad-Hoc|iPhoneSimulator.Build.0 = Release|Any CPU
		{CE136556-8598-4BD5-857E-7F085BC5BEBE}.Ad-Hoc|iPhoneSimulator.Deploy.0 = Release|Any CPU
		{CE136556-8598-4BD5-857E-7F085BC5BEBE}.Ad-Hoc|x64.ActiveCfg = Release|Any CPU
		{CE136556-8598-4BD5-857E-7F085BC5BEBE}.Ad-Hoc|x64.Build.0 = Release|Any CPU
		{CE136556-8598-4BD5-857E-7F085BC5BEBE}.Ad-Hoc|x64.Deploy.0 = Release|Any CPU
		{CE136556-8598-4BD5-857E-7F085BC5BEBE}.Ad-Hoc|x86.ActiveCfg = Release|Any CPU
		{CE136556-8598-4BD5-857E-7F085BC5BEBE}.Ad-Hoc|x86.Build.0 = Release|Any CPU
		{CE136556-8598-4BD5-857E-7F085BC5BEBE}.Ad-Hoc|x86.Deploy.0 = Release|Any CPU
		{CE136556-8598-4BD5-857E-7F085BC5BEBE}.AppStore|Any CPU.ActiveCfg = Release|Any CPU
		{CE136556-8598-4BD5-857E-7F085BC5BEBE}.AppStore|Any CPU.Build.0 = Release|Any CPU
		{CE136556-8598-4BD5-857E-7F085BC5BEBE}.AppStore|Any CPU.Deploy.0 = Release|Any CPU
		{CE136556-8598-4BD5-857E-7F085BC5BEBE}.AppStore|ARM.ActiveCfg = Release|Any CPU
		{CE136556-8598-4BD5-857E-7F085BC5BEBE}.AppStore|ARM.Build.0 = Release|Any CPU
		{CE136556-8598-4BD5-857E-7F085BC5BEBE}.AppStore|ARM.Deploy.0 = Release|Any CPU
		{CE136556-8598-4BD5-857E-7F085BC5BEBE}.AppStore|iPhone.ActiveCfg = Release|Any CPU
		{CE136556-8598-4BD5-857E-7F085BC5BEBE}.AppStore|iPhone.Build.0 = Release|Any CPU
		{CE136556-8598-4BD5-857E-7F085BC5BEBE}.AppStore|iPhone.Deploy.0 = Release|Any CPU
		{CE136556-8598-4BD5-857E-7F085BC5BEBE}.AppStore|iPhoneSimulator.ActiveCfg = Release|Any CPU
		{CE136556-8598-4BD5-857E-7F085BC5BEBE}.AppStore|iPhoneSimulator.Build.0 = Release|Any CPU
		{CE136556-8598-4BD5-857E-7F085BC5BEBE}.AppStore|iPhoneSimulator.Deploy.0 = Release|Any CPU
		{CE136556-8598-4BD5-857E-7F085BC5BEBE}.AppStore|x64.ActiveCfg = Release|Any CPU
		{CE136556-8598-4BD5-857E-7F085BC5BEBE}.AppStore|x64.Build.0 = Release|Any CPU
		{CE136556-8598-4BD5-857E-7F085BC5BEBE}.AppStore|x64.Deploy.0 = Release|Any CPU
		{CE136556-8598-4BD5-857E-7F085BC5BEBE}.AppStore|x86.ActiveCfg = Release|Any CPU
		{CE136556-8598-4BD5-857E-7F085BC5BEBE}.AppStore|x86.Build.0 = Release|Any CPU
		{CE136556-8598-4BD5-857E-7F085BC5BEBE}.AppStore|x86.Deploy.0 = Release|Any CPU
		{CE136556-8598-4BD5-857E-7F085BC5BEBE}.Debug|Any CPU.ActiveCfg = Debug|Any CPU
		{CE136556-8598-4BD5-857E-7F085BC5BEBE}.Debug|Any CPU.Build.0 = Debug|Any CPU
		{CE136556-8598-4BD5-857E-7F085BC5BEBE}.Debug|Any CPU.Deploy.0 = Debug|Any CPU
		{CE136556-8598-4BD5-857E-7F085BC5BEBE}.Debug|ARM.ActiveCfg = Debug|Any CPU
		{CE136556-8598-4BD5-857E-7F085BC5BEBE}.Debug|ARM.Build.0 = Debug|Any CPU
		{CE136556-8598-4BD5-857E-7F085BC5BEBE}.Debug|ARM.Deploy.0 = Debug|Any CPU
		{CE136556-8598-4BD5-857E-7F085BC5BEBE}.Debug|iPhone.ActiveCfg = Debug|Any CPU
		{CE136556-8598-4BD5-857E-7F085BC5BEBE}.Debug|iPhone.Build.0 = Debug|Any CPU
		{CE136556-8598-4BD5-857E-7F085BC5BEBE}.Debug|iPhone.Deploy.0 = Debug|Any CPU
		{CE136556-8598-4BD5-857E-7F085BC5BEBE}.Debug|iPhoneSimulator.ActiveCfg = Debug|Any CPU
		{CE136556-8598-4BD5-857E-7F085BC5BEBE}.Debug|iPhoneSimulator.Build.0 = Debug|Any CPU
		{CE136556-8598-4BD5-857E-7F085BC5BEBE}.Debug|iPhoneSimulator.Deploy.0 = Debug|Any CPU
		{CE136556-8598-4BD5-857E-7F085BC5BEBE}.Debug|x64.ActiveCfg = Debug|Any CPU
		{CE136556-8598-4BD5-857E-7F085BC5BEBE}.Debug|x64.Build.0 = Debug|Any CPU
		{CE136556-8598-4BD5-857E-7F085BC5BEBE}.Debug|x64.Deploy.0 = Debug|Any CPU
		{CE136556-8598-4BD5-857E-7F085BC5BEBE}.Debug|x86.ActiveCfg = Debug|Any CPU
		{CE136556-8598-4BD5-857E-7F085BC5BEBE}.Debug|x86.Build.0 = Debug|Any CPU
		{CE136556-8598-4BD5-857E-7F085BC5BEBE}.Debug|x86.Deploy.0 = Debug|Any CPU
		{CE136556-8598-4BD5-857E-7F085BC5BEBE}.Release|Any CPU.ActiveCfg = Release|Any CPU
		{CE136556-8598-4BD5-857E-7F085BC5BEBE}.Release|Any CPU.Build.0 = Release|Any CPU
		{CE136556-8598-4BD5-857E-7F085BC5BEBE}.Release|Any CPU.Deploy.0 = Release|Any CPU
		{CE136556-8598-4BD5-857E-7F085BC5BEBE}.Release|ARM.ActiveCfg = Release|Any CPU
		{CE136556-8598-4BD5-857E-7F085BC5BEBE}.Release|ARM.Build.0 = Release|Any CPU
		{CE136556-8598-4BD5-857E-7F085BC5BEBE}.Release|ARM.Deploy.0 = Release|Any CPU
		{CE136556-8598-4BD5-857E-7F085BC5BEBE}.Release|iPhone.ActiveCfg = Release|Any CPU
		{CE136556-8598-4BD5-857E-7F085BC5BEBE}.Release|iPhone.Build.0 = Release|Any CPU
		{CE136556-8598-4BD5-857E-7F085BC5BEBE}.Release|iPhone.Deploy.0 = Release|Any CPU
		{CE136556-8598-4BD5-857E-7F085BC5BEBE}.Release|iPhoneSimulator.ActiveCfg = Release|Any CPU
		{CE136556-8598-4BD5-857E-7F085BC5BEBE}.Release|iPhoneSimulator.Build.0 = Release|Any CPU
		{CE136556-8598-4BD5-857E-7F085BC5BEBE}.Release|iPhoneSimulator.Deploy.0 = Release|Any CPU
		{CE136556-8598-4BD5-857E-7F085BC5BEBE}.Release|x64.ActiveCfg = Release|Any CPU
		{CE136556-8598-4BD5-857E-7F085BC5BEBE}.Release|x64.Build.0 = Release|Any CPU
		{CE136556-8598-4BD5-857E-7F085BC5BEBE}.Release|x64.Deploy.0 = Release|Any CPU
		{CE136556-8598-4BD5-857E-7F085BC5BEBE}.Release|x86.ActiveCfg = Release|Any CPU
		{CE136556-8598-4BD5-857E-7F085BC5BEBE}.Release|x86.Build.0 = Release|Any CPU
		{CE136556-8598-4BD5-857E-7F085BC5BEBE}.Release|x86.Deploy.0 = Release|Any CPU
		{3E249245-09B8-44CC-91D4-CDF69A32C577}.Ad-Hoc|Any CPU.ActiveCfg = Release|Any CPU
		{3E249245-09B8-44CC-91D4-CDF69A32C577}.Ad-Hoc|Any CPU.Build.0 = Release|Any CPU
		{3E249245-09B8-44CC-91D4-CDF69A32C577}.Ad-Hoc|ARM.ActiveCfg = Release|Any CPU
		{3E249245-09B8-44CC-91D4-CDF69A32C577}.Ad-Hoc|ARM.Build.0 = Release|Any CPU
		{3E249245-09B8-44CC-91D4-CDF69A32C577}.Ad-Hoc|iPhone.ActiveCfg = Release|Any CPU
		{3E249245-09B8-44CC-91D4-CDF69A32C577}.Ad-Hoc|iPhone.Build.0 = Release|Any CPU
		{3E249245-09B8-44CC-91D4-CDF69A32C577}.Ad-Hoc|iPhoneSimulator.ActiveCfg = Release|Any CPU
		{3E249245-09B8-44CC-91D4-CDF69A32C577}.Ad-Hoc|iPhoneSimulator.Build.0 = Release|Any CPU
		{3E249245-09B8-44CC-91D4-CDF69A32C577}.Ad-Hoc|x64.ActiveCfg = Release|Any CPU
		{3E249245-09B8-44CC-91D4-CDF69A32C577}.Ad-Hoc|x64.Build.0 = Release|Any CPU
		{3E249245-09B8-44CC-91D4-CDF69A32C577}.Ad-Hoc|x86.ActiveCfg = Release|Any CPU
		{3E249245-09B8-44CC-91D4-CDF69A32C577}.Ad-Hoc|x86.Build.0 = Release|Any CPU
		{3E249245-09B8-44CC-91D4-CDF69A32C577}.AppStore|Any CPU.ActiveCfg = Release|Any CPU
		{3E249245-09B8-44CC-91D4-CDF69A32C577}.AppStore|Any CPU.Build.0 = Release|Any CPU
		{3E249245-09B8-44CC-91D4-CDF69A32C577}.AppStore|ARM.ActiveCfg = Release|Any CPU
		{3E249245-09B8-44CC-91D4-CDF69A32C577}.AppStore|ARM.Build.0 = Release|Any CPU
		{3E249245-09B8-44CC-91D4-CDF69A32C577}.AppStore|iPhone.ActiveCfg = Release|Any CPU
		{3E249245-09B8-44CC-91D4-CDF69A32C577}.AppStore|iPhone.Build.0 = Release|Any CPU
		{3E249245-09B8-44CC-91D4-CDF69A32C577}.AppStore|iPhoneSimulator.ActiveCfg = Release|Any CPU
		{3E249245-09B8-44CC-91D4-CDF69A32C577}.AppStore|iPhoneSimulator.Build.0 = Release|Any CPU
		{3E249245-09B8-44CC-91D4-CDF69A32C577}.AppStore|x64.ActiveCfg = Release|Any CPU
		{3E249245-09B8-44CC-91D4-CDF69A32C577}.AppStore|x64.Build.0 = Release|Any CPU
		{3E249245-09B8-44CC-91D4-CDF69A32C577}.AppStore|x86.ActiveCfg = Release|Any CPU
		{3E249245-09B8-44CC-91D4-CDF69A32C577}.AppStore|x86.Build.0 = Release|Any CPU
		{3E249245-09B8-44CC-91D4-CDF69A32C577}.Debug|Any CPU.ActiveCfg = Debug|Any CPU
		{3E249245-09B8-44CC-91D4-CDF69A32C577}.Debug|Any CPU.Build.0 = Debug|Any CPU
		{3E249245-09B8-44CC-91D4-CDF69A32C577}.Debug|ARM.ActiveCfg = Debug|Any CPU
		{3E249245-09B8-44CC-91D4-CDF69A32C577}.Debug|ARM.Build.0 = Debug|Any CPU
		{3E249245-09B8-44CC-91D4-CDF69A32C577}.Debug|iPhone.ActiveCfg = Debug|Any CPU
		{3E249245-09B8-44CC-91D4-CDF69A32C577}.Debug|iPhone.Build.0 = Debug|Any CPU
		{3E249245-09B8-44CC-91D4-CDF69A32C577}.Debug|iPhoneSimulator.ActiveCfg = Debug|Any CPU
		{3E249245-09B8-44CC-91D4-CDF69A32C577}.Debug|iPhoneSimulator.Build.0 = Debug|Any CPU
		{3E249245-09B8-44CC-91D4-CDF69A32C577}.Debug|x64.ActiveCfg = Debug|Any CPU
		{3E249245-09B8-44CC-91D4-CDF69A32C577}.Debug|x64.Build.0 = Debug|Any CPU
		{3E249245-09B8-44CC-91D4-CDF69A32C577}.Debug|x86.ActiveCfg = Debug|Any CPU
		{3E249245-09B8-44CC-91D4-CDF69A32C577}.Debug|x86.Build.0 = Debug|Any CPU
		{3E249245-09B8-44CC-91D4-CDF69A32C577}.Release|Any CPU.ActiveCfg = Release|Any CPU
		{3E249245-09B8-44CC-91D4-CDF69A32C577}.Release|Any CPU.Build.0 = Release|Any CPU
		{3E249245-09B8-44CC-91D4-CDF69A32C577}.Release|ARM.ActiveCfg = Release|Any CPU
		{3E249245-09B8-44CC-91D4-CDF69A32C577}.Release|ARM.Build.0 = Release|Any CPU
		{3E249245-09B8-44CC-91D4-CDF69A32C577}.Release|iPhone.ActiveCfg = Release|Any CPU
		{3E249245-09B8-44CC-91D4-CDF69A32C577}.Release|iPhone.Build.0 = Release|Any CPU
		{3E249245-09B8-44CC-91D4-CDF69A32C577}.Release|iPhoneSimulator.ActiveCfg = Release|Any CPU
		{3E249245-09B8-44CC-91D4-CDF69A32C577}.Release|iPhoneSimulator.Build.0 = Release|Any CPU
		{3E249245-09B8-44CC-91D4-CDF69A32C577}.Release|x64.ActiveCfg = Release|Any CPU
		{3E249245-09B8-44CC-91D4-CDF69A32C577}.Release|x64.Build.0 = Release|Any CPU
		{3E249245-09B8-44CC-91D4-CDF69A32C577}.Release|x86.ActiveCfg = Release|Any CPU
		{3E249245-09B8-44CC-91D4-CDF69A32C577}.Release|x86.Build.0 = Release|Any CPU
		{47AA669C-619F-4CBA-A875-4172C6A91072}.Ad-Hoc|Any CPU.ActiveCfg = Release|x86
		{47AA669C-619F-4CBA-A875-4172C6A91072}.Ad-Hoc|Any CPU.Build.0 = Release|x86
		{47AA669C-619F-4CBA-A875-4172C6A91072}.Ad-Hoc|Any CPU.Deploy.0 = Release|x86
		{47AA669C-619F-4CBA-A875-4172C6A91072}.Ad-Hoc|ARM.ActiveCfg = Release|ARM
		{47AA669C-619F-4CBA-A875-4172C6A91072}.Ad-Hoc|ARM.Build.0 = Release|ARM
		{47AA669C-619F-4CBA-A875-4172C6A91072}.Ad-Hoc|ARM.Deploy.0 = Release|ARM
		{47AA669C-619F-4CBA-A875-4172C6A91072}.Ad-Hoc|iPhone.ActiveCfg = Release|x86
		{47AA669C-619F-4CBA-A875-4172C6A91072}.Ad-Hoc|iPhone.Build.0 = Release|x86
		{47AA669C-619F-4CBA-A875-4172C6A91072}.Ad-Hoc|iPhone.Deploy.0 = Release|x86
		{47AA669C-619F-4CBA-A875-4172C6A91072}.Ad-Hoc|iPhoneSimulator.ActiveCfg = Release|x86
		{47AA669C-619F-4CBA-A875-4172C6A91072}.Ad-Hoc|iPhoneSimulator.Build.0 = Release|x86
		{47AA669C-619F-4CBA-A875-4172C6A91072}.Ad-Hoc|iPhoneSimulator.Deploy.0 = Release|x86
		{47AA669C-619F-4CBA-A875-4172C6A91072}.Ad-Hoc|x64.ActiveCfg = Release|x64
		{47AA669C-619F-4CBA-A875-4172C6A91072}.Ad-Hoc|x64.Build.0 = Release|x64
		{47AA669C-619F-4CBA-A875-4172C6A91072}.Ad-Hoc|x64.Deploy.0 = Release|x64
		{47AA669C-619F-4CBA-A875-4172C6A91072}.Ad-Hoc|x86.ActiveCfg = Release|x86
		{47AA669C-619F-4CBA-A875-4172C6A91072}.Ad-Hoc|x86.Build.0 = Release|x86
		{47AA669C-619F-4CBA-A875-4172C6A91072}.Ad-Hoc|x86.Deploy.0 = Release|x86
		{47AA669C-619F-4CBA-A875-4172C6A91072}.AppStore|Any CPU.ActiveCfg = Release|x86
		{47AA669C-619F-4CBA-A875-4172C6A91072}.AppStore|Any CPU.Build.0 = Release|x86
		{47AA669C-619F-4CBA-A875-4172C6A91072}.AppStore|Any CPU.Deploy.0 = Release|x86
		{47AA669C-619F-4CBA-A875-4172C6A91072}.AppStore|ARM.ActiveCfg = Release|ARM
		{47AA669C-619F-4CBA-A875-4172C6A91072}.AppStore|ARM.Build.0 = Release|ARM
		{47AA669C-619F-4CBA-A875-4172C6A91072}.AppStore|ARM.Deploy.0 = Release|ARM
		{47AA669C-619F-4CBA-A875-4172C6A91072}.AppStore|iPhone.ActiveCfg = Release|x86
		{47AA669C-619F-4CBA-A875-4172C6A91072}.AppStore|iPhone.Build.0 = Release|x86
		{47AA669C-619F-4CBA-A875-4172C6A91072}.AppStore|iPhone.Deploy.0 = Release|x86
		{47AA669C-619F-4CBA-A875-4172C6A91072}.AppStore|iPhoneSimulator.ActiveCfg = Release|x86
		{47AA669C-619F-4CBA-A875-4172C6A91072}.AppStore|iPhoneSimulator.Build.0 = Release|x86
		{47AA669C-619F-4CBA-A875-4172C6A91072}.AppStore|iPhoneSimulator.Deploy.0 = Release|x86
		{47AA669C-619F-4CBA-A875-4172C6A91072}.AppStore|x64.ActiveCfg = Release|x64
		{47AA669C-619F-4CBA-A875-4172C6A91072}.AppStore|x64.Build.0 = Release|x64
		{47AA669C-619F-4CBA-A875-4172C6A91072}.AppStore|x64.Deploy.0 = Release|x64
		{47AA669C-619F-4CBA-A875-4172C6A91072}.AppStore|x86.ActiveCfg = Release|x86
		{47AA669C-619F-4CBA-A875-4172C6A91072}.AppStore|x86.Build.0 = Release|x86
		{47AA669C-619F-4CBA-A875-4172C6A91072}.AppStore|x86.Deploy.0 = Release|x86
		{47AA669C-619F-4CBA-A875-4172C6A91072}.Debug|Any CPU.ActiveCfg = Debug|x86
		{47AA669C-619F-4CBA-A875-4172C6A91072}.Debug|Any CPU.Build.0 = Debug|x86
		{47AA669C-619F-4CBA-A875-4172C6A91072}.Debug|Any CPU.Deploy.0 = Debug|x86
		{47AA669C-619F-4CBA-A875-4172C6A91072}.Debug|ARM.ActiveCfg = Debug|ARM
		{47AA669C-619F-4CBA-A875-4172C6A91072}.Debug|ARM.Build.0 = Debug|ARM
		{47AA669C-619F-4CBA-A875-4172C6A91072}.Debug|ARM.Deploy.0 = Debug|ARM
		{47AA669C-619F-4CBA-A875-4172C6A91072}.Debug|iPhone.ActiveCfg = Debug|x86
		{47AA669C-619F-4CBA-A875-4172C6A91072}.Debug|iPhoneSimulator.ActiveCfg = Debug|x86
		{47AA669C-619F-4CBA-A875-4172C6A91072}.Debug|x64.ActiveCfg = Debug|x64
		{47AA669C-619F-4CBA-A875-4172C6A91072}.Debug|x64.Build.0 = Debug|x64
		{47AA669C-619F-4CBA-A875-4172C6A91072}.Debug|x64.Deploy.0 = Debug|x64
		{47AA669C-619F-4CBA-A875-4172C6A91072}.Debug|x86.ActiveCfg = Debug|x86
		{47AA669C-619F-4CBA-A875-4172C6A91072}.Debug|x86.Build.0 = Debug|x86
		{47AA669C-619F-4CBA-A875-4172C6A91072}.Debug|x86.Deploy.0 = Debug|x86
		{47AA669C-619F-4CBA-A875-4172C6A91072}.Release|Any CPU.ActiveCfg = Release|x86
		{47AA669C-619F-4CBA-A875-4172C6A91072}.Release|ARM.ActiveCfg = Release|ARM
		{47AA669C-619F-4CBA-A875-4172C6A91072}.Release|ARM.Build.0 = Release|ARM
		{47AA669C-619F-4CBA-A875-4172C6A91072}.Release|ARM.Deploy.0 = Release|ARM
		{47AA669C-619F-4CBA-A875-4172C6A91072}.Release|iPhone.ActiveCfg = Release|x86
		{47AA669C-619F-4CBA-A875-4172C6A91072}.Release|iPhoneSimulator.ActiveCfg = Release|x86
		{47AA669C-619F-4CBA-A875-4172C6A91072}.Release|x64.ActiveCfg = Release|x64
		{47AA669C-619F-4CBA-A875-4172C6A91072}.Release|x64.Build.0 = Release|x64
		{47AA669C-619F-4CBA-A875-4172C6A91072}.Release|x64.Deploy.0 = Release|x64
		{47AA669C-619F-4CBA-A875-4172C6A91072}.Release|x86.ActiveCfg = Release|x86
		{47AA669C-619F-4CBA-A875-4172C6A91072}.Release|x86.Build.0 = Release|x86
		{47AA669C-619F-4CBA-A875-4172C6A91072}.Release|x86.Deploy.0 = Release|x86
		{21B59EDF-B01F-4654-9584-B5A411808EA8}.Ad-Hoc|Any CPU.ActiveCfg = Ad-Hoc|iPhone
		{21B59EDF-B01F-4654-9584-B5A411808EA8}.Ad-Hoc|ARM.ActiveCfg = Ad-Hoc|iPhone
		{21B59EDF-B01F-4654-9584-B5A411808EA8}.Ad-Hoc|iPhone.ActiveCfg = Ad-Hoc|iPhone
		{21B59EDF-B01F-4654-9584-B5A411808EA8}.Ad-Hoc|iPhone.Build.0 = Ad-Hoc|iPhone
		{21B59EDF-B01F-4654-9584-B5A411808EA8}.Ad-Hoc|iPhoneSimulator.ActiveCfg = Ad-Hoc|iPhoneSimulator
		{21B59EDF-B01F-4654-9584-B5A411808EA8}.Ad-Hoc|iPhoneSimulator.Build.0 = Ad-Hoc|iPhoneSimulator
		{21B59EDF-B01F-4654-9584-B5A411808EA8}.Ad-Hoc|x64.ActiveCfg = Ad-Hoc|iPhone
		{21B59EDF-B01F-4654-9584-B5A411808EA8}.Ad-Hoc|x86.ActiveCfg = Ad-Hoc|iPhone
		{21B59EDF-B01F-4654-9584-B5A411808EA8}.AppStore|Any CPU.ActiveCfg = AppStore|iPhone
		{21B59EDF-B01F-4654-9584-B5A411808EA8}.AppStore|ARM.ActiveCfg = AppStore|iPhone
		{21B59EDF-B01F-4654-9584-B5A411808EA8}.AppStore|iPhone.ActiveCfg = AppStore|iPhone
		{21B59EDF-B01F-4654-9584-B5A411808EA8}.AppStore|iPhone.Build.0 = AppStore|iPhone
		{21B59EDF-B01F-4654-9584-B5A411808EA8}.AppStore|iPhoneSimulator.ActiveCfg = AppStore|iPhoneSimulator
		{21B59EDF-B01F-4654-9584-B5A411808EA8}.AppStore|iPhoneSimulator.Build.0 = AppStore|iPhoneSimulator
		{21B59EDF-B01F-4654-9584-B5A411808EA8}.AppStore|x64.ActiveCfg = AppStore|iPhone
		{21B59EDF-B01F-4654-9584-B5A411808EA8}.AppStore|x86.ActiveCfg = AppStore|iPhone
		{21B59EDF-B01F-4654-9584-B5A411808EA8}.Debug|Any CPU.ActiveCfg = Debug|iPhoneSimulator
		{21B59EDF-B01F-4654-9584-B5A411808EA8}.Debug|Any CPU.Build.0 = Debug|iPhoneSimulator
		{21B59EDF-B01F-4654-9584-B5A411808EA8}.Debug|ARM.ActiveCfg = Debug|iPhone
		{21B59EDF-B01F-4654-9584-B5A411808EA8}.Debug|iPhone.ActiveCfg = Debug|iPhone
		{21B59EDF-B01F-4654-9584-B5A411808EA8}.Debug|iPhone.Build.0 = Debug|iPhone
		{21B59EDF-B01F-4654-9584-B5A411808EA8}.Debug|iPhoneSimulator.ActiveCfg = Debug|iPhoneSimulator
		{21B59EDF-B01F-4654-9584-B5A411808EA8}.Debug|iPhoneSimulator.Build.0 = Debug|iPhoneSimulator
		{21B59EDF-B01F-4654-9584-B5A411808EA8}.Debug|x64.ActiveCfg = Debug|iPhone
		{21B59EDF-B01F-4654-9584-B5A411808EA8}.Debug|x86.ActiveCfg = Debug|iPhone
		{21B59EDF-B01F-4654-9584-B5A411808EA8}.Release|Any CPU.ActiveCfg = Release|iPhone
		{21B59EDF-B01F-4654-9584-B5A411808EA8}.Release|ARM.ActiveCfg = Release|iPhone
		{21B59EDF-B01F-4654-9584-B5A411808EA8}.Release|iPhone.ActiveCfg = Release|iPhone
		{21B59EDF-B01F-4654-9584-B5A411808EA8}.Release|iPhone.Build.0 = Release|iPhone
		{21B59EDF-B01F-4654-9584-B5A411808EA8}.Release|iPhoneSimulator.ActiveCfg = Release|iPhoneSimulator
		{21B59EDF-B01F-4654-9584-B5A411808EA8}.Release|iPhoneSimulator.Build.0 = Release|iPhoneSimulator
		{21B59EDF-B01F-4654-9584-B5A411808EA8}.Release|x64.ActiveCfg = Release|iPhone
		{21B59EDF-B01F-4654-9584-B5A411808EA8}.Release|x86.ActiveCfg = Release|iPhone
		{69153F74-7EF0-4226-A9C1-2250B3BFBAA4}.Ad-Hoc|Any CPU.ActiveCfg = Debug|Any CPU
		{69153F74-7EF0-4226-A9C1-2250B3BFBAA4}.Ad-Hoc|Any CPU.Build.0 = Debug|Any CPU
		{69153F74-7EF0-4226-A9C1-2250B3BFBAA4}.Ad-Hoc|ARM.ActiveCfg = Debug|Any CPU
		{69153F74-7EF0-4226-A9C1-2250B3BFBAA4}.Ad-Hoc|ARM.Build.0 = Debug|Any CPU
		{69153F74-7EF0-4226-A9C1-2250B3BFBAA4}.Ad-Hoc|iPhone.ActiveCfg = Debug|Any CPU
		{69153F74-7EF0-4226-A9C1-2250B3BFBAA4}.Ad-Hoc|iPhone.Build.0 = Debug|Any CPU
		{69153F74-7EF0-4226-A9C1-2250B3BFBAA4}.Ad-Hoc|iPhoneSimulator.ActiveCfg = Debug|Any CPU
		{69153F74-7EF0-4226-A9C1-2250B3BFBAA4}.Ad-Hoc|iPhoneSimulator.Build.0 = Debug|Any CPU
		{69153F74-7EF0-4226-A9C1-2250B3BFBAA4}.Ad-Hoc|x64.ActiveCfg = Debug|Any CPU
		{69153F74-7EF0-4226-A9C1-2250B3BFBAA4}.Ad-Hoc|x64.Build.0 = Debug|Any CPU
		{69153F74-7EF0-4226-A9C1-2250B3BFBAA4}.Ad-Hoc|x86.ActiveCfg = Debug|Any CPU
		{69153F74-7EF0-4226-A9C1-2250B3BFBAA4}.Ad-Hoc|x86.Build.0 = Debug|Any CPU
		{69153F74-7EF0-4226-A9C1-2250B3BFBAA4}.AppStore|Any CPU.ActiveCfg = Debug|Any CPU
		{69153F74-7EF0-4226-A9C1-2250B3BFBAA4}.AppStore|Any CPU.Build.0 = Debug|Any CPU
		{69153F74-7EF0-4226-A9C1-2250B3BFBAA4}.AppStore|ARM.ActiveCfg = Debug|Any CPU
		{69153F74-7EF0-4226-A9C1-2250B3BFBAA4}.AppStore|ARM.Build.0 = Debug|Any CPU
		{69153F74-7EF0-4226-A9C1-2250B3BFBAA4}.AppStore|iPhone.ActiveCfg = Debug|Any CPU
		{69153F74-7EF0-4226-A9C1-2250B3BFBAA4}.AppStore|iPhone.Build.0 = Debug|Any CPU
		{69153F74-7EF0-4226-A9C1-2250B3BFBAA4}.AppStore|iPhoneSimulator.ActiveCfg = Debug|Any CPU
		{69153F74-7EF0-4226-A9C1-2250B3BFBAA4}.AppStore|iPhoneSimulator.Build.0 = Debug|Any CPU
		{69153F74-7EF0-4226-A9C1-2250B3BFBAA4}.AppStore|x64.ActiveCfg = Debug|Any CPU
		{69153F74-7EF0-4226-A9C1-2250B3BFBAA4}.AppStore|x64.Build.0 = Debug|Any CPU
		{69153F74-7EF0-4226-A9C1-2250B3BFBAA4}.AppStore|x86.ActiveCfg = Debug|Any CPU
		{69153F74-7EF0-4226-A9C1-2250B3BFBAA4}.AppStore|x86.Build.0 = Debug|Any CPU
		{69153F74-7EF0-4226-A9C1-2250B3BFBAA4}.Debug|Any CPU.ActiveCfg = Debug|Any CPU
		{69153F74-7EF0-4226-A9C1-2250B3BFBAA4}.Debug|Any CPU.Build.0 = Debug|Any CPU
		{69153F74-7EF0-4226-A9C1-2250B3BFBAA4}.Debug|ARM.ActiveCfg = Debug|Any CPU
		{69153F74-7EF0-4226-A9C1-2250B3BFBAA4}.Debug|ARM.Build.0 = Debug|Any CPU
		{69153F74-7EF0-4226-A9C1-2250B3BFBAA4}.Debug|iPhone.ActiveCfg = Debug|Any CPU
		{69153F74-7EF0-4226-A9C1-2250B3BFBAA4}.Debug|iPhone.Build.0 = Debug|Any CPU
		{69153F74-7EF0-4226-A9C1-2250B3BFBAA4}.Debug|iPhoneSimulator.ActiveCfg = Debug|Any CPU
		{69153F74-7EF0-4226-A9C1-2250B3BFBAA4}.Debug|iPhoneSimulator.Build.0 = Debug|Any CPU
		{69153F74-7EF0-4226-A9C1-2250B3BFBAA4}.Debug|x64.ActiveCfg = Debug|Any CPU
		{69153F74-7EF0-4226-A9C1-2250B3BFBAA4}.Debug|x64.Build.0 = Debug|Any CPU
		{69153F74-7EF0-4226-A9C1-2250B3BFBAA4}.Debug|x86.ActiveCfg = Debug|Any CPU
		{69153F74-7EF0-4226-A9C1-2250B3BFBAA4}.Debug|x86.Build.0 = Debug|Any CPU
		{69153F74-7EF0-4226-A9C1-2250B3BFBAA4}.Release|Any CPU.ActiveCfg = Release|Any CPU
		{69153F74-7EF0-4226-A9C1-2250B3BFBAA4}.Release|Any CPU.Build.0 = Release|Any CPU
		{69153F74-7EF0-4226-A9C1-2250B3BFBAA4}.Release|ARM.ActiveCfg = Release|Any CPU
		{69153F74-7EF0-4226-A9C1-2250B3BFBAA4}.Release|ARM.Build.0 = Release|Any CPU
		{69153F74-7EF0-4226-A9C1-2250B3BFBAA4}.Release|iPhone.ActiveCfg = Release|Any CPU
		{69153F74-7EF0-4226-A9C1-2250B3BFBAA4}.Release|iPhone.Build.0 = Release|Any CPU
		{69153F74-7EF0-4226-A9C1-2250B3BFBAA4}.Release|iPhoneSimulator.ActiveCfg = Release|Any CPU
		{69153F74-7EF0-4226-A9C1-2250B3BFBAA4}.Release|iPhoneSimulator.Build.0 = Release|Any CPU
		{69153F74-7EF0-4226-A9C1-2250B3BFBAA4}.Release|x64.ActiveCfg = Release|Any CPU
		{69153F74-7EF0-4226-A9C1-2250B3BFBAA4}.Release|x64.Build.0 = Release|Any CPU
		{69153F74-7EF0-4226-A9C1-2250B3BFBAA4}.Release|x86.ActiveCfg = Release|Any CPU
		{69153F74-7EF0-4226-A9C1-2250B3BFBAA4}.Release|x86.Build.0 = Release|Any CPU
		{465ED70E-69BF-4BB3-B81C-97239B0C8727}.Ad-Hoc|Any CPU.ActiveCfg = Debug|Any CPU
		{465ED70E-69BF-4BB3-B81C-97239B0C8727}.Ad-Hoc|Any CPU.Build.0 = Debug|Any CPU
		{465ED70E-69BF-4BB3-B81C-97239B0C8727}.Ad-Hoc|ARM.ActiveCfg = Debug|Any CPU
		{465ED70E-69BF-4BB3-B81C-97239B0C8727}.Ad-Hoc|ARM.Build.0 = Debug|Any CPU
		{465ED70E-69BF-4BB3-B81C-97239B0C8727}.Ad-Hoc|iPhone.ActiveCfg = Debug|Any CPU
		{465ED70E-69BF-4BB3-B81C-97239B0C8727}.Ad-Hoc|iPhone.Build.0 = Debug|Any CPU
		{465ED70E-69BF-4BB3-B81C-97239B0C8727}.Ad-Hoc|iPhoneSimulator.ActiveCfg = Debug|Any CPU
		{465ED70E-69BF-4BB3-B81C-97239B0C8727}.Ad-Hoc|iPhoneSimulator.Build.0 = Debug|Any CPU
		{465ED70E-69BF-4BB3-B81C-97239B0C8727}.Ad-Hoc|x64.ActiveCfg = Debug|Any CPU
		{465ED70E-69BF-4BB3-B81C-97239B0C8727}.Ad-Hoc|x64.Build.0 = Debug|Any CPU
		{465ED70E-69BF-4BB3-B81C-97239B0C8727}.Ad-Hoc|x86.ActiveCfg = Debug|Any CPU
		{465ED70E-69BF-4BB3-B81C-97239B0C8727}.Ad-Hoc|x86.Build.0 = Debug|Any CPU
		{465ED70E-69BF-4BB3-B81C-97239B0C8727}.AppStore|Any CPU.ActiveCfg = Debug|Any CPU
		{465ED70E-69BF-4BB3-B81C-97239B0C8727}.AppStore|Any CPU.Build.0 = Debug|Any CPU
		{465ED70E-69BF-4BB3-B81C-97239B0C8727}.AppStore|ARM.ActiveCfg = Debug|Any CPU
		{465ED70E-69BF-4BB3-B81C-97239B0C8727}.AppStore|ARM.Build.0 = Debug|Any CPU
		{465ED70E-69BF-4BB3-B81C-97239B0C8727}.AppStore|iPhone.ActiveCfg = Debug|Any CPU
		{465ED70E-69BF-4BB3-B81C-97239B0C8727}.AppStore|iPhone.Build.0 = Debug|Any CPU
		{465ED70E-69BF-4BB3-B81C-97239B0C8727}.AppStore|iPhoneSimulator.ActiveCfg = Debug|Any CPU
		{465ED70E-69BF-4BB3-B81C-97239B0C8727}.AppStore|iPhoneSimulator.Build.0 = Debug|Any CPU
		{465ED70E-69BF-4BB3-B81C-97239B0C8727}.AppStore|x64.ActiveCfg = Debug|Any CPU
		{465ED70E-69BF-4BB3-B81C-97239B0C8727}.AppStore|x64.Build.0 = Debug|Any CPU
		{465ED70E-69BF-4BB3-B81C-97239B0C8727}.AppStore|x86.ActiveCfg = Debug|Any CPU
		{465ED70E-69BF-4BB3-B81C-97239B0C8727}.AppStore|x86.Build.0 = Debug|Any CPU
		{465ED70E-69BF-4BB3-B81C-97239B0C8727}.Debug|Any CPU.ActiveCfg = Debug|Any CPU
		{465ED70E-69BF-4BB3-B81C-97239B0C8727}.Debug|Any CPU.Build.0 = Debug|Any CPU
		{465ED70E-69BF-4BB3-B81C-97239B0C8727}.Debug|ARM.ActiveCfg = Debug|Any CPU
		{465ED70E-69BF-4BB3-B81C-97239B0C8727}.Debug|ARM.Build.0 = Debug|Any CPU
		{465ED70E-69BF-4BB3-B81C-97239B0C8727}.Debug|iPhone.ActiveCfg = Debug|Any CPU
		{465ED70E-69BF-4BB3-B81C-97239B0C8727}.Debug|iPhone.Build.0 = Debug|Any CPU
		{465ED70E-69BF-4BB3-B81C-97239B0C8727}.Debug|iPhoneSimulator.ActiveCfg = Debug|Any CPU
		{465ED70E-69BF-4BB3-B81C-97239B0C8727}.Debug|iPhoneSimulator.Build.0 = Debug|Any CPU
		{465ED70E-69BF-4BB3-B81C-97239B0C8727}.Debug|x64.ActiveCfg = Debug|Any CPU
		{465ED70E-69BF-4BB3-B81C-97239B0C8727}.Debug|x64.Build.0 = Debug|Any CPU
		{465ED70E-69BF-4BB3-B81C-97239B0C8727}.Debug|x86.ActiveCfg = Debug|Any CPU
		{465ED70E-69BF-4BB3-B81C-97239B0C8727}.Debug|x86.Build.0 = Debug|Any CPU
		{465ED70E-69BF-4BB3-B81C-97239B0C8727}.Release|Any CPU.ActiveCfg = Release|Any CPU
		{465ED70E-69BF-4BB3-B81C-97239B0C8727}.Release|Any CPU.Build.0 = Release|Any CPU
		{465ED70E-69BF-4BB3-B81C-97239B0C8727}.Release|ARM.ActiveCfg = Release|Any CPU
		{465ED70E-69BF-4BB3-B81C-97239B0C8727}.Release|ARM.Build.0 = Release|Any CPU
		{465ED70E-69BF-4BB3-B81C-97239B0C8727}.Release|iPhone.ActiveCfg = Release|Any CPU
		{465ED70E-69BF-4BB3-B81C-97239B0C8727}.Release|iPhone.Build.0 = Release|Any CPU
		{465ED70E-69BF-4BB3-B81C-97239B0C8727}.Release|iPhoneSimulator.ActiveCfg = Release|Any CPU
		{465ED70E-69BF-4BB3-B81C-97239B0C8727}.Release|iPhoneSimulator.Build.0 = Release|Any CPU
		{465ED70E-69BF-4BB3-B81C-97239B0C8727}.Release|x64.ActiveCfg = Release|Any CPU
		{465ED70E-69BF-4BB3-B81C-97239B0C8727}.Release|x64.Build.0 = Release|Any CPU
		{465ED70E-69BF-4BB3-B81C-97239B0C8727}.Release|x86.ActiveCfg = Release|Any CPU
		{465ED70E-69BF-4BB3-B81C-97239B0C8727}.Release|x86.Build.0 = Release|Any CPU
		{D151BF4E-BBAD-4970-8427-6717E98FB688}.Ad-Hoc|Any CPU.ActiveCfg = Debug|Any CPU
		{D151BF4E-BBAD-4970-8427-6717E98FB688}.Ad-Hoc|Any CPU.Build.0 = Debug|Any CPU
		{D151BF4E-BBAD-4970-8427-6717E98FB688}.Ad-Hoc|ARM.ActiveCfg = Debug|Any CPU
		{D151BF4E-BBAD-4970-8427-6717E98FB688}.Ad-Hoc|ARM.Build.0 = Debug|Any CPU
		{D151BF4E-BBAD-4970-8427-6717E98FB688}.Ad-Hoc|iPhone.ActiveCfg = Debug|Any CPU
		{D151BF4E-BBAD-4970-8427-6717E98FB688}.Ad-Hoc|iPhone.Build.0 = Debug|Any CPU
		{D151BF4E-BBAD-4970-8427-6717E98FB688}.Ad-Hoc|iPhoneSimulator.ActiveCfg = Debug|Any CPU
		{D151BF4E-BBAD-4970-8427-6717E98FB688}.Ad-Hoc|iPhoneSimulator.Build.0 = Debug|Any CPU
		{D151BF4E-BBAD-4970-8427-6717E98FB688}.Ad-Hoc|x64.ActiveCfg = Debug|Any CPU
		{D151BF4E-BBAD-4970-8427-6717E98FB688}.Ad-Hoc|x64.Build.0 = Debug|Any CPU
		{D151BF4E-BBAD-4970-8427-6717E98FB688}.Ad-Hoc|x86.ActiveCfg = Debug|Any CPU
		{D151BF4E-BBAD-4970-8427-6717E98FB688}.Ad-Hoc|x86.Build.0 = Debug|Any CPU
		{D151BF4E-BBAD-4970-8427-6717E98FB688}.AppStore|Any CPU.ActiveCfg = Debug|Any CPU
		{D151BF4E-BBAD-4970-8427-6717E98FB688}.AppStore|Any CPU.Build.0 = Debug|Any CPU
		{D151BF4E-BBAD-4970-8427-6717E98FB688}.AppStore|ARM.ActiveCfg = Debug|Any CPU
		{D151BF4E-BBAD-4970-8427-6717E98FB688}.AppStore|ARM.Build.0 = Debug|Any CPU
		{D151BF4E-BBAD-4970-8427-6717E98FB688}.AppStore|iPhone.ActiveCfg = Debug|Any CPU
		{D151BF4E-BBAD-4970-8427-6717E98FB688}.AppStore|iPhone.Build.0 = Debug|Any CPU
		{D151BF4E-BBAD-4970-8427-6717E98FB688}.AppStore|iPhoneSimulator.ActiveCfg = Debug|Any CPU
		{D151BF4E-BBAD-4970-8427-6717E98FB688}.AppStore|iPhoneSimulator.Build.0 = Debug|Any CPU
		{D151BF4E-BBAD-4970-8427-6717E98FB688}.AppStore|x64.ActiveCfg = Debug|Any CPU
		{D151BF4E-BBAD-4970-8427-6717E98FB688}.AppStore|x64.Build.0 = Debug|Any CPU
		{D151BF4E-BBAD-4970-8427-6717E98FB688}.AppStore|x86.ActiveCfg = Debug|Any CPU
		{D151BF4E-BBAD-4970-8427-6717E98FB688}.AppStore|x86.Build.0 = Debug|Any CPU
		{D151BF4E-BBAD-4970-8427-6717E98FB688}.Debug|Any CPU.ActiveCfg = Debug|Any CPU
		{D151BF4E-BBAD-4970-8427-6717E98FB688}.Debug|Any CPU.Build.0 = Debug|Any CPU
		{D151BF4E-BBAD-4970-8427-6717E98FB688}.Debug|ARM.ActiveCfg = Debug|Any CPU
		{D151BF4E-BBAD-4970-8427-6717E98FB688}.Debug|ARM.Build.0 = Debug|Any CPU
		{D151BF4E-BBAD-4970-8427-6717E98FB688}.Debug|iPhone.ActiveCfg = Debug|Any CPU
		{D151BF4E-BBAD-4970-8427-6717E98FB688}.Debug|iPhone.Build.0 = Debug|Any CPU
		{D151BF4E-BBAD-4970-8427-6717E98FB688}.Debug|iPhoneSimulator.ActiveCfg = Debug|Any CPU
		{D151BF4E-BBAD-4970-8427-6717E98FB688}.Debug|iPhoneSimulator.Build.0 = Debug|Any CPU
		{D151BF4E-BBAD-4970-8427-6717E98FB688}.Debug|x64.ActiveCfg = Debug|Any CPU
		{D151BF4E-BBAD-4970-8427-6717E98FB688}.Debug|x64.Build.0 = Debug|Any CPU
		{D151BF4E-BBAD-4970-8427-6717E98FB688}.Debug|x86.ActiveCfg = Debug|Any CPU
		{D151BF4E-BBAD-4970-8427-6717E98FB688}.Debug|x86.Build.0 = Debug|Any CPU
		{D151BF4E-BBAD-4970-8427-6717E98FB688}.Release|Any CPU.ActiveCfg = Release|Any CPU
		{D151BF4E-BBAD-4970-8427-6717E98FB688}.Release|Any CPU.Build.0 = Release|Any CPU
		{D151BF4E-BBAD-4970-8427-6717E98FB688}.Release|ARM.ActiveCfg = Release|Any CPU
		{D151BF4E-BBAD-4970-8427-6717E98FB688}.Release|ARM.Build.0 = Release|Any CPU
		{D151BF4E-BBAD-4970-8427-6717E98FB688}.Release|iPhone.ActiveCfg = Release|Any CPU
		{D151BF4E-BBAD-4970-8427-6717E98FB688}.Release|iPhone.Build.0 = Release|Any CPU
		{D151BF4E-BBAD-4970-8427-6717E98FB688}.Release|iPhoneSimulator.ActiveCfg = Release|Any CPU
		{D151BF4E-BBAD-4970-8427-6717E98FB688}.Release|iPhoneSimulator.Build.0 = Release|Any CPU
		{D151BF4E-BBAD-4970-8427-6717E98FB688}.Release|x64.ActiveCfg = Release|Any CPU
		{D151BF4E-BBAD-4970-8427-6717E98FB688}.Release|x64.Build.0 = Release|Any CPU
		{D151BF4E-BBAD-4970-8427-6717E98FB688}.Release|x86.ActiveCfg = Release|Any CPU
		{D151BF4E-BBAD-4970-8427-6717E98FB688}.Release|x86.Build.0 = Release|Any CPU
		{D925DC64-FB8F-4AB8-A4F8-58398C2AFC10}.Ad-Hoc|Any CPU.ActiveCfg = Debug|Any CPU
		{D925DC64-FB8F-4AB8-A4F8-58398C2AFC10}.Ad-Hoc|Any CPU.Build.0 = Debug|Any CPU
		{D925DC64-FB8F-4AB8-A4F8-58398C2AFC10}.Ad-Hoc|ARM.ActiveCfg = Debug|Any CPU
		{D925DC64-FB8F-4AB8-A4F8-58398C2AFC10}.Ad-Hoc|ARM.Build.0 = Debug|Any CPU
		{D925DC64-FB8F-4AB8-A4F8-58398C2AFC10}.Ad-Hoc|iPhone.ActiveCfg = Debug|Any CPU
		{D925DC64-FB8F-4AB8-A4F8-58398C2AFC10}.Ad-Hoc|iPhone.Build.0 = Debug|Any CPU
		{D925DC64-FB8F-4AB8-A4F8-58398C2AFC10}.Ad-Hoc|iPhoneSimulator.ActiveCfg = Debug|Any CPU
		{D925DC64-FB8F-4AB8-A4F8-58398C2AFC10}.Ad-Hoc|iPhoneSimulator.Build.0 = Debug|Any CPU
		{D925DC64-FB8F-4AB8-A4F8-58398C2AFC10}.Ad-Hoc|x64.ActiveCfg = Debug|Any CPU
		{D925DC64-FB8F-4AB8-A4F8-58398C2AFC10}.Ad-Hoc|x64.Build.0 = Debug|Any CPU
		{D925DC64-FB8F-4AB8-A4F8-58398C2AFC10}.Ad-Hoc|x86.ActiveCfg = Debug|Any CPU
		{D925DC64-FB8F-4AB8-A4F8-58398C2AFC10}.Ad-Hoc|x86.Build.0 = Debug|Any CPU
		{D925DC64-FB8F-4AB8-A4F8-58398C2AFC10}.AppStore|Any CPU.ActiveCfg = Debug|Any CPU
		{D925DC64-FB8F-4AB8-A4F8-58398C2AFC10}.AppStore|Any CPU.Build.0 = Debug|Any CPU
		{D925DC64-FB8F-4AB8-A4F8-58398C2AFC10}.AppStore|ARM.ActiveCfg = Debug|Any CPU
		{D925DC64-FB8F-4AB8-A4F8-58398C2AFC10}.AppStore|ARM.Build.0 = Debug|Any CPU
		{D925DC64-FB8F-4AB8-A4F8-58398C2AFC10}.AppStore|iPhone.ActiveCfg = Debug|Any CPU
		{D925DC64-FB8F-4AB8-A4F8-58398C2AFC10}.AppStore|iPhone.Build.0 = Debug|Any CPU
		{D925DC64-FB8F-4AB8-A4F8-58398C2AFC10}.AppStore|iPhoneSimulator.ActiveCfg = Debug|Any CPU
		{D925DC64-FB8F-4AB8-A4F8-58398C2AFC10}.AppStore|iPhoneSimulator.Build.0 = Debug|Any CPU
		{D925DC64-FB8F-4AB8-A4F8-58398C2AFC10}.AppStore|x64.ActiveCfg = Debug|Any CPU
		{D925DC64-FB8F-4AB8-A4F8-58398C2AFC10}.AppStore|x64.Build.0 = Debug|Any CPU
		{D925DC64-FB8F-4AB8-A4F8-58398C2AFC10}.AppStore|x86.ActiveCfg = Debug|Any CPU
		{D925DC64-FB8F-4AB8-A4F8-58398C2AFC10}.AppStore|x86.Build.0 = Debug|Any CPU
		{D925DC64-FB8F-4AB8-A4F8-58398C2AFC10}.Debug|Any CPU.ActiveCfg = Debug|Any CPU
		{D925DC64-FB8F-4AB8-A4F8-58398C2AFC10}.Debug|Any CPU.Build.0 = Debug|Any CPU
		{D925DC64-FB8F-4AB8-A4F8-58398C2AFC10}.Debug|ARM.ActiveCfg = Debug|Any CPU
		{D925DC64-FB8F-4AB8-A4F8-58398C2AFC10}.Debug|ARM.Build.0 = Debug|Any CPU
		{D925DC64-FB8F-4AB8-A4F8-58398C2AFC10}.Debug|iPhone.ActiveCfg = Debug|Any CPU
		{D925DC64-FB8F-4AB8-A4F8-58398C2AFC10}.Debug|iPhone.Build.0 = Debug|Any CPU
		{D925DC64-FB8F-4AB8-A4F8-58398C2AFC10}.Debug|iPhoneSimulator.ActiveCfg = Debug|Any CPU
		{D925DC64-FB8F-4AB8-A4F8-58398C2AFC10}.Debug|iPhoneSimulator.Build.0 = Debug|Any CPU
		{D925DC64-FB8F-4AB8-A4F8-58398C2AFC10}.Debug|x64.ActiveCfg = Debug|Any CPU
		{D925DC64-FB8F-4AB8-A4F8-58398C2AFC10}.Debug|x64.Build.0 = Debug|Any CPU
		{D925DC64-FB8F-4AB8-A4F8-58398C2AFC10}.Debug|x86.ActiveCfg = Debug|Any CPU
		{D925DC64-FB8F-4AB8-A4F8-58398C2AFC10}.Debug|x86.Build.0 = Debug|Any CPU
		{D925DC64-FB8F-4AB8-A4F8-58398C2AFC10}.Release|Any CPU.ActiveCfg = Release|Any CPU
		{D925DC64-FB8F-4AB8-A4F8-58398C2AFC10}.Release|Any CPU.Build.0 = Release|Any CPU
		{D925DC64-FB8F-4AB8-A4F8-58398C2AFC10}.Release|ARM.ActiveCfg = Release|Any CPU
		{D925DC64-FB8F-4AB8-A4F8-58398C2AFC10}.Release|ARM.Build.0 = Release|Any CPU
		{D925DC64-FB8F-4AB8-A4F8-58398C2AFC10}.Release|iPhone.ActiveCfg = Release|Any CPU
		{D925DC64-FB8F-4AB8-A4F8-58398C2AFC10}.Release|iPhone.Build.0 = Release|Any CPU
		{D925DC64-FB8F-4AB8-A4F8-58398C2AFC10}.Release|iPhoneSimulator.ActiveCfg = Release|Any CPU
		{D925DC64-FB8F-4AB8-A4F8-58398C2AFC10}.Release|iPhoneSimulator.Build.0 = Release|Any CPU
		{D925DC64-FB8F-4AB8-A4F8-58398C2AFC10}.Release|x64.ActiveCfg = Release|Any CPU
		{D925DC64-FB8F-4AB8-A4F8-58398C2AFC10}.Release|x64.Build.0 = Release|Any CPU
		{D925DC64-FB8F-4AB8-A4F8-58398C2AFC10}.Release|x86.ActiveCfg = Release|Any CPU
		{D925DC64-FB8F-4AB8-A4F8-58398C2AFC10}.Release|x86.Build.0 = Release|Any CPU
		{4ECC11CE-DB94-4724-9C51-86D4ECE99858}.Ad-Hoc|Any CPU.ActiveCfg = Debug|Any CPU
		{4ECC11CE-DB94-4724-9C51-86D4ECE99858}.Ad-Hoc|Any CPU.Build.0 = Debug|Any CPU
		{4ECC11CE-DB94-4724-9C51-86D4ECE99858}.Ad-Hoc|ARM.ActiveCfg = Debug|Any CPU
		{4ECC11CE-DB94-4724-9C51-86D4ECE99858}.Ad-Hoc|ARM.Build.0 = Debug|Any CPU
		{4ECC11CE-DB94-4724-9C51-86D4ECE99858}.Ad-Hoc|iPhone.ActiveCfg = Debug|Any CPU
		{4ECC11CE-DB94-4724-9C51-86D4ECE99858}.Ad-Hoc|iPhone.Build.0 = Debug|Any CPU
		{4ECC11CE-DB94-4724-9C51-86D4ECE99858}.Ad-Hoc|iPhoneSimulator.ActiveCfg = Debug|Any CPU
		{4ECC11CE-DB94-4724-9C51-86D4ECE99858}.Ad-Hoc|iPhoneSimulator.Build.0 = Debug|Any CPU
		{4ECC11CE-DB94-4724-9C51-86D4ECE99858}.Ad-Hoc|x64.ActiveCfg = Debug|Any CPU
		{4ECC11CE-DB94-4724-9C51-86D4ECE99858}.Ad-Hoc|x64.Build.0 = Debug|Any CPU
		{4ECC11CE-DB94-4724-9C51-86D4ECE99858}.Ad-Hoc|x86.ActiveCfg = Debug|Any CPU
		{4ECC11CE-DB94-4724-9C51-86D4ECE99858}.Ad-Hoc|x86.Build.0 = Debug|Any CPU
		{4ECC11CE-DB94-4724-9C51-86D4ECE99858}.AppStore|Any CPU.ActiveCfg = Debug|Any CPU
		{4ECC11CE-DB94-4724-9C51-86D4ECE99858}.AppStore|Any CPU.Build.0 = Debug|Any CPU
		{4ECC11CE-DB94-4724-9C51-86D4ECE99858}.AppStore|ARM.ActiveCfg = Debug|Any CPU
		{4ECC11CE-DB94-4724-9C51-86D4ECE99858}.AppStore|ARM.Build.0 = Debug|Any CPU
		{4ECC11CE-DB94-4724-9C51-86D4ECE99858}.AppStore|iPhone.ActiveCfg = Debug|Any CPU
		{4ECC11CE-DB94-4724-9C51-86D4ECE99858}.AppStore|iPhone.Build.0 = Debug|Any CPU
		{4ECC11CE-DB94-4724-9C51-86D4ECE99858}.AppStore|iPhoneSimulator.ActiveCfg = Debug|Any CPU
		{4ECC11CE-DB94-4724-9C51-86D4ECE99858}.AppStore|iPhoneSimulator.Build.0 = Debug|Any CPU
		{4ECC11CE-DB94-4724-9C51-86D4ECE99858}.AppStore|x64.ActiveCfg = Debug|Any CPU
		{4ECC11CE-DB94-4724-9C51-86D4ECE99858}.AppStore|x64.Build.0 = Debug|Any CPU
		{4ECC11CE-DB94-4724-9C51-86D4ECE99858}.AppStore|x86.ActiveCfg = Debug|Any CPU
		{4ECC11CE-DB94-4724-9C51-86D4ECE99858}.AppStore|x86.Build.0 = Debug|Any CPU
		{4ECC11CE-DB94-4724-9C51-86D4ECE99858}.Debug|Any CPU.ActiveCfg = Debug|Any CPU
		{4ECC11CE-DB94-4724-9C51-86D4ECE99858}.Debug|Any CPU.Build.0 = Debug|Any CPU
		{4ECC11CE-DB94-4724-9C51-86D4ECE99858}.Debug|ARM.ActiveCfg = Debug|Any CPU
		{4ECC11CE-DB94-4724-9C51-86D4ECE99858}.Debug|ARM.Build.0 = Debug|Any CPU
		{4ECC11CE-DB94-4724-9C51-86D4ECE99858}.Debug|iPhone.ActiveCfg = Debug|Any CPU
		{4ECC11CE-DB94-4724-9C51-86D4ECE99858}.Debug|iPhone.Build.0 = Debug|Any CPU
		{4ECC11CE-DB94-4724-9C51-86D4ECE99858}.Debug|iPhoneSimulator.ActiveCfg = Debug|Any CPU
		{4ECC11CE-DB94-4724-9C51-86D4ECE99858}.Debug|iPhoneSimulator.Build.0 = Debug|Any CPU
		{4ECC11CE-DB94-4724-9C51-86D4ECE99858}.Debug|x64.ActiveCfg = Debug|Any CPU
		{4ECC11CE-DB94-4724-9C51-86D4ECE99858}.Debug|x64.Build.0 = Debug|Any CPU
		{4ECC11CE-DB94-4724-9C51-86D4ECE99858}.Debug|x86.ActiveCfg = Debug|Any CPU
		{4ECC11CE-DB94-4724-9C51-86D4ECE99858}.Debug|x86.Build.0 = Debug|Any CPU
		{4ECC11CE-DB94-4724-9C51-86D4ECE99858}.Release|Any CPU.ActiveCfg = Release|Any CPU
		{4ECC11CE-DB94-4724-9C51-86D4ECE99858}.Release|Any CPU.Build.0 = Release|Any CPU
		{4ECC11CE-DB94-4724-9C51-86D4ECE99858}.Release|ARM.ActiveCfg = Release|Any CPU
		{4ECC11CE-DB94-4724-9C51-86D4ECE99858}.Release|ARM.Build.0 = Release|Any CPU
		{4ECC11CE-DB94-4724-9C51-86D4ECE99858}.Release|iPhone.ActiveCfg = Release|Any CPU
		{4ECC11CE-DB94-4724-9C51-86D4ECE99858}.Release|iPhone.Build.0 = Release|Any CPU
		{4ECC11CE-DB94-4724-9C51-86D4ECE99858}.Release|iPhoneSimulator.ActiveCfg = Release|Any CPU
		{4ECC11CE-DB94-4724-9C51-86D4ECE99858}.Release|iPhoneSimulator.Build.0 = Release|Any CPU
		{4ECC11CE-DB94-4724-9C51-86D4ECE99858}.Release|x64.ActiveCfg = Release|Any CPU
		{4ECC11CE-DB94-4724-9C51-86D4ECE99858}.Release|x64.Build.0 = Release|Any CPU
		{4ECC11CE-DB94-4724-9C51-86D4ECE99858}.Release|x86.ActiveCfg = Release|Any CPU
		{4ECC11CE-DB94-4724-9C51-86D4ECE99858}.Release|x86.Build.0 = Release|Any CPU
		{7B1E8E63-0979-4FBA-AC29-90D2EB2E2279}.Ad-Hoc|Any CPU.ActiveCfg = Debug|Any CPU
		{7B1E8E63-0979-4FBA-AC29-90D2EB2E2279}.Ad-Hoc|Any CPU.Build.0 = Debug|Any CPU
		{7B1E8E63-0979-4FBA-AC29-90D2EB2E2279}.Ad-Hoc|ARM.ActiveCfg = Debug|Any CPU
		{7B1E8E63-0979-4FBA-AC29-90D2EB2E2279}.Ad-Hoc|ARM.Build.0 = Debug|Any CPU
		{7B1E8E63-0979-4FBA-AC29-90D2EB2E2279}.Ad-Hoc|iPhone.ActiveCfg = Debug|Any CPU
		{7B1E8E63-0979-4FBA-AC29-90D2EB2E2279}.Ad-Hoc|iPhone.Build.0 = Debug|Any CPU
		{7B1E8E63-0979-4FBA-AC29-90D2EB2E2279}.Ad-Hoc|iPhoneSimulator.ActiveCfg = Debug|Any CPU
		{7B1E8E63-0979-4FBA-AC29-90D2EB2E2279}.Ad-Hoc|iPhoneSimulator.Build.0 = Debug|Any CPU
		{7B1E8E63-0979-4FBA-AC29-90D2EB2E2279}.Ad-Hoc|x64.ActiveCfg = Debug|Any CPU
		{7B1E8E63-0979-4FBA-AC29-90D2EB2E2279}.Ad-Hoc|x64.Build.0 = Debug|Any CPU
		{7B1E8E63-0979-4FBA-AC29-90D2EB2E2279}.Ad-Hoc|x86.ActiveCfg = Debug|Any CPU
		{7B1E8E63-0979-4FBA-AC29-90D2EB2E2279}.Ad-Hoc|x86.Build.0 = Debug|Any CPU
		{7B1E8E63-0979-4FBA-AC29-90D2EB2E2279}.AppStore|Any CPU.ActiveCfg = Debug|Any CPU
		{7B1E8E63-0979-4FBA-AC29-90D2EB2E2279}.AppStore|Any CPU.Build.0 = Debug|Any CPU
		{7B1E8E63-0979-4FBA-AC29-90D2EB2E2279}.AppStore|ARM.ActiveCfg = Debug|Any CPU
		{7B1E8E63-0979-4FBA-AC29-90D2EB2E2279}.AppStore|ARM.Build.0 = Debug|Any CPU
		{7B1E8E63-0979-4FBA-AC29-90D2EB2E2279}.AppStore|iPhone.ActiveCfg = Debug|Any CPU
		{7B1E8E63-0979-4FBA-AC29-90D2EB2E2279}.AppStore|iPhone.Build.0 = Debug|Any CPU
		{7B1E8E63-0979-4FBA-AC29-90D2EB2E2279}.AppStore|iPhoneSimulator.ActiveCfg = Debug|Any CPU
		{7B1E8E63-0979-4FBA-AC29-90D2EB2E2279}.AppStore|iPhoneSimulator.Build.0 = Debug|Any CPU
		{7B1E8E63-0979-4FBA-AC29-90D2EB2E2279}.AppStore|x64.ActiveCfg = Debug|Any CPU
		{7B1E8E63-0979-4FBA-AC29-90D2EB2E2279}.AppStore|x64.Build.0 = Debug|Any CPU
		{7B1E8E63-0979-4FBA-AC29-90D2EB2E2279}.AppStore|x86.ActiveCfg = Debug|Any CPU
		{7B1E8E63-0979-4FBA-AC29-90D2EB2E2279}.AppStore|x86.Build.0 = Debug|Any CPU
		{7B1E8E63-0979-4FBA-AC29-90D2EB2E2279}.Debug|Any CPU.ActiveCfg = Debug|Any CPU
		{7B1E8E63-0979-4FBA-AC29-90D2EB2E2279}.Debug|Any CPU.Build.0 = Debug|Any CPU
		{7B1E8E63-0979-4FBA-AC29-90D2EB2E2279}.Debug|ARM.ActiveCfg = Debug|Any CPU
		{7B1E8E63-0979-4FBA-AC29-90D2EB2E2279}.Debug|ARM.Build.0 = Debug|Any CPU
		{7B1E8E63-0979-4FBA-AC29-90D2EB2E2279}.Debug|iPhone.ActiveCfg = Debug|Any CPU
		{7B1E8E63-0979-4FBA-AC29-90D2EB2E2279}.Debug|iPhone.Build.0 = Debug|Any CPU
		{7B1E8E63-0979-4FBA-AC29-90D2EB2E2279}.Debug|iPhoneSimulator.ActiveCfg = Debug|Any CPU
		{7B1E8E63-0979-4FBA-AC29-90D2EB2E2279}.Debug|iPhoneSimulator.Build.0 = Debug|Any CPU
		{7B1E8E63-0979-4FBA-AC29-90D2EB2E2279}.Debug|x64.ActiveCfg = Debug|Any CPU
		{7B1E8E63-0979-4FBA-AC29-90D2EB2E2279}.Debug|x64.Build.0 = Debug|Any CPU
		{7B1E8E63-0979-4FBA-AC29-90D2EB2E2279}.Debug|x86.ActiveCfg = Debug|Any CPU
		{7B1E8E63-0979-4FBA-AC29-90D2EB2E2279}.Debug|x86.Build.0 = Debug|Any CPU
		{7B1E8E63-0979-4FBA-AC29-90D2EB2E2279}.Release|Any CPU.ActiveCfg = Release|Any CPU
		{7B1E8E63-0979-4FBA-AC29-90D2EB2E2279}.Release|Any CPU.Build.0 = Release|Any CPU
		{7B1E8E63-0979-4FBA-AC29-90D2EB2E2279}.Release|ARM.ActiveCfg = Release|Any CPU
		{7B1E8E63-0979-4FBA-AC29-90D2EB2E2279}.Release|ARM.Build.0 = Release|Any CPU
		{7B1E8E63-0979-4FBA-AC29-90D2EB2E2279}.Release|iPhone.ActiveCfg = Release|Any CPU
		{7B1E8E63-0979-4FBA-AC29-90D2EB2E2279}.Release|iPhone.Build.0 = Release|Any CPU
		{7B1E8E63-0979-4FBA-AC29-90D2EB2E2279}.Release|iPhoneSimulator.ActiveCfg = Release|Any CPU
		{7B1E8E63-0979-4FBA-AC29-90D2EB2E2279}.Release|iPhoneSimulator.Build.0 = Release|Any CPU
		{7B1E8E63-0979-4FBA-AC29-90D2EB2E2279}.Release|x64.ActiveCfg = Release|Any CPU
		{7B1E8E63-0979-4FBA-AC29-90D2EB2E2279}.Release|x64.Build.0 = Release|Any CPU
		{7B1E8E63-0979-4FBA-AC29-90D2EB2E2279}.Release|x86.ActiveCfg = Release|Any CPU
		{7B1E8E63-0979-4FBA-AC29-90D2EB2E2279}.Release|x86.Build.0 = Release|Any CPU
		{D48EF432-3258-4F6D-AF7A-247D0F7568C9}.Ad-Hoc|Any CPU.ActiveCfg = Debug|Any CPU
		{D48EF432-3258-4F6D-AF7A-247D0F7568C9}.Ad-Hoc|Any CPU.Build.0 = Debug|Any CPU
		{D48EF432-3258-4F6D-AF7A-247D0F7568C9}.Ad-Hoc|ARM.ActiveCfg = Debug|Any CPU
		{D48EF432-3258-4F6D-AF7A-247D0F7568C9}.Ad-Hoc|ARM.Build.0 = Debug|Any CPU
		{D48EF432-3258-4F6D-AF7A-247D0F7568C9}.Ad-Hoc|iPhone.ActiveCfg = Debug|Any CPU
		{D48EF432-3258-4F6D-AF7A-247D0F7568C9}.Ad-Hoc|iPhone.Build.0 = Debug|Any CPU
		{D48EF432-3258-4F6D-AF7A-247D0F7568C9}.Ad-Hoc|iPhoneSimulator.ActiveCfg = Debug|Any CPU
		{D48EF432-3258-4F6D-AF7A-247D0F7568C9}.Ad-Hoc|iPhoneSimulator.Build.0 = Debug|Any CPU
		{D48EF432-3258-4F6D-AF7A-247D0F7568C9}.Ad-Hoc|x64.ActiveCfg = Debug|Any CPU
		{D48EF432-3258-4F6D-AF7A-247D0F7568C9}.Ad-Hoc|x64.Build.0 = Debug|Any CPU
		{D48EF432-3258-4F6D-AF7A-247D0F7568C9}.Ad-Hoc|x86.ActiveCfg = Debug|Any CPU
		{D48EF432-3258-4F6D-AF7A-247D0F7568C9}.Ad-Hoc|x86.Build.0 = Debug|Any CPU
		{D48EF432-3258-4F6D-AF7A-247D0F7568C9}.AppStore|Any CPU.ActiveCfg = Debug|Any CPU
		{D48EF432-3258-4F6D-AF7A-247D0F7568C9}.AppStore|Any CPU.Build.0 = Debug|Any CPU
		{D48EF432-3258-4F6D-AF7A-247D0F7568C9}.AppStore|ARM.ActiveCfg = Debug|Any CPU
		{D48EF432-3258-4F6D-AF7A-247D0F7568C9}.AppStore|ARM.Build.0 = Debug|Any CPU
		{D48EF432-3258-4F6D-AF7A-247D0F7568C9}.AppStore|iPhone.ActiveCfg = Debug|Any CPU
		{D48EF432-3258-4F6D-AF7A-247D0F7568C9}.AppStore|iPhone.Build.0 = Debug|Any CPU
		{D48EF432-3258-4F6D-AF7A-247D0F7568C9}.AppStore|iPhoneSimulator.ActiveCfg = Debug|Any CPU
		{D48EF432-3258-4F6D-AF7A-247D0F7568C9}.AppStore|iPhoneSimulator.Build.0 = Debug|Any CPU
		{D48EF432-3258-4F6D-AF7A-247D0F7568C9}.AppStore|x64.ActiveCfg = Debug|Any CPU
		{D48EF432-3258-4F6D-AF7A-247D0F7568C9}.AppStore|x64.Build.0 = Debug|Any CPU
		{D48EF432-3258-4F6D-AF7A-247D0F7568C9}.AppStore|x86.ActiveCfg = Debug|Any CPU
		{D48EF432-3258-4F6D-AF7A-247D0F7568C9}.AppStore|x86.Build.0 = Debug|Any CPU
		{D48EF432-3258-4F6D-AF7A-247D0F7568C9}.Debug|Any CPU.ActiveCfg = Debug|Any CPU
		{D48EF432-3258-4F6D-AF7A-247D0F7568C9}.Debug|Any CPU.Build.0 = Debug|Any CPU
		{D48EF432-3258-4F6D-AF7A-247D0F7568C9}.Debug|ARM.ActiveCfg = Debug|Any CPU
		{D48EF432-3258-4F6D-AF7A-247D0F7568C9}.Debug|ARM.Build.0 = Debug|Any CPU
		{D48EF432-3258-4F6D-AF7A-247D0F7568C9}.Debug|iPhone.ActiveCfg = Debug|Any CPU
		{D48EF432-3258-4F6D-AF7A-247D0F7568C9}.Debug|iPhone.Build.0 = Debug|Any CPU
		{D48EF432-3258-4F6D-AF7A-247D0F7568C9}.Debug|iPhoneSimulator.ActiveCfg = Debug|Any CPU
		{D48EF432-3258-4F6D-AF7A-247D0F7568C9}.Debug|iPhoneSimulator.Build.0 = Debug|Any CPU
		{D48EF432-3258-4F6D-AF7A-247D0F7568C9}.Debug|x64.ActiveCfg = Debug|Any CPU
		{D48EF432-3258-4F6D-AF7A-247D0F7568C9}.Debug|x64.Build.0 = Debug|Any CPU
		{D48EF432-3258-4F6D-AF7A-247D0F7568C9}.Debug|x86.ActiveCfg = Debug|Any CPU
		{D48EF432-3258-4F6D-AF7A-247D0F7568C9}.Debug|x86.Build.0 = Debug|Any CPU
		{D48EF432-3258-4F6D-AF7A-247D0F7568C9}.Release|Any CPU.ActiveCfg = Release|Any CPU
		{D48EF432-3258-4F6D-AF7A-247D0F7568C9}.Release|Any CPU.Build.0 = Release|Any CPU
		{D48EF432-3258-4F6D-AF7A-247D0F7568C9}.Release|ARM.ActiveCfg = Release|Any CPU
		{D48EF432-3258-4F6D-AF7A-247D0F7568C9}.Release|ARM.Build.0 = Release|Any CPU
		{D48EF432-3258-4F6D-AF7A-247D0F7568C9}.Release|iPhone.ActiveCfg = Release|Any CPU
		{D48EF432-3258-4F6D-AF7A-247D0F7568C9}.Release|iPhone.Build.0 = Release|Any CPU
		{D48EF432-3258-4F6D-AF7A-247D0F7568C9}.Release|iPhoneSimulator.ActiveCfg = Release|Any CPU
		{D48EF432-3258-4F6D-AF7A-247D0F7568C9}.Release|iPhoneSimulator.Build.0 = Release|Any CPU
		{D48EF432-3258-4F6D-AF7A-247D0F7568C9}.Release|x64.ActiveCfg = Release|Any CPU
		{D48EF432-3258-4F6D-AF7A-247D0F7568C9}.Release|x64.Build.0 = Release|Any CPU
		{D48EF432-3258-4F6D-AF7A-247D0F7568C9}.Release|x86.ActiveCfg = Release|Any CPU
		{D48EF432-3258-4F6D-AF7A-247D0F7568C9}.Release|x86.Build.0 = Release|Any CPU
	EndGlobalSection
	GlobalSection(SolutionProperties) = preSolution
		HideSolutionNode = FALSE
	EndGlobalSection
	GlobalSection(NestedProjects) = preSolution
		{8B6E097C-40D9-4BDC-B40B-9822490E5188} = {CB47BA35-93A4-4D85-B733-F848D64445D5}
		{4D1A1D45-1DC5-4A80-B4FF-B5DDD2F975F5} = {CB47BA35-93A4-4D85-B733-F848D64445D5}
		{FCCA2BDC-E2FD-414B-9F6A-F378F40D52F3} = {CB47BA35-93A4-4D85-B733-F848D64445D5}
		{D7B618E8-6923-4D3E-AE6B-ADBC25580A1F} = {CB47BA35-93A4-4D85-B733-F848D64445D5}
		{CE136556-8598-4BD5-857E-7F085BC5BEBE} = {CB47BA35-93A4-4D85-B733-F848D64445D5}
		{3E249245-09B8-44CC-91D4-CDF69A32C577} = {CB47BA35-93A4-4D85-B733-F848D64445D5}
		{47AA669C-619F-4CBA-A875-4172C6A91072} = {CB47BA35-93A4-4D85-B733-F848D64445D5}
		{21B59EDF-B01F-4654-9584-B5A411808EA8} = {CB47BA35-93A4-4D85-B733-F848D64445D5}
		{69153F74-7EF0-4226-A9C1-2250B3BFBAA4} = {CB47BA35-93A4-4D85-B733-F848D64445D5}
		{465ED70E-69BF-4BB3-B81C-97239B0C8727} = {8E92B0C8-2A35-426E-8A79-A09BBE95418E}
		{8E92B0C8-2A35-426E-8A79-A09BBE95418E} = {93505DD5-95F9-44D3-B001-FAB9836FA3B6}
		{D151BF4E-BBAD-4970-8427-6717E98FB688} = {8E92B0C8-2A35-426E-8A79-A09BBE95418E}
		{D925DC64-FB8F-4AB8-A4F8-58398C2AFC10} = {8E92B0C8-2A35-426E-8A79-A09BBE95418E}
		{7DB65F61-5EB4-464D-BDFD-8B5CC4AC2B08} = {93505DD5-95F9-44D3-B001-FAB9836FA3B6}
		{4ECC11CE-DB94-4724-9C51-86D4ECE99858} = {7DB65F61-5EB4-464D-BDFD-8B5CC4AC2B08}
		{7B1E8E63-0979-4FBA-AC29-90D2EB2E2279} = {93505DD5-95F9-44D3-B001-FAB9836FA3B6}
		{D48EF432-3258-4F6D-AF7A-247D0F7568C9} = {7DB65F61-5EB4-464D-BDFD-8B5CC4AC2B08}
	EndGlobalSection
	GlobalSection(ExtensibilityGlobals) = postSolution
		SolutionGuid = {F8BF3ED7-C33E-4BFB-A247-7EB53F0CCED6}
	EndGlobalSection
EndGlobal
